{
  "version": 4,
  "terraform_version": "1.9.8",
  "serial": 603,
  "lineage": "b7309002-b095-75c2-78c9-1f6a9ced7b10",
  "outputs": {
    "dns_validation_fqdns": {
      "value": [
        "_cf03de103306903fd98d2c9e9c39f059.dev.pelucornio.link"
      ],
      "type": [
        "tuple",
        [
          "string"
        ]
      ]
    },
    "lb_dns_name": {
      "value": "web-external-load-balancer-1005518081.us-east-1.elb.amazonaws.com",
      "type": "string"
    }
  },
  "resources": [
    {
      "mode": "data",
      "type": "aws_ami",
      "name": "amazon_linux_2",
      "provider": "provider[\"registry.terraform.io/hashicorp/aws\"]",
      "instances": [
        {
          "schema_version": 0,
          "attributes": {
            "architecture": "x86_64",
            "arn": "arn:aws:ec2:us-east-1::image/ami-09e4ba81d75ebeb6a",
            "block_device_mappings": [
              {
                "device_name": "/dev/xvda",
                "ebs": {
                  "delete_on_termination": "true",
                  "encrypted": "false",
                  "iops": "0",
                  "snapshot_id": "snap-06d0cd67bc180ad50",
                  "throughput": "0",
                  "volume_size": "8",
                  "volume_type": "gp2"
                },
                "no_device": "",
                "virtual_name": ""
              }
            ],
            "boot_mode": "",
            "creation_date": "2024-11-13T23:35:13.000Z",
            "deprecation_time": "2025-07-01T00:00:00.000Z",
            "description": "Amazon Linux 2 AMI 2.0.20241113.1 x86_64 HVM gp2",
            "ena_support": true,
            "executable_users": null,
            "filter": [
              {
                "name": "name",
                "values": [
                  "amzn2-ami-hvm-*"
                ]
              },
              {
                "name": "owner-alias",
                "values": [
                  "amazon"
                ]
              },
              {
                "name": "virtualization-type",
                "values": [
                  "hvm"
                ]
              }
            ],
            "hypervisor": "xen",
            "id": "ami-09e4ba81d75ebeb6a",
            "image_id": "ami-09e4ba81d75ebeb6a",
            "image_location": "amazon/amzn2-ami-hvm-2.0.20241113.1-x86_64-gp2",
            "image_owner_alias": "amazon",
            "image_type": "machine",
            "imds_support": "",
            "include_deprecated": false,
            "kernel_id": "",
            "most_recent": true,
            "name": "amzn2-ami-hvm-2.0.20241113.1-x86_64-gp2",
            "name_regex": null,
            "owner_id": "137112412989",
            "owners": [
              "amazon"
            ],
            "platform": "",
            "platform_details": "Linux/UNIX",
            "product_codes": [],
            "public": true,
            "ramdisk_id": "",
            "root_device_name": "/dev/xvda",
            "root_device_type": "ebs",
            "root_snapshot_id": "snap-06d0cd67bc180ad50",
            "sriov_net_support": "simple",
            "state": "available",
            "state_reason": {
              "code": "UNSET",
              "message": "UNSET"
            },
            "tags": {},
            "timeouts": null,
            "tpm_support": "",
            "usage_operation": "RunInstances",
            "virtualization_type": "hvm"
          },
          "sensitive_attributes": []
        }
      ]
    },
    {
      "mode": "managed",
      "type": "aws_acm_certificate",
      "name": "primary_hosted_zone",
      "provider": "provider[\"registry.terraform.io/hashicorp/aws\"]",
      "instances": [
        {
          "schema_version": 0,
          "attributes": {
            "arn": "arn:aws:acm:us-east-1:340341089363:certificate/e8ae4522-be9d-4809-b75e-c8c879977ab3",
            "certificate_authority_arn": "",
            "certificate_body": null,
            "certificate_chain": null,
            "domain_name": "pelucornio.link",
            "domain_validation_options": [
              {
                "domain_name": "pelucornio.link",
                "resource_record_name": "_deae7a2811451fd26a1b1d388139ce56.pelucornio.link.",
                "resource_record_type": "CNAME",
                "resource_record_value": "_2af0797b8f36111fe196c3cf6ec4c0b0.zfyfvmchrl.acm-validations.aws."
              }
            ],
            "early_renewal_duration": "",
            "id": "arn:aws:acm:us-east-1:340341089363:certificate/e8ae4522-be9d-4809-b75e-c8c879977ab3",
            "key_algorithm": "RSA_2048",
            "not_after": "",
            "not_before": "",
            "options": [
              {
                "certificate_transparency_logging_preference": "ENABLED"
              }
            ],
            "pending_renewal": false,
            "private_key": null,
            "renewal_eligibility": "INELIGIBLE",
            "renewal_summary": [],
            "status": "PENDING_VALIDATION",
            "subject_alternative_names": [
              "pelucornio.link"
            ],
            "tags": {
              "Environment": "dev",
              "Name": "certificateForDevelopmentPrimary",
              "Scope": "vpn_server"
            },
            "tags_all": {
              "Environment": "dev",
              "Name": "certificateForDevelopmentPrimary",
              "Scope": "vpn_server"
            },
            "type": "AMAZON_ISSUED",
            "validation_emails": [],
            "validation_method": "DNS",
            "validation_option": []
          },
          "sensitive_attributes": [
            [
              {
                "type": "get_attr",
                "value": "private_key"
              }
            ]
          ],
          "private": "bnVsbA=="
        }
      ]
    },
    {
      "mode": "managed",
      "type": "aws_acm_certificate",
      "name": "vpn_server",
      "provider": "provider[\"registry.terraform.io/hashicorp/aws\"]",
      "instances": [
        {
          "schema_version": 0,
          "attributes": {
            "arn": "arn:aws:acm:us-east-1:340341089363:certificate/ed22702d-0126-4f0a-b830-3afd9c7a0044",
            "certificate_authority_arn": "",
            "certificate_body": null,
            "certificate_chain": null,
            "domain_name": "dev.pelucornio.link",
            "domain_validation_options": [
              {
                "domain_name": "dev.pelucornio.link",
                "resource_record_name": "_cf03de103306903fd98d2c9e9c39f059.dev.pelucornio.link.",
                "resource_record_type": "CNAME",
                "resource_record_value": "_f8952ffbc18d4c28c465186c8e9a8a9b.zfyfvmchrl.acm-validations.aws."
              }
            ],
            "early_renewal_duration": "",
            "id": "arn:aws:acm:us-east-1:340341089363:certificate/ed22702d-0126-4f0a-b830-3afd9c7a0044",
            "key_algorithm": "RSA_2048",
            "not_after": "",
            "not_before": "",
            "options": [
              {
                "certificate_transparency_logging_preference": "ENABLED"
              }
            ],
            "pending_renewal": false,
            "private_key": null,
            "renewal_eligibility": "INELIGIBLE",
            "renewal_summary": [],
            "status": "PENDING_VALIDATION",
            "subject_alternative_names": [
              "dev.pelucornio.link"
            ],
            "tags": {
              "Environment": "dev",
              "Name": "certificateForDevelopmentSecondary",
              "Scope": "vpn_server"
            },
            "tags_all": {
              "Environment": "dev",
              "Name": "certificateForDevelopmentSecondary",
              "Scope": "vpn_server"
            },
            "type": "AMAZON_ISSUED",
            "validation_emails": [],
            "validation_method": "DNS",
            "validation_option": []
          },
          "sensitive_attributes": [
            [
              {
                "type": "get_attr",
                "value": "private_key"
              }
            ]
          ],
          "private": "bnVsbA=="
        }
      ]
    },
    {
      "mode": "managed",
      "type": "aws_acm_certificate_validation",
      "name": "vpn_server",
      "provider": "provider[\"registry.terraform.io/hashicorp/aws\"]",
      "instances": [
        {
          "schema_version": 0,
          "attributes": {
            "certificate_arn": "arn:aws:acm:us-east-1:340341089363:certificate/ed22702d-0126-4f0a-b830-3afd9c7a0044",
            "id": "2024-11-29 16:04:59.155 +0000 UTC",
            "timeouts": {
              "create": "60m"
            },
            "validation_record_fqdns": [
              "_cf03de103306903fd98d2c9e9c39f059.dev.pelucornio.link"
            ]
          },
          "sensitive_attributes": [],
          "private": "eyJlMmJmYjczMC1lY2FhLTExZTYtOGY4OC0zNDM2M2JjN2M0YzAiOnsiY3JlYXRlIjozNjAwMDAwMDAwMDAwfX0=",
          "dependencies": [
            "aws_acm_certificate.vpn_server",
            "aws_route53_record.my_dns_record_vpn_server",
            "aws_route53_zone.dev"
          ]
        }
      ]
    },
    {
      "mode": "managed",
      "type": "aws_autoscaling_group",
      "name": "asg-1",
      "provider": "provider[\"registry.terraform.io/hashicorp/aws\"]",
      "instances": [
        {
          "schema_version": 1,
          "attributes": {
            "arn": "arn:aws:autoscaling:us-east-1:340341089363:autoScalingGroup:a54e047c-9fdc-43f9-a0c4-0605080ec12d:autoScalingGroupName/terraform-2024112900454425760000000e",
            "availability_zones": [
              "us-east-1a"
            ],
            "capacity_rebalance": false,
            "context": "",
            "default_cooldown": 300,
            "default_instance_warmup": 0,
            "desired_capacity": 1,
            "desired_capacity_type": "",
            "enabled_metrics": [],
            "force_delete": false,
            "force_delete_warm_pool": false,
            "health_check_grace_period": 300,
            "health_check_type": "EC2",
            "id": "terraform-2024112900454425760000000e",
            "ignore_failed_scaling_activities": false,
            "initial_lifecycle_hook": [],
            "instance_maintenance_policy": [],
            "instance_refresh": [],
            "launch_configuration": "",
            "launch_template": [
              {
                "id": "lt-0f317f71b01c5c046",
                "name": "auto-scaling-group2024112900453811400000000b",
                "version": "$Latest"
              }
            ],
            "load_balancers": [],
            "max_instance_lifetime": 0,
            "max_size": 2,
            "metrics_granularity": "1Minute",
            "min_elb_capacity": null,
            "min_size": 1,
            "mixed_instances_policy": [],
            "name": "terraform-2024112900454425760000000e",
            "name_prefix": "terraform-",
            "placement_group": "",
            "predicted_capacity": 0,
            "protect_from_scale_in": false,
            "service_linked_role_arn": "arn:aws:iam::340341089363:role/aws-service-role/autoscaling.amazonaws.com/AWSServiceRoleForAutoScaling",
            "suspended_processes": [],
            "tag": [],
            "target_group_arns": [],
            "termination_policies": [],
            "timeouts": null,
            "traffic_source": [],
            "vpc_zone_identifier": [
              "subnet-044a13a9b9a0b76b5"
            ],
            "wait_for_capacity_timeout": "10m",
            "wait_for_elb_capacity": null,
            "warm_pool": [],
            "warm_pool_size": 0
          },
          "sensitive_attributes": [],
          "private": "eyJlMmJmYjczMC1lY2FhLTExZTYtOGY4OC0zNDM2M2JjN2M0YzAiOnsiZGVsZXRlIjo2MDAwMDAwMDAwMDAsInVwZGF0ZSI6NjAwMDAwMDAwMDAwfSwic2NoZW1hX3ZlcnNpb24iOiIxIn0=",
          "dependencies": [
            "aws_launch_template.auto-scaling-group",
            "aws_security_group.alb-security-group",
            "aws_security_group.webserver-security-group",
            "aws_subnet.public-web-subnet-1",
            "aws_vpc.vpc_alumno04",
            "data.aws_ami.amazon_linux_2"
          ]
        }
      ]
    },
    {
      "mode": "managed",
      "type": "aws_autoscaling_group",
      "name": "asg-2",
      "provider": "provider[\"registry.terraform.io/hashicorp/aws\"]",
      "instances": [
        {
          "schema_version": 1,
          "attributes": {
            "arn": "arn:aws:autoscaling:us-east-1:340341089363:autoScalingGroup:916d9e3f-0e48-47c8-badd-b28fbbd21f50:autoScalingGroupName/terraform-20241129004535680100000009",
            "availability_zones": [
              "us-east-1a"
            ],
            "capacity_rebalance": false,
            "context": "",
            "default_cooldown": 300,
            "default_instance_warmup": 0,
            "desired_capacity": 1,
            "desired_capacity_type": "",
            "enabled_metrics": [],
            "force_delete": false,
            "force_delete_warm_pool": false,
            "health_check_grace_period": 300,
            "health_check_type": "EC2",
            "id": "terraform-20241129004535680100000009",
            "ignore_failed_scaling_activities": false,
            "initial_lifecycle_hook": [],
            "instance_maintenance_policy": [],
            "instance_refresh": [],
            "launch_configuration": "",
            "launch_template": [
              {
                "id": "lt-0a45ca49656f58319",
                "name": "auto-scaling-group-private20241129004529649300000006",
                "version": "$Latest"
              }
            ],
            "load_balancers": [],
            "max_instance_lifetime": 0,
            "max_size": 2,
            "metrics_granularity": "1Minute",
            "min_elb_capacity": null,
            "min_size": 1,
            "mixed_instances_policy": [],
            "name": "terraform-20241129004535680100000009",
            "name_prefix": "terraform-",
            "placement_group": "",
            "predicted_capacity": 0,
            "protect_from_scale_in": false,
            "service_linked_role_arn": "arn:aws:iam::340341089363:role/aws-service-role/autoscaling.amazonaws.com/AWSServiceRoleForAutoScaling",
            "suspended_processes": [],
            "tag": [],
            "target_group_arns": [],
            "termination_policies": [],
            "timeouts": null,
            "traffic_source": [],
            "vpc_zone_identifier": [
              "subnet-02a41140083d66430"
            ],
            "wait_for_capacity_timeout": "10m",
            "wait_for_elb_capacity": null,
            "warm_pool": [],
            "warm_pool_size": 0
          },
          "sensitive_attributes": [],
          "private": "eyJlMmJmYjczMC1lY2FhLTExZTYtOGY4OC0zNDM2M2JjN2M0YzAiOnsiZGVsZXRlIjo2MDAwMDAwMDAwMDAsInVwZGF0ZSI6NjAwMDAwMDAwMDAwfSwic2NoZW1hX3ZlcnNpb24iOiIxIn0=",
          "dependencies": [
            "aws_launch_template.auto-scaling-group-private",
            "aws_security_group.ssh-aws-security-group",
            "aws_subnet.private-app-subnet-1",
            "aws_vpc.vpc_alumno04",
            "data.aws_ami.amazon_linux_2"
          ]
        }
      ]
    },
    {
      "mode": "managed",
      "type": "aws_db_instance",
      "name": "database-instance",
      "provider": "provider[\"registry.terraform.io/hashicorp/aws\"]",
      "instances": [
        {
          "schema_version": 2,
          "attributes": {
            "address": "terraform-20241129004535075500000008.c56wkigeqtpa.us-east-1.rds.amazonaws.com",
            "allocated_storage": 10,
            "allow_major_version_upgrade": null,
            "apply_immediately": false,
            "arn": "arn:aws:rds:us-east-1:340341089363:db:terraform-20241129004535075500000008",
            "auto_minor_version_upgrade": true,
            "availability_zone": "us-east-1b",
            "backup_retention_period": 0,
            "backup_target": "region",
            "backup_window": "03:59-04:29",
            "blue_green_update": [],
            "ca_cert_identifier": "rds-ca-rsa2048-g1",
            "character_set_name": "",
            "copy_tags_to_snapshot": false,
            "custom_iam_instance_profile": "",
            "customer_owned_ip_enabled": false,
            "db_name": "sqldb",
            "db_subnet_group_name": "database subnets",
            "dedicated_log_volume": false,
            "delete_automated_backups": true,
            "deletion_protection": false,
            "domain": "",
            "domain_auth_secret_arn": "",
            "domain_dns_ips": [],
            "domain_fqdn": "",
            "domain_iam_role_name": "",
            "domain_ou": "",
            "enabled_cloudwatch_logs_exports": [],
            "endpoint": "terraform-20241129004535075500000008.c56wkigeqtpa.us-east-1.rds.amazonaws.com:3306",
            "engine": "mysql",
            "engine_lifecycle_support": "open-source-rds-extended-support",
            "engine_version": "5.7",
            "engine_version_actual": "5.7.44-rds.20240808",
            "final_snapshot_identifier": null,
            "hosted_zone_id": "Z2R2ITUGPM61AM",
            "iam_database_authentication_enabled": false,
            "id": "db-3TQZRLQG4ZNQKFNKT7KBKJIJYA",
            "identifier": "terraform-20241129004535075500000008",
            "identifier_prefix": "terraform-",
            "instance_class": "db.t3.micro",
            "iops": 0,
            "kms_key_id": "",
            "latest_restorable_time": "",
            "license_model": "general-public-license",
            "listener_endpoint": [],
            "maintenance_window": "thu:10:23-thu:10:53",
            "manage_master_user_password": null,
            "master_user_secret": [],
            "master_user_secret_kms_key_id": null,
            "max_allocated_storage": 0,
            "monitoring_interval": 0,
            "monitoring_role_arn": "",
            "multi_az": false,
            "nchar_character_set_name": "",
            "network_type": "IPV4",
            "option_group_name": "default:mysql-5-7",
            "parameter_group_name": "default.mysql5.7",
            "password": "Admin2024#",
            "performance_insights_enabled": false,
            "performance_insights_kms_key_id": "",
            "performance_insights_retention_period": 0,
            "port": 3306,
            "publicly_accessible": false,
            "replica_mode": "",
            "replicas": [],
            "replicate_source_db": "",
            "resource_id": "db-3TQZRLQG4ZNQKFNKT7KBKJIJYA",
            "restore_to_point_in_time": [],
            "s3_import": [],
            "skip_final_snapshot": true,
            "snapshot_identifier": null,
            "status": "available",
            "storage_encrypted": false,
            "storage_throughput": 0,
            "storage_type": "gp2",
            "tags": {},
            "tags_all": {},
            "timeouts": null,
            "timezone": "",
            "upgrade_storage_config": null,
            "username": "Admin2024",
            "vpc_security_group_ids": [
              "sg-0e30ad6e6aa5504ed"
            ]
          },
          "sensitive_attributes": [
            [
              {
                "type": "get_attr",
                "value": "password"
              }
            ]
          ],
          "private": "eyJlMmJmYjczMC1lY2FhLTExZTYtOGY4OC0zNDM2M2JjN2M0YzAiOnsiY3JlYXRlIjoyNDAwMDAwMDAwMDAwLCJkZWxldGUiOjM2MDAwMDAwMDAwMDAsInVwZGF0ZSI6NDgwMDAwMDAwMDAwMH0sInNjaGVtYV92ZXJzaW9uIjoiMiJ9",
          "dependencies": [
            "aws_db_subnet_group.database-subnet-group",
            "aws_security_group.alb-security-group",
            "aws_security_group.database_security_group",
            "aws_security_group.webserver-security-group",
            "aws_subnet.private-db-subnet-1",
            "aws_subnet.private-db-subnet-2",
            "aws_vpc.vpc_alumno04"
          ]
        }
      ]
    },
    {
      "mode": "managed",
      "type": "aws_db_subnet_group",
      "name": "database-subnet-group",
      "provider": "provider[\"registry.terraform.io/hashicorp/aws\"]",
      "instances": [
        {
          "schema_version": 0,
          "attributes": {
            "arn": "arn:aws:rds:us-east-1:340341089363:subgrp:database subnets",
            "description": "Managed by Terraform",
            "id": "database subnets",
            "name": "database subnets",
            "name_prefix": "",
            "subnet_ids": [
              "subnet-0074390d7de2c8eb4",
              "subnet-00bee9360326d245f"
            ],
            "supported_network_types": [
              "IPV4"
            ],
            "tags": {
              "Name": "Database Subnets"
            },
            "tags_all": {
              "Name": "Database Subnets"
            },
            "vpc_id": "vpc-0dedb9f6ff80e3290"
          },
          "sensitive_attributes": [],
          "private": "bnVsbA==",
          "dependencies": [
            "aws_subnet.private-db-subnet-1",
            "aws_subnet.private-db-subnet-2",
            "aws_vpc.vpc_alumno04"
          ]
        }
      ]
    },
    {
      "mode": "managed",
      "type": "aws_eip",
      "name": "eip_nat",
      "provider": "provider[\"registry.terraform.io/hashicorp/aws\"]",
      "instances": [
        {
          "schema_version": 0,
          "attributes": {
            "address": null,
            "allocation_id": "eipalloc-04c323422ec777d20",
            "arn": "arn:aws:ec2:us-east-1:340341089363:elastic-ip/eipalloc-04c323422ec777d20",
            "associate_with_private_ip": null,
            "association_id": "eipassoc-09ec5ea933c549a45",
            "carrier_ip": "",
            "customer_owned_ip": "",
            "customer_owned_ipv4_pool": "",
            "domain": "vpc",
            "id": "eipalloc-04c323422ec777d20",
            "instance": "",
            "ipam_pool_id": null,
            "network_border_group": "us-east-1",
            "network_interface": "eni-0b250a78c9d10cf77",
            "private_dns": "ip-10-0-2-131.ec2.internal",
            "private_ip": "10.0.2.131",
            "ptr_record": "",
            "public_dns": "ec2-52-4-2-181.compute-1.amazonaws.com",
            "public_ip": "52.4.2.181",
            "public_ipv4_pool": "amazon",
            "tags": {
              "Name": "NAT Gateway EIP"
            },
            "tags_all": {
              "Name": "NAT Gateway EIP"
            },
            "timeouts": null,
            "vpc": true
          },
          "sensitive_attributes": [],
          "private": "eyJlMmJmYjczMC1lY2FhLTExZTYtOGY4OC0zNDM2M2JjN2M0YzAiOnsiZGVsZXRlIjoxODAwMDAwMDAwMDAsInJlYWQiOjkwMDAwMDAwMDAwMCwidXBkYXRlIjozMDAwMDAwMDAwMDB9fQ=="
        }
      ]
    },
    {
      "mode": "managed",
      "type": "aws_instance",
      "name": "PublicWebTemplate",
      "provider": "provider[\"registry.terraform.io/hashicorp/aws\"]",
      "instances": [
        {
          "index_key": 0,
          "schema_version": 1,
          "attributes": {
            "ami": "ami-09e4ba81d75ebeb6a",
            "arn": "arn:aws:ec2:us-east-1:340341089363:instance/i-077671c775caa98eb",
            "associate_public_ip_address": true,
            "availability_zone": "us-east-1a",
            "capacity_reservation_specification": [
              {
                "capacity_reservation_preference": "open",
                "capacity_reservation_target": []
              }
            ],
            "cpu_core_count": 1,
            "cpu_options": [
              {
                "amd_sev_snp": "",
                "core_count": 1,
                "threads_per_core": 1
              }
            ],
            "cpu_threads_per_core": 1,
            "credit_specification": [
              {
                "cpu_credits": "standard"
              }
            ],
            "disable_api_stop": false,
            "disable_api_termination": false,
            "ebs_block_device": [],
            "ebs_optimized": false,
            "enclave_options": [
              {
                "enabled": false
              }
            ],
            "ephemeral_block_device": [],
            "get_password_data": false,
            "hibernation": false,
            "host_id": "",
            "host_resource_group_arn": null,
            "iam_instance_profile": "",
            "id": "i-077671c775caa98eb",
            "instance_initiated_shutdown_behavior": "stop",
            "instance_lifecycle": "",
            "instance_market_options": [],
            "instance_state": "running",
            "instance_type": "t2.micro",
            "ipv6_address_count": 0,
            "ipv6_addresses": [],
            "key_name": "hola",
            "launch_template": [],
            "maintenance_options": [
              {
                "auto_recovery": "default"
              }
            ],
            "metadata_options": [
              {
                "http_endpoint": "enabled",
                "http_protocol_ipv6": "disabled",
                "http_put_response_hop_limit": 1,
                "http_tokens": "optional",
                "instance_metadata_tags": "disabled"
              }
            ],
            "monitoring": false,
            "network_interface": [],
            "outpost_arn": "",
            "password_data": "",
            "placement_group": "",
            "placement_partition_number": 0,
            "primary_network_interface_id": "eni-0404a6bb45676bf40",
            "private_dns": "ip-10-0-1-246.ec2.internal",
            "private_dns_name_options": [
              {
                "enable_resource_name_dns_a_record": false,
                "enable_resource_name_dns_aaaa_record": false,
                "hostname_type": "ip-name"
              }
            ],
            "private_ip": "10.0.1.246",
            "public_dns": "",
            "public_ip": "3.92.6.205",
            "root_block_device": [
              {
                "delete_on_termination": true,
                "device_name": "/dev/xvda",
                "encrypted": false,
                "iops": 100,
                "kms_key_id": "",
                "tags": {},
                "tags_all": {},
                "throughput": 0,
                "volume_id": "vol-04ef63e07785f196b",
                "volume_size": 8,
                "volume_type": "gp2"
              }
            ],
            "secondary_private_ips": [],
            "security_groups": [],
            "source_dest_check": true,
            "spot_instance_request_id": "",
            "subnet_id": "subnet-044a13a9b9a0b76b5",
            "tags": {
              "Name": "frontend-1"
            },
            "tags_all": {
              "Name": "frontend-1"
            },
            "tenancy": "default",
            "timeouts": null,
            "user_data": "861295fa75313d24290749bfa9a77cd4bddd5ddf",
            "user_data_base64": null,
            "user_data_replace_on_change": false,
            "volume_tags": null,
            "vpc_security_group_ids": [
              "sg-0f48c7d0a62bb9b81"
            ]
          },
          "sensitive_attributes": [],
          "private": "eyJlMmJmYjczMC1lY2FhLTExZTYtOGY4OC0zNDM2M2JjN2M0YzAiOnsiY3JlYXRlIjo2MDAwMDAwMDAwMDAsImRlbGV0ZSI6MTIwMDAwMDAwMDAwMCwicmVhZCI6OTAwMDAwMDAwMDAwLCJ1cGRhdGUiOjYwMDAwMDAwMDAwMH0sInNjaGVtYV92ZXJzaW9uIjoiMSJ9",
          "dependencies": [
            "aws_security_group.alb-security-group",
            "aws_security_group.webserver-security-group",
            "aws_subnet.public-web-subnet-1",
            "aws_vpc.vpc_alumno04",
            "data.aws_ami.amazon_linux_2"
          ]
        }
      ]
    },
    {
      "mode": "managed",
      "type": "aws_instance",
      "name": "private-app-template",
      "provider": "provider[\"registry.terraform.io/hashicorp/aws\"]",
      "instances": [
        {
          "schema_version": 1,
          "attributes": {
            "ami": "ami-09e4ba81d75ebeb6a",
            "arn": "arn:aws:ec2:us-east-1:340341089363:instance/i-0e19e206b61136dde",
            "associate_public_ip_address": false,
            "availability_zone": "us-east-1a",
            "capacity_reservation_specification": [
              {
                "capacity_reservation_preference": "open",
                "capacity_reservation_target": []
              }
            ],
            "cpu_core_count": 1,
            "cpu_options": [
              {
                "amd_sev_snp": "",
                "core_count": 1,
                "threads_per_core": 1
              }
            ],
            "cpu_threads_per_core": 1,
            "credit_specification": [
              {
                "cpu_credits": "standard"
              }
            ],
            "disable_api_stop": false,
            "disable_api_termination": false,
            "ebs_block_device": [],
            "ebs_optimized": false,
            "enclave_options": [
              {
                "enabled": false
              }
            ],
            "ephemeral_block_device": [],
            "get_password_data": false,
            "hibernation": false,
            "host_id": "",
            "host_resource_group_arn": null,
            "iam_instance_profile": "",
            "id": "i-0e19e206b61136dde",
            "instance_initiated_shutdown_behavior": "stop",
            "instance_lifecycle": "",
            "instance_market_options": [],
            "instance_state": "running",
            "instance_type": "t2.micro",
            "ipv6_address_count": 0,
            "ipv6_addresses": [],
            "key_name": "",
            "launch_template": [],
            "maintenance_options": [
              {
                "auto_recovery": "default"
              }
            ],
            "metadata_options": [
              {
                "http_endpoint": "enabled",
                "http_protocol_ipv6": "disabled",
                "http_put_response_hop_limit": 1,
                "http_tokens": "optional",
                "instance_metadata_tags": "disabled"
              }
            ],
            "monitoring": false,
            "network_interface": [],
            "outpost_arn": "",
            "password_data": "",
            "placement_group": "",
            "placement_partition_number": 0,
            "primary_network_interface_id": "eni-01058187328e207c7",
            "private_dns": "ip-10-0-3-32.ec2.internal",
            "private_dns_name_options": [
              {
                "enable_resource_name_dns_a_record": false,
                "enable_resource_name_dns_aaaa_record": false,
                "hostname_type": "ip-name"
              }
            ],
            "private_ip": "10.0.3.32",
            "public_dns": "",
            "public_ip": "",
            "root_block_device": [
              {
                "delete_on_termination": true,
                "device_name": "/dev/xvda",
                "encrypted": false,
                "iops": 100,
                "kms_key_id": "",
                "tags": {},
                "tags_all": {},
                "throughput": 0,
                "volume_id": "vol-07054f5017d202cff",
                "volume_size": 8,
                "volume_type": "gp2"
              }
            ],
            "secondary_private_ips": [],
            "security_groups": [],
            "source_dest_check": true,
            "spot_instance_request_id": "",
            "subnet_id": "subnet-02a41140083d66430",
            "tags": {
              "Name": "app-asg"
            },
            "tags_all": {
              "Name": "app-asg"
            },
            "tenancy": "default",
            "timeouts": null,
            "user_data": null,
            "user_data_base64": null,
            "user_data_replace_on_change": false,
            "volume_tags": null,
            "vpc_security_group_ids": [
              "sg-04529e7bf2fa55479"
            ]
          },
          "sensitive_attributes": [],
          "private": "eyJlMmJmYjczMC1lY2FhLTExZTYtOGY4OC0zNDM2M2JjN2M0YzAiOnsiY3JlYXRlIjo2MDAwMDAwMDAwMDAsImRlbGV0ZSI6MTIwMDAwMDAwMDAwMCwicmVhZCI6OTAwMDAwMDAwMDAwLCJ1cGRhdGUiOjYwMDAwMDAwMDAwMH0sInNjaGVtYV92ZXJzaW9uIjoiMSJ9",
          "dependencies": [
            "aws_security_group.ssh-aws-security-group",
            "aws_subnet.private-app-subnet-1",
            "aws_vpc.vpc_alumno04",
            "data.aws_ami.amazon_linux_2"
          ]
        }
      ]
    },
    {
      "mode": "managed",
      "type": "aws_internet_gateway",
      "name": "igw_alumno04",
      "provider": "provider[\"registry.terraform.io/hashicorp/aws\"]",
      "instances": [
        {
          "schema_version": 0,
          "attributes": {
            "arn": "arn:aws:ec2:us-east-1:340341089363:internet-gateway/igw-0e82602358c8c8e28",
            "id": "igw-0e82602358c8c8e28",
            "owner_id": "340341089363",
            "tags": {
              "Name": "TEST igw"
            },
            "tags_all": {
              "Name": "TEST igw"
            },
            "timeouts": null,
            "vpc_id": "vpc-0dedb9f6ff80e3290"
          },
          "sensitive_attributes": [],
          "private": "eyJlMmJmYjczMC1lY2FhLTExZTYtOGY4OC0zNDM2M2JjN2M0YzAiOnsiY3JlYXRlIjoxMjAwMDAwMDAwMDAwLCJkZWxldGUiOjEyMDAwMDAwMDAwMDAsInVwZGF0ZSI6MTIwMDAwMDAwMDAwMH19",
          "dependencies": [
            "aws_vpc.vpc_alumno04"
          ]
        }
      ]
    },
    {
      "mode": "managed",
      "type": "aws_key_pair",
      "name": "tf_key",
      "provider": "provider[\"registry.terraform.io/hashicorp/aws\"]",
      "instances": [
        {
          "schema_version": 1,
          "attributes": {
            "arn": "arn:aws:ec2:us-east-1:340341089363:key-pair/hola",
            "fingerprint": "b1:43:33:ce:3d:4e:c3:64:7e:7e:0c:0b:84:2b:65:d7",
            "id": "hola",
            "key_name": "hola",
            "key_name_prefix": "",
            "key_pair_id": "key-0ab7c443ac2b5af27",
            "key_type": "rsa",
            "public_key": "ssh-rsa AAAAB3NzaC1yc2EAAAADAQABAAABAQDYxjOIQ4iWDhJ9wh3c0yhEqe5QLqP688Jp8Gz1tSMOLe/cO3RPV0pC4TD4c5yA2Owlx2UyO8boA2npC54yDxJl/h/7jBf2VorbURW7mZAQM9BIpJ9TlZfFTsJveJb3zTJrh/x+tB6VSxD68hV2nr6ns99SyVk1Hvg6fTkVAiHP6H0h5T5zrvOgcoCHumfy2yYt8fhZRvXPZeGtKWi+7ihbXWhkdj0twqvG/oCqv3B84cKupExvcBm4owGp13phLY7ctIH0vwsUONWcZc2ddnNKufshtdobugzEnr3dukFrtq2rQxw3nupm238kxCfmEmgurQ75QJ3UIaQhmih3I+FJ",
            "tags": null,
            "tags_all": {}
          },
          "sensitive_attributes": [],
          "private": "eyJzY2hlbWFfdmVyc2lvbiI6IjEifQ==",
          "dependencies": [
            "tls_private_key.rsa-4096-alumno04"
          ]
        }
      ]
    },
    {
      "mode": "managed",
      "type": "aws_launch_template",
      "name": "auto-scaling-group",
      "provider": "provider[\"registry.terraform.io/hashicorp/aws\"]",
      "instances": [
        {
          "schema_version": 0,
          "attributes": {
            "arn": "arn:aws:ec2:us-east-1:340341089363:launch-template/lt-0f317f71b01c5c046",
            "block_device_mappings": [],
            "capacity_reservation_specification": [],
            "cpu_options": [],
            "credit_specification": [],
            "default_version": 1,
            "description": "",
            "disable_api_stop": false,
            "disable_api_termination": false,
            "ebs_optimized": "",
            "elastic_gpu_specifications": [],
            "elastic_inference_accelerator": [],
            "enclave_options": [],
            "hibernation_options": [],
            "iam_instance_profile": [],
            "id": "lt-0f317f71b01c5c046",
            "image_id": "ami-09e4ba81d75ebeb6a",
            "instance_initiated_shutdown_behavior": "",
            "instance_market_options": [],
            "instance_requirements": [],
            "instance_type": "t2.micro",
            "kernel_id": "",
            "key_name": "hola",
            "latest_version": 2,
            "license_specification": [],
            "maintenance_options": [],
            "metadata_options": [],
            "monitoring": [],
            "name": "auto-scaling-group2024112900453811400000000b",
            "name_prefix": "auto-scaling-group",
            "network_interfaces": [
              {
                "associate_carrier_ip_address": "",
                "associate_public_ip_address": "",
                "delete_on_termination": "",
                "description": "",
                "device_index": 0,
                "interface_type": "",
                "ipv4_address_count": 0,
                "ipv4_addresses": [],
                "ipv4_prefix_count": 0,
                "ipv4_prefixes": [],
                "ipv6_address_count": 0,
                "ipv6_addresses": [],
                "ipv6_prefix_count": 0,
                "ipv6_prefixes": [],
                "network_card_index": 0,
                "network_interface_id": "",
                "primary_ipv6": "",
                "private_ip_address": "",
                "security_groups": [
                  "sg-0f48c7d0a62bb9b81"
                ],
                "subnet_id": "subnet-044a13a9b9a0b76b5"
              }
            ],
            "placement": [],
            "private_dns_name_options": [],
            "ram_disk_id": "",
            "security_group_names": [],
            "tag_specifications": [],
            "tags": {},
            "tags_all": {},
            "update_default_version": null,
            "user_data": "",
            "vpc_security_group_ids": []
          },
          "sensitive_attributes": [],
          "private": "bnVsbA==",
          "dependencies": [
            "aws_security_group.alb-security-group",
            "aws_security_group.webserver-security-group",
            "aws_subnet.public-web-subnet-1",
            "aws_vpc.vpc_alumno04",
            "data.aws_ami.amazon_linux_2"
          ]
        }
      ]
    },
    {
      "mode": "managed",
      "type": "aws_launch_template",
      "name": "auto-scaling-group-private",
      "provider": "provider[\"registry.terraform.io/hashicorp/aws\"]",
      "instances": [
        {
          "schema_version": 0,
          "attributes": {
            "arn": "arn:aws:ec2:us-east-1:340341089363:launch-template/lt-0a45ca49656f58319",
            "block_device_mappings": [],
            "capacity_reservation_specification": [],
            "cpu_options": [],
            "credit_specification": [],
            "default_version": 1,
            "description": "",
            "disable_api_stop": false,
            "disable_api_termination": false,
            "ebs_optimized": "",
            "elastic_gpu_specifications": [],
            "elastic_inference_accelerator": [],
            "enclave_options": [],
            "hibernation_options": [],
            "iam_instance_profile": [],
            "id": "lt-0a45ca49656f58319",
            "image_id": "ami-09e4ba81d75ebeb6a",
            "instance_initiated_shutdown_behavior": "",
            "instance_market_options": [],
            "instance_requirements": [],
            "instance_type": "t2.micro",
            "kernel_id": "",
            "key_name": "hola",
            "latest_version": 2,
            "license_specification": [],
            "maintenance_options": [],
            "metadata_options": [],
            "monitoring": [],
            "name": "auto-scaling-group-private20241129004529649300000006",
            "name_prefix": "auto-scaling-group-private",
            "network_interfaces": [
              {
                "associate_carrier_ip_address": "",
                "associate_public_ip_address": "",
                "delete_on_termination": "",
                "description": "",
                "device_index": 0,
                "interface_type": "",
                "ipv4_address_count": 0,
                "ipv4_addresses": [],
                "ipv4_prefix_count": 0,
                "ipv4_prefixes": [],
                "ipv6_address_count": 0,
                "ipv6_addresses": [],
                "ipv6_prefix_count": 0,
                "ipv6_prefixes": [],
                "network_card_index": 0,
                "network_interface_id": "",
                "primary_ipv6": "",
                "private_ip_address": "",
                "security_groups": [
                  "sg-04529e7bf2fa55479"
                ],
                "subnet_id": "subnet-02a41140083d66430"
              }
            ],
            "placement": [],
            "private_dns_name_options": [],
            "ram_disk_id": "",
            "security_group_names": [],
            "tag_specifications": [],
            "tags": {},
            "tags_all": {},
            "update_default_version": null,
            "user_data": "",
            "vpc_security_group_ids": []
          },
          "sensitive_attributes": [],
          "private": "bnVsbA==",
          "dependencies": [
            "aws_security_group.ssh-aws-security-group",
            "aws_subnet.private-app-subnet-1",
            "aws_vpc.vpc_alumno04",
            "data.aws_ami.amazon_linux_2"
          ]
        }
      ]
    },
    {
      "mode": "managed",
      "type": "aws_lb",
      "name": "application-load-balancer",
      "provider": "provider[\"registry.terraform.io/hashicorp/aws\"]",
      "instances": [
        {
          "schema_version": 0,
          "attributes": {
            "access_logs": [
              {
                "bucket": "",
                "enabled": false,
                "prefix": ""
              }
            ],
            "arn": "arn:aws:elasticloadbalancing:us-east-1:340341089363:loadbalancer/app/web-external-load-balancer/e6a12b811fc92a01",
            "arn_suffix": "app/web-external-load-balancer/e6a12b811fc92a01",
            "client_keep_alive": 3600,
            "connection_logs": [
              {
                "bucket": "",
                "enabled": false,
                "prefix": ""
              }
            ],
            "customer_owned_ipv4_pool": "",
            "desync_mitigation_mode": "defensive",
            "dns_name": "web-external-load-balancer-1005518081.us-east-1.elb.amazonaws.com",
            "dns_record_client_routing_policy": null,
            "drop_invalid_header_fields": false,
            "enable_cross_zone_load_balancing": true,
            "enable_deletion_protection": false,
            "enable_http2": true,
            "enable_tls_version_and_cipher_suite_headers": false,
            "enable_waf_fail_open": false,
            "enable_xff_client_port": false,
            "enable_zonal_shift": false,
            "enforce_security_group_inbound_rules_on_private_link_traffic": "",
            "id": "arn:aws:elasticloadbalancing:us-east-1:340341089363:loadbalancer/app/web-external-load-balancer/e6a12b811fc92a01",
            "idle_timeout": 60,
            "internal": false,
            "ip_address_type": "ipv4",
            "load_balancer_type": "application",
            "name": "web-external-load-balancer",
            "name_prefix": "",
            "preserve_host_header": false,
            "security_groups": [
              "sg-083d2c02b2ed19fda"
            ],
            "subnet_mapping": [
              {
                "allocation_id": "",
                "ipv6_address": "",
                "outpost_id": "",
                "private_ipv4_address": "",
                "subnet_id": "subnet-044a13a9b9a0b76b5"
              },
              {
                "allocation_id": "",
                "ipv6_address": "",
                "outpost_id": "",
                "private_ipv4_address": "",
                "subnet_id": "subnet-0d25d07c9b24b52f9"
              }
            ],
            "subnets": [
              "subnet-044a13a9b9a0b76b5",
              "subnet-0d25d07c9b24b52f9"
            ],
            "tags": {
              "Name": "App load balancer"
            },
            "tags_all": {
              "Name": "App load balancer"
            },
            "timeouts": null,
            "vpc_id": "vpc-0dedb9f6ff80e3290",
            "xff_header_processing_mode": "append",
            "zone_id": "Z35SXDOTRQ7X7K"
          },
          "sensitive_attributes": [],
          "private": "eyJlMmJmYjczMC1lY2FhLTExZTYtOGY4OC0zNDM2M2JjN2M0YzAiOnsiY3JlYXRlIjo2MDAwMDAwMDAwMDAsImRlbGV0ZSI6NjAwMDAwMDAwMDAwLCJ1cGRhdGUiOjYwMDAwMDAwMDAwMH19",
          "dependencies": [
            "aws_security_group.alb-security-group",
            "aws_subnet.public-web-subnet-1",
            "aws_subnet.public-web-subnet-2",
            "aws_vpc.vpc_alumno04"
          ]
        }
      ]
    },
    {
      "mode": "managed",
      "type": "aws_lb_listener",
      "name": "alb_http_listener",
      "provider": "provider[\"registry.terraform.io/hashicorp/aws\"]",
      "instances": [
        {
          "schema_version": 0,
          "attributes": {
            "alpn_policy": null,
            "arn": "arn:aws:elasticloadbalancing:us-east-1:340341089363:listener/app/web-external-load-balancer/e6a12b811fc92a01/d434e305eca73f33",
            "certificate_arn": null,
            "default_action": [
              {
                "authenticate_cognito": [],
                "authenticate_oidc": [],
                "fixed_response": [],
                "forward": [],
                "order": 1,
                "redirect": [
                  {
                    "host": "#{host}",
                    "path": "/#{path}",
                    "port": "443",
                    "protocol": "HTTPS",
                    "query": "#{query}",
                    "status_code": "HTTP_301"
                  }
                ],
                "target_group_arn": "",
                "type": "redirect"
              }
            ],
            "id": "arn:aws:elasticloadbalancing:us-east-1:340341089363:listener/app/web-external-load-balancer/e6a12b811fc92a01/d434e305eca73f33",
            "load_balancer_arn": "arn:aws:elasticloadbalancing:us-east-1:340341089363:loadbalancer/app/web-external-load-balancer/e6a12b811fc92a01",
            "mutual_authentication": [],
            "port": 80,
            "protocol": "HTTP",
            "ssl_policy": "",
            "tags": {},
            "tags_all": {},
            "tcp_idle_timeout_seconds": null,
            "timeouts": null
          },
          "sensitive_attributes": [],
          "private": "eyJlMmJmYjczMC1lY2FhLTExZTYtOGY4OC0zNDM2M2JjN2M0YzAiOnsiY3JlYXRlIjozMDAwMDAwMDAwMDAsInVwZGF0ZSI6MzAwMDAwMDAwMDAwfX0=",
          "dependencies": [
            "aws_lb.application-load-balancer",
            "aws_security_group.alb-security-group",
            "aws_subnet.public-web-subnet-1",
            "aws_subnet.public-web-subnet-2",
            "aws_vpc.vpc_alumno04"
          ]
        }
      ]
    },
    {
      "mode": "managed",
      "type": "aws_lb_listener",
      "name": "https_listener_subdomain",
      "provider": "provider[\"registry.terraform.io/hashicorp/aws\"]",
      "instances": [
        {
          "schema_version": 0,
          "attributes": {
            "alpn_policy": null,
            "arn": "arn:aws:elasticloadbalancing:us-east-1:340341089363:listener/app/web-external-load-balancer/e6a12b811fc92a01/22bb7fba0ad3ed6b",
            "certificate_arn": "arn:aws:acm:us-east-1:340341089363:certificate/ed22702d-0126-4f0a-b830-3afd9c7a0044",
            "default_action": [
              {
                "authenticate_cognito": [],
                "authenticate_oidc": [],
                "fixed_response": [],
                "forward": [],
                "order": 1,
                "redirect": [],
                "target_group_arn": "arn:aws:elasticloadbalancing:us-east-1:340341089363:targetgroup/appbalancertgp/e19e71b42f8028ab",
                "type": "forward"
              }
            ],
            "id": "arn:aws:elasticloadbalancing:us-east-1:340341089363:listener/app/web-external-load-balancer/e6a12b811fc92a01/22bb7fba0ad3ed6b",
            "load_balancer_arn": "arn:aws:elasticloadbalancing:us-east-1:340341089363:loadbalancer/app/web-external-load-balancer/e6a12b811fc92a01",
            "mutual_authentication": [
              {
                "ignore_client_certificate_expiry": false,
                "mode": "off",
                "trust_store_arn": ""
              }
            ],
            "port": 443,
            "protocol": "HTTPS",
            "ssl_policy": "ELBSecurityPolicy-2016-08",
            "tags": null,
            "tags_all": {},
            "tcp_idle_timeout_seconds": null,
            "timeouts": null
          },
          "sensitive_attributes": [],
          "private": "eyJlMmJmYjczMC1lY2FhLTExZTYtOGY4OC0zNDM2M2JjN2M0YzAiOnsiY3JlYXRlIjozMDAwMDAwMDAwMDAsInVwZGF0ZSI6MzAwMDAwMDAwMDAwfX0=",
          "dependencies": [
            "aws_acm_certificate.vpn_server",
            "aws_acm_certificate_validation.vpn_server",
            "aws_lb.application-load-balancer",
            "aws_lb_target_group.alb-target-group",
            "aws_route53_record.my_dns_record_vpn_server",
            "aws_route53_zone.dev",
            "aws_security_group.alb-security-group",
            "aws_subnet.public-web-subnet-1",
            "aws_subnet.public-web-subnet-2",
            "aws_vpc.vpc_alumno04"
          ]
        }
      ]
    },
    {
      "mode": "managed",
      "type": "aws_lb_target_group",
      "name": "alb-target-group",
      "provider": "provider[\"registry.terraform.io/hashicorp/aws\"]",
      "instances": [
        {
          "schema_version": 0,
          "attributes": {
            "arn": "arn:aws:elasticloadbalancing:us-east-1:340341089363:targetgroup/appbalancertgp/e19e71b42f8028ab",
            "arn_suffix": "targetgroup/appbalancertgp/e19e71b42f8028ab",
            "connection_termination": null,
            "deregistration_delay": "300",
            "health_check": [
              {
                "enabled": true,
                "healthy_threshold": 5,
                "interval": 30,
                "matcher": "200",
                "path": "/",
                "port": "traffic-port",
                "protocol": "HTTP",
                "timeout": 5,
                "unhealthy_threshold": 2
              }
            ],
            "id": "arn:aws:elasticloadbalancing:us-east-1:340341089363:targetgroup/appbalancertgp/e19e71b42f8028ab",
            "ip_address_type": "ipv4",
            "lambda_multi_value_headers_enabled": false,
            "load_balancer_arns": [],
            "load_balancing_algorithm_type": "round_robin",
            "load_balancing_anomaly_mitigation": "off",
            "load_balancing_cross_zone_enabled": "use_load_balancer_configuration",
            "name": "appbalancertgp",
            "name_prefix": "",
            "port": 80,
            "preserve_client_ip": null,
            "protocol": "HTTP",
            "protocol_version": "HTTP1",
            "proxy_protocol_v2": false,
            "slow_start": 0,
            "stickiness": [
              {
                "cookie_duration": 86400,
                "cookie_name": "",
                "enabled": false,
                "type": "lb_cookie"
              }
            ],
            "tags": {},
            "tags_all": {},
            "target_failover": [
              {
                "on_deregistration": null,
                "on_unhealthy": null
              }
            ],
            "target_group_health": [
              {
                "dns_failover": [
                  {
                    "minimum_healthy_targets_count": "1",
                    "minimum_healthy_targets_percentage": "off"
                  }
                ],
                "unhealthy_state_routing": [
                  {
                    "minimum_healthy_targets_count": 1,
                    "minimum_healthy_targets_percentage": "off"
                  }
                ]
              }
            ],
            "target_health_state": [
              {
                "enable_unhealthy_connection_termination": null,
                "unhealthy_draining_interval": null
              }
            ],
            "target_type": "instance",
            "vpc_id": "vpc-0dedb9f6ff80e3290"
          },
          "sensitive_attributes": [],
          "private": "bnVsbA==",
          "dependencies": [
            "aws_vpc.vpc_alumno04"
          ]
        }
      ]
    },
    {
      "mode": "managed",
      "type": "aws_lb_target_group_attachment",
      "name": "web-attachment",
      "provider": "provider[\"registry.terraform.io/hashicorp/aws\"]",
      "instances": [
        {
          "index_key": 0,
          "schema_version": 0,
          "attributes": {
            "availability_zone": null,
            "id": "arn:aws:elasticloadbalancing:us-east-1:340341089363:targetgroup/appbalancertgp/e19e71b42f8028ab-20241129160514211000000006",
            "port": 80,
            "target_group_arn": "arn:aws:elasticloadbalancing:us-east-1:340341089363:targetgroup/appbalancertgp/e19e71b42f8028ab",
            "target_id": "i-077671c775caa98eb"
          },
          "sensitive_attributes": [],
          "private": "bnVsbA==",
          "dependencies": [
            "aws_instance.PublicWebTemplate",
            "aws_lb_target_group.alb-target-group",
            "aws_security_group.alb-security-group",
            "aws_security_group.webserver-security-group",
            "aws_subnet.public-web-subnet-1",
            "aws_vpc.vpc_alumno04",
            "data.aws_ami.amazon_linux_2"
          ]
        }
      ]
    },
    {
      "mode": "managed",
      "type": "aws_nat_gateway",
      "name": "nat_1",
      "provider": "provider[\"registry.terraform.io/hashicorp/aws\"]",
      "instances": [
        {
          "schema_version": 0,
          "attributes": {
            "allocation_id": "eipalloc-04c323422ec777d20",
            "association_id": "eipassoc-09ec5ea933c549a45",
            "connectivity_type": "public",
            "id": "nat-03b6a49851ac2f30d",
            "network_interface_id": "eni-0b250a78c9d10cf77",
            "private_ip": "10.0.2.131",
            "public_ip": "52.4.2.181",
            "secondary_allocation_ids": [],
            "secondary_private_ip_address_count": 0,
            "secondary_private_ip_addresses": [],
            "subnet_id": "subnet-0d25d07c9b24b52f9",
            "tags": {
              "Name": "NAT Gateway 1"
            },
            "tags_all": {
              "Name": "NAT Gateway 1"
            },
            "timeouts": null
          },
          "sensitive_attributes": [],
          "private": "eyJlMmJmYjczMC1lY2FhLTExZTYtOGY4OC0zNDM2M2JjN2M0YzAiOnsiY3JlYXRlIjo2MDAwMDAwMDAwMDAsImRlbGV0ZSI6MTgwMDAwMDAwMDAwMCwidXBkYXRlIjo2MDAwMDAwMDAwMDB9fQ==",
          "dependencies": [
            "aws_eip.eip_nat",
            "aws_subnet.public-web-subnet-2",
            "aws_vpc.vpc_alumno04"
          ]
        }
      ]
    },
    {
      "mode": "managed",
      "type": "aws_route53_record",
      "name": "dev_ns",
      "provider": "provider[\"registry.terraform.io/hashicorp/aws\"]",
      "instances": [
        {
          "schema_version": 2,
          "attributes": {
            "alias": [],
            "allow_overwrite": null,
            "cidr_routing_policy": [],
            "failover_routing_policy": [],
            "fqdn": "dev.pelucornio.link",
            "geolocation_routing_policy": [],
            "geoproximity_routing_policy": [],
            "health_check_id": "",
            "id": "Z051827333LS6ISEWO7YI_dev_NS",
            "latency_routing_policy": [],
            "multivalue_answer_routing_policy": false,
            "name": "dev",
            "records": [
              "ns-1522.awsdns-62.org",
              "ns-1854.awsdns-39.co.uk",
              "ns-194.awsdns-24.com",
              "ns-691.awsdns-22.net"
            ],
            "set_identifier": "",
            "ttl": 300,
            "type": "NS",
            "weighted_routing_policy": [],
            "zone_id": "Z051827333LS6ISEWO7YI"
          },
          "sensitive_attributes": [],
          "private": "eyJzY2hlbWFfdmVyc2lvbiI6IjIifQ==",
          "dependencies": [
            "aws_route53_zone.dev",
            "aws_route53_zone.primary"
          ]
        }
      ]
    },
    {
      "mode": "managed",
      "type": "aws_route53_record",
      "name": "lb_alias",
      "provider": "provider[\"registry.terraform.io/hashicorp/aws\"]",
      "instances": [
        {
          "schema_version": 2,
          "attributes": {
            "alias": [
              {
                "evaluate_target_health": true,
                "name": "web-external-load-balancer-1005518081.us-east-1.elb.amazonaws.com",
                "zone_id": "Z35SXDOTRQ7X7K"
              }
            ],
            "allow_overwrite": null,
            "cidr_routing_policy": [],
            "failover_routing_policy": [],
            "fqdn": "dev.pelucornio.link",
            "geolocation_routing_policy": [],
            "geoproximity_routing_policy": [],
            "health_check_id": "",
            "id": "Z029109231C5AVO41NNNR_dev.pelucornio.link_A",
            "latency_routing_policy": [],
            "multivalue_answer_routing_policy": false,
            "name": "dev.pelucornio.link",
            "records": [],
            "set_identifier": "",
            "ttl": 0,
            "type": "A",
            "weighted_routing_policy": [],
            "zone_id": "Z029109231C5AVO41NNNR"
          },
          "sensitive_attributes": [],
          "private": "eyJzY2hlbWFfdmVyc2lvbiI6IjIifQ==",
          "dependencies": [
            "aws_lb.application-load-balancer",
            "aws_route53_zone.dev",
            "aws_security_group.alb-security-group",
            "aws_subnet.public-web-subnet-1",
            "aws_subnet.public-web-subnet-2",
            "aws_vpc.vpc_alumno04"
          ]
        }
      ]
    },
    {
      "mode": "managed",
      "type": "aws_route53_record",
      "name": "my_dns_record_vpn_server",
      "provider": "provider[\"registry.terraform.io/hashicorp/aws\"]",
      "instances": [
        {
          "index_key": "dev.pelucornio.link",
          "schema_version": 2,
          "attributes": {
            "alias": [],
            "allow_overwrite": null,
            "cidr_routing_policy": [],
            "failover_routing_policy": [],
            "fqdn": "_cf03de103306903fd98d2c9e9c39f059.dev.pelucornio.link",
            "geolocation_routing_policy": [],
            "geoproximity_routing_policy": [],
            "health_check_id": "",
            "id": "Z029109231C5AVO41NNNR__cf03de103306903fd98d2c9e9c39f059.dev.pelucornio.link._CNAME",
            "latency_routing_policy": [],
            "multivalue_answer_routing_policy": false,
            "name": "_cf03de103306903fd98d2c9e9c39f059.dev.pelucornio.link",
            "records": [
              "_f8952ffbc18d4c28c465186c8e9a8a9b.zfyfvmchrl.acm-validations.aws."
            ],
            "set_identifier": "",
            "ttl": 60,
            "type": "CNAME",
            "weighted_routing_policy": [],
            "zone_id": "Z029109231C5AVO41NNNR"
          },
          "sensitive_attributes": [],
          "private": "eyJzY2hlbWFfdmVyc2lvbiI6IjIifQ==",
          "dependencies": [
            "aws_acm_certificate.vpn_server",
            "aws_route53_zone.dev"
          ]
        }
      ]
    },
    {
      "mode": "managed",
      "type": "aws_route53_record",
      "name": "primary_to_dev_cname",
      "provider": "provider[\"registry.terraform.io/hashicorp/aws\"]",
      "instances": [
        {
          "schema_version": 2,
          "attributes": {
            "alias": [],
            "allow_overwrite": null,
            "cidr_routing_policy": [],
            "failover_routing_policy": [],
            "fqdn": "www.pelucornio.link",
            "geolocation_routing_policy": [],
            "geoproximity_routing_policy": [],
            "health_check_id": "",
            "id": "Z051827333LS6ISEWO7YI_www.pelucornio.link_CNAME",
            "latency_routing_policy": [],
            "multivalue_answer_routing_policy": false,
            "name": "www.pelucornio.link",
            "records": [
              "dev.pelucornio.link"
            ],
            "set_identifier": "",
            "ttl": 300,
            "type": "CNAME",
            "weighted_routing_policy": [],
            "zone_id": "Z051827333LS6ISEWO7YI"
          },
          "sensitive_attributes": [],
          "private": "eyJzY2hlbWFfdmVyc2lvbiI6IjIifQ==",
          "dependencies": [
            "aws_route53_zone.primary"
          ]
        }
      ]
    },
    {
      "mode": "managed",
      "type": "aws_route53_zone",
      "name": "dev",
      "provider": "provider[\"registry.terraform.io/hashicorp/aws\"]",
      "instances": [
        {
          "schema_version": 0,
          "attributes": {
            "arn": "arn:aws:route53:::hostedzone/Z029109231C5AVO41NNNR",
            "comment": "Managed by Terraform",
            "delegation_set_id": "",
            "force_destroy": false,
            "id": "Z029109231C5AVO41NNNR",
            "name": "dev.pelucornio.link",
            "name_servers": [
              "ns-1522.awsdns-62.org",
              "ns-1854.awsdns-39.co.uk",
              "ns-194.awsdns-24.com",
              "ns-691.awsdns-22.net"
            ],
            "primary_name_server": "ns-194.awsdns-24.com",
            "tags": {
              "name": "development_dns_zone"
            },
            "tags_all": {
              "name": "development_dns_zone"
            },
            "vpc": [],
            "zone_id": "Z029109231C5AVO41NNNR"
          },
          "sensitive_attributes": [],
          "private": "bnVsbA=="
        }
      ]
    },
    {
      "mode": "managed",
      "type": "aws_route53_zone",
      "name": "primary",
      "provider": "provider[\"registry.terraform.io/hashicorp/aws\"]",
      "instances": [
        {
          "schema_version": 0,
          "attributes": {
            "arn": "arn:aws:route53:::hostedzone/Z051827333LS6ISEWO7YI",
            "comment": "Managed by Terraform",
            "delegation_set_id": "",
            "force_destroy": false,
            "id": "Z051827333LS6ISEWO7YI",
            "name": "pelucornio.link",
            "name_servers": [
              "ns-1093.awsdns-08.org",
              "ns-2046.awsdns-63.co.uk",
              "ns-7.awsdns-00.com",
              "ns-991.awsdns-59.net"
            ],
            "primary_name_server": "ns-2046.awsdns-63.co.uk",
            "tags": {},
            "tags_all": {},
            "vpc": [],
            "zone_id": "Z051827333LS6ISEWO7YI"
          },
          "sensitive_attributes": [],
          "private": "bnVsbA=="
        }
      ]
    },
    {
      "mode": "managed",
      "type": "aws_route_table",
      "name": "private-route-table",
      "provider": "provider[\"registry.terraform.io/hashicorp/aws\"]",
      "instances": [
        {
          "schema_version": 0,
          "attributes": {
            "arn": "arn:aws:ec2:us-east-1:340341089363:route-table/rtb-0d9a18eacddcd2830",
            "id": "rtb-0d9a18eacddcd2830",
            "owner_id": "340341089363",
            "propagating_vgws": [],
            "route": [
              {
                "carrier_gateway_id": "",
                "cidr_block": "0.0.0.0/0",
                "core_network_arn": "",
                "destination_prefix_list_id": "",
                "egress_only_gateway_id": "",
                "gateway_id": "",
                "ipv6_cidr_block": "",
                "local_gateway_id": "",
                "nat_gateway_id": "nat-03b6a49851ac2f30d",
                "network_interface_id": "",
                "transit_gateway_id": "",
                "vpc_endpoint_id": "",
                "vpc_peering_connection_id": ""
              }
            ],
            "tags": {
              "Name": " Private Route Table"
            },
            "tags_all": {
              "Name": " Private Route Table"
            },
            "timeouts": null,
            "vpc_id": "vpc-0dedb9f6ff80e3290"
          },
          "sensitive_attributes": [],
          "private": "eyJlMmJmYjczMC1lY2FhLTExZTYtOGY4OC0zNDM2M2JjN2M0YzAiOnsiY3JlYXRlIjozMDAwMDAwMDAwMDAsImRlbGV0ZSI6MzAwMDAwMDAwMDAwLCJ1cGRhdGUiOjEyMDAwMDAwMDAwMH19",
          "dependencies": [
            "aws_eip.eip_nat",
            "aws_nat_gateway.nat_1",
            "aws_subnet.public-web-subnet-2",
            "aws_vpc.vpc_alumno04"
          ]
        }
      ]
    },
    {
      "mode": "managed",
      "type": "aws_route_table",
      "name": "public-route-table",
      "provider": "provider[\"registry.terraform.io/hashicorp/aws\"]",
      "instances": [
        {
          "schema_version": 0,
          "attributes": {
            "arn": "arn:aws:ec2:us-east-1:340341089363:route-table/rtb-0ea5dd810fcd51b72",
            "id": "rtb-0ea5dd810fcd51b72",
            "owner_id": "340341089363",
            "propagating_vgws": [],
            "route": [
              {
                "carrier_gateway_id": "",
                "cidr_block": "0.0.0.0/0",
                "core_network_arn": "",
                "destination_prefix_list_id": "",
                "egress_only_gateway_id": "",
                "gateway_id": "igw-0e82602358c8c8e28",
                "ipv6_cidr_block": "",
                "local_gateway_id": "",
                "nat_gateway_id": "",
                "network_interface_id": "",
                "transit_gateway_id": "",
                "vpc_endpoint_id": "",
                "vpc_peering_connection_id": ""
              }
            ],
            "tags": {
              "Name": "Public route table"
            },
            "tags_all": {
              "Name": "Public route table"
            },
            "timeouts": null,
            "vpc_id": "vpc-0dedb9f6ff80e3290"
          },
          "sensitive_attributes": [],
          "private": "eyJlMmJmYjczMC1lY2FhLTExZTYtOGY4OC0zNDM2M2JjN2M0YzAiOnsiY3JlYXRlIjozMDAwMDAwMDAwMDAsImRlbGV0ZSI6MzAwMDAwMDAwMDAwLCJ1cGRhdGUiOjEyMDAwMDAwMDAwMH19",
          "dependencies": [
            "aws_internet_gateway.igw_alumno04",
            "aws_vpc.vpc_alumno04"
          ]
        }
      ]
    },
    {
      "mode": "managed",
      "type": "aws_route_table_association",
      "name": "nat_route_1",
      "provider": "provider[\"registry.terraform.io/hashicorp/aws\"]",
      "instances": [
        {
          "schema_version": 0,
          "attributes": {
            "gateway_id": "",
            "id": "rtbassoc-025bd6db038186f68",
            "route_table_id": "rtb-0d9a18eacddcd2830",
            "subnet_id": "subnet-02a41140083d66430",
            "timeouts": null
          },
          "sensitive_attributes": [],
          "private": "eyJlMmJmYjczMC1lY2FhLTExZTYtOGY4OC0zNDM2M2JjN2M0YzAiOnsiY3JlYXRlIjozMDAwMDAwMDAwMDAsImRlbGV0ZSI6MzAwMDAwMDAwMDAwLCJ1cGRhdGUiOjEyMDAwMDAwMDAwMH19",
          "dependencies": [
            "aws_eip.eip_nat",
            "aws_nat_gateway.nat_1",
            "aws_route_table.private-route-table",
            "aws_subnet.private-app-subnet-1",
            "aws_subnet.public-web-subnet-2",
            "aws_vpc.vpc_alumno04"
          ]
        }
      ]
    },
    {
      "mode": "managed",
      "type": "aws_route_table_association",
      "name": "nat_route_2",
      "provider": "provider[\"registry.terraform.io/hashicorp/aws\"]",
      "instances": [
        {
          "schema_version": 0,
          "attributes": {
            "gateway_id": "",
            "id": "rtbassoc-0ee60cac229f4900f",
            "route_table_id": "rtb-0d9a18eacddcd2830",
            "subnet_id": "subnet-092c6c7ae4bbac5ab",
            "timeouts": null
          },
          "sensitive_attributes": [],
          "private": "eyJlMmJmYjczMC1lY2FhLTExZTYtOGY4OC0zNDM2M2JjN2M0YzAiOnsiY3JlYXRlIjozMDAwMDAwMDAwMDAsImRlbGV0ZSI6MzAwMDAwMDAwMDAwLCJ1cGRhdGUiOjEyMDAwMDAwMDAwMH19",
          "dependencies": [
            "aws_eip.eip_nat",
            "aws_nat_gateway.nat_1",
            "aws_route_table.private-route-table",
            "aws_subnet.private-app-subnet-2",
            "aws_subnet.public-web-subnet-2",
            "aws_vpc.vpc_alumno04"
          ]
        }
      ]
    },
    {
      "mode": "managed",
      "type": "aws_route_table_association",
      "name": "public-subnet-1-route-table-association",
      "provider": "provider[\"registry.terraform.io/hashicorp/aws\"]",
      "instances": [
        {
          "schema_version": 0,
          "attributes": {
            "gateway_id": "",
            "id": "rtbassoc-00efdda9a342c0f94",
            "route_table_id": "rtb-0ea5dd810fcd51b72",
            "subnet_id": "subnet-044a13a9b9a0b76b5",
            "timeouts": null
          },
          "sensitive_attributes": [],
          "private": "eyJlMmJmYjczMC1lY2FhLTExZTYtOGY4OC0zNDM2M2JjN2M0YzAiOnsiY3JlYXRlIjozMDAwMDAwMDAwMDAsImRlbGV0ZSI6MzAwMDAwMDAwMDAwLCJ1cGRhdGUiOjEyMDAwMDAwMDAwMH19",
          "dependencies": [
            "aws_internet_gateway.igw_alumno04",
            "aws_route_table.public-route-table",
            "aws_subnet.public-web-subnet-1",
            "aws_vpc.vpc_alumno04"
          ]
        }
      ]
    },
    {
      "mode": "managed",
      "type": "aws_route_table_association",
      "name": "public-subnet-2-route-table-association",
      "provider": "provider[\"registry.terraform.io/hashicorp/aws\"]",
      "instances": [
        {
          "schema_version": 0,
          "attributes": {
            "gateway_id": "",
            "id": "rtbassoc-0120e3fd7e315a531",
            "route_table_id": "rtb-0ea5dd810fcd51b72",
            "subnet_id": "subnet-0d25d07c9b24b52f9",
            "timeouts": null
          },
          "sensitive_attributes": [],
          "private": "eyJlMmJmYjczMC1lY2FhLTExZTYtOGY4OC0zNDM2M2JjN2M0YzAiOnsiY3JlYXRlIjozMDAwMDAwMDAwMDAsImRlbGV0ZSI6MzAwMDAwMDAwMDAwLCJ1cGRhdGUiOjEyMDAwMDAwMDAwMH19",
          "dependencies": [
            "aws_internet_gateway.igw_alumno04",
            "aws_route_table.public-route-table",
            "aws_subnet.public-web-subnet-2",
            "aws_vpc.vpc_alumno04"
          ]
        }
      ]
    },
    {
      "mode": "managed",
      "type": "aws_security_group",
      "name": "alb-security-group",
      "provider": "provider[\"registry.terraform.io/hashicorp/aws\"]",
      "instances": [
        {
          "schema_version": 1,
          "attributes": {
            "arn": "arn:aws:ec2:us-east-1:340341089363:security-group/sg-083d2c02b2ed19fda",
            "description": "Allow HTTP and HTTPS access on port 80/443",
            "egress": [
              {
                "cidr_blocks": [
                  "0.0.0.0/0"
                ],
                "description": "",
                "from_port": 0,
                "ipv6_cidr_blocks": [],
                "prefix_list_ids": [],
                "protocol": "-1",
                "security_groups": [],
                "self": false,
                "to_port": 0
              }
            ],
            "id": "sg-083d2c02b2ed19fda",
            "ingress": [
              {
                "cidr_blocks": [
                  "0.0.0.0/0"
                ],
                "description": "http access",
                "from_port": 80,
                "ipv6_cidr_blocks": [],
                "prefix_list_ids": [],
                "protocol": "tcp",
                "security_groups": [],
                "self": false,
                "to_port": 80
              },
              {
                "cidr_blocks": [
                  "0.0.0.0/0"
                ],
                "description": "https access",
                "from_port": 443,
                "ipv6_cidr_blocks": [],
                "prefix_list_ids": [],
                "protocol": "tcp",
                "security_groups": [],
                "self": false,
                "to_port": 443
              }
            ],
            "name": "ALB Security group",
            "name_prefix": "",
            "owner_id": "340341089363",
            "revoke_rules_on_delete": false,
            "tags": {
              "Name": "ALB Security group"
            },
            "tags_all": {
              "Name": "ALB Security group"
            },
            "timeouts": null,
            "vpc_id": "vpc-0dedb9f6ff80e3290"
          },
          "sensitive_attributes": [],
          "private": "eyJlMmJmYjczMC1lY2FhLTExZTYtOGY4OC0zNDM2M2JjN2M0YzAiOnsiY3JlYXRlIjo2MDAwMDAwMDAwMDAsImRlbGV0ZSI6OTAwMDAwMDAwMDAwfSwic2NoZW1hX3ZlcnNpb24iOiIxIn0=",
          "dependencies": [
            "aws_vpc.vpc_alumno04"
          ]
        }
      ]
    },
    {
      "mode": "managed",
      "type": "aws_security_group",
      "name": "database_security_group",
      "provider": "provider[\"registry.terraform.io/hashicorp/aws\"]",
      "instances": [
        {
          "schema_version": 1,
          "attributes": {
            "arn": "arn:aws:ec2:us-east-1:340341089363:security-group/sg-0e30ad6e6aa5504ed",
            "description": "Enable MYSQL access on port 3306",
            "egress": [
              {
                "cidr_blocks": [
                  "0.0.0.0/0"
                ],
                "description": "",
                "from_port": 0,
                "ipv6_cidr_blocks": [],
                "prefix_list_ids": [],
                "protocol": "-1",
                "security_groups": [],
                "self": false,
                "to_port": 0
              }
            ],
            "id": "sg-0e30ad6e6aa5504ed",
            "ingress": [
              {
                "cidr_blocks": [],
                "description": "MYSQL access",
                "from_port": 3306,
                "ipv6_cidr_blocks": [],
                "prefix_list_ids": [],
                "protocol": "tcp",
                "security_groups": [
                  "sg-0f48c7d0a62bb9b81"
                ],
                "self": false,
                "to_port": 3306
              }
            ],
            "name": "Database server Security group",
            "name_prefix": "",
            "owner_id": "340341089363",
            "revoke_rules_on_delete": false,
            "tags": {
              "Name": "Database security group"
            },
            "tags_all": {
              "Name": "Database security group"
            },
            "timeouts": null,
            "vpc_id": "vpc-0dedb9f6ff80e3290"
          },
          "sensitive_attributes": [],
          "private": "eyJlMmJmYjczMC1lY2FhLTExZTYtOGY4OC0zNDM2M2JjN2M0YzAiOnsiY3JlYXRlIjo2MDAwMDAwMDAwMDAsImRlbGV0ZSI6OTAwMDAwMDAwMDAwfSwic2NoZW1hX3ZlcnNpb24iOiIxIn0=",
          "dependencies": [
            "aws_security_group.alb-security-group",
            "aws_security_group.webserver-security-group",
            "aws_vpc.vpc_alumno04"
          ]
        }
      ]
    },
    {
      "mode": "managed",
      "type": "aws_security_group",
      "name": "ssh-aws-security-group",
      "provider": "provider[\"registry.terraform.io/hashicorp/aws\"]",
      "instances": [
        {
          "schema_version": 1,
          "attributes": {
            "arn": "arn:aws:ec2:us-east-1:340341089363:security-group/sg-04529e7bf2fa55479",
            "description": "Enable ssh access on port 22c",
            "egress": [
              {
                "cidr_blocks": [
                  "0.0.0.0/0"
                ],
                "description": "",
                "from_port": 0,
                "ipv6_cidr_blocks": [],
                "prefix_list_ids": [],
                "protocol": "-1",
                "security_groups": [],
                "self": false,
                "to_port": 0
              }
            ],
            "id": "sg-04529e7bf2fa55479",
            "ingress": [
              {
                "cidr_blocks": [
                  "0.0.0.0/0"
                ],
                "description": "",
                "from_port": 22,
                "ipv6_cidr_blocks": [],
                "prefix_list_ids": [],
                "protocol": "tcp",
                "security_groups": [],
                "self": false,
                "to_port": 22
              }
            ],
            "name": "SSH Acess",
            "name_prefix": "",
            "owner_id": "340341089363",
            "revoke_rules_on_delete": false,
            "tags": {
              "Name": "SSH sevurity group"
            },
            "tags_all": {
              "Name": "SSH sevurity group"
            },
            "timeouts": null,
            "vpc_id": "vpc-0dedb9f6ff80e3290"
          },
          "sensitive_attributes": [],
          "private": "eyJlMmJmYjczMC1lY2FhLTExZTYtOGY4OC0zNDM2M2JjN2M0YzAiOnsiY3JlYXRlIjo2MDAwMDAwMDAwMDAsImRlbGV0ZSI6OTAwMDAwMDAwMDAwfSwic2NoZW1hX3ZlcnNpb24iOiIxIn0=",
          "dependencies": [
            "aws_vpc.vpc_alumno04"
          ]
        }
      ]
    },
    {
      "mode": "managed",
      "type": "aws_security_group",
      "name": "webserver-security-group",
      "provider": "provider[\"registry.terraform.io/hashicorp/aws\"]",
      "instances": [
        {
          "schema_version": 1,
          "attributes": {
            "arn": "arn:aws:ec2:us-east-1:340341089363:security-group/sg-0f48c7d0a62bb9b81",
            "description": "Allow HTTP and HTTPS inbound traffic on port 80/443",
            "egress": [
              {
                "cidr_blocks": [
                  "0.0.0.0/10"
                ],
                "description": "",
                "from_port": 0,
                "ipv6_cidr_blocks": [],
                "prefix_list_ids": [],
                "protocol": "-1",
                "security_groups": [],
                "self": false,
                "to_port": 0
              }
            ],
            "id": "sg-0f48c7d0a62bb9b81",
            "ingress": [
              {
                "cidr_blocks": [],
                "description": "http access",
                "from_port": 80,
                "ipv6_cidr_blocks": [],
                "prefix_list_ids": [],
                "protocol": "tcp",
                "security_groups": [
                  "sg-083d2c02b2ed19fda"
                ],
                "self": false,
                "to_port": 80
              },
              {
                "cidr_blocks": [],
                "description": "https access",
                "from_port": 443,
                "ipv6_cidr_blocks": [],
                "prefix_list_ids": [],
                "protocol": "tcp",
                "security_groups": [
                  "sg-083d2c02b2ed19fda"
                ],
                "self": false,
                "to_port": 443
              },
              {
                "cidr_blocks": [],
                "description": "ssh access",
                "from_port": 22,
                "ipv6_cidr_blocks": [],
                "prefix_list_ids": [],
                "protocol": "tcp",
                "security_groups": [
                  "sg-083d2c02b2ed19fda"
                ],
                "self": false,
                "to_port": 22
              }
            ],
            "name": "Web Server security group",
            "name_prefix": "",
            "owner_id": "340341089363",
            "revoke_rules_on_delete": false,
            "tags": {
              "Name": "Web Server security group"
            },
            "tags_all": {
              "Name": "Web Server security group"
            },
            "timeouts": null,
            "vpc_id": "vpc-0dedb9f6ff80e3290"
          },
          "sensitive_attributes": [],
          "private": "eyJlMmJmYjczMC1lY2FhLTExZTYtOGY4OC0zNDM2M2JjN2M0YzAiOnsiY3JlYXRlIjo2MDAwMDAwMDAwMDAsImRlbGV0ZSI6OTAwMDAwMDAwMDAwfSwic2NoZW1hX3ZlcnNpb24iOiIxIn0=",
          "dependencies": [
            "aws_security_group.alb-security-group",
            "aws_vpc.vpc_alumno04"
          ]
        }
      ]
    },
    {
      "mode": "managed",
      "type": "aws_subnet",
      "name": "private-app-subnet-1",
      "provider": "provider[\"registry.terraform.io/hashicorp/aws\"]",
      "instances": [
        {
          "schema_version": 1,
          "attributes": {
            "arn": "arn:aws:ec2:us-east-1:340341089363:subnet/subnet-02a41140083d66430",
            "assign_ipv6_address_on_creation": false,
            "availability_zone": "us-east-1a",
            "availability_zone_id": "use1-az1",
            "cidr_block": "10.0.3.0/24",
            "customer_owned_ipv4_pool": "",
            "enable_dns64": false,
            "enable_lni_at_device_index": 0,
            "enable_resource_name_dns_a_record_on_launch": false,
            "enable_resource_name_dns_aaaa_record_on_launch": false,
            "id": "subnet-02a41140083d66430",
            "ipv6_cidr_block": "",
            "ipv6_cidr_block_association_id": "",
            "ipv6_native": false,
            "map_customer_owned_ip_on_launch": false,
            "map_public_ip_on_launch": false,
            "outpost_arn": "",
            "owner_id": "340341089363",
            "private_dns_hostname_type_on_launch": "ip-name",
            "tags": {
              "Name": "Private subnet 1 - App Tier"
            },
            "tags_all": {
              "Name": "Private subnet 1 - App Tier"
            },
            "timeouts": null,
            "vpc_id": "vpc-0dedb9f6ff80e3290"
          },
          "sensitive_attributes": [],
          "private": "eyJlMmJmYjczMC1lY2FhLTExZTYtOGY4OC0zNDM2M2JjN2M0YzAiOnsiY3JlYXRlIjo2MDAwMDAwMDAwMDAsImRlbGV0ZSI6MTIwMDAwMDAwMDAwMH0sInNjaGVtYV92ZXJzaW9uIjoiMSJ9",
          "dependencies": [
            "aws_vpc.vpc_alumno04"
          ]
        }
      ]
    },
    {
      "mode": "managed",
      "type": "aws_subnet",
      "name": "private-app-subnet-2",
      "provider": "provider[\"registry.terraform.io/hashicorp/aws\"]",
      "instances": [
        {
          "schema_version": 1,
          "attributes": {
            "arn": "arn:aws:ec2:us-east-1:340341089363:subnet/subnet-092c6c7ae4bbac5ab",
            "assign_ipv6_address_on_creation": false,
            "availability_zone": "us-east-1b",
            "availability_zone_id": "use1-az2",
            "cidr_block": "10.0.4.0/24",
            "customer_owned_ipv4_pool": "",
            "enable_dns64": false,
            "enable_lni_at_device_index": 0,
            "enable_resource_name_dns_a_record_on_launch": false,
            "enable_resource_name_dns_aaaa_record_on_launch": false,
            "id": "subnet-092c6c7ae4bbac5ab",
            "ipv6_cidr_block": "",
            "ipv6_cidr_block_association_id": "",
            "ipv6_native": false,
            "map_customer_owned_ip_on_launch": false,
            "map_public_ip_on_launch": false,
            "outpost_arn": "",
            "owner_id": "340341089363",
            "private_dns_hostname_type_on_launch": "ip-name",
            "tags": {
              "Name": "Private subnet 2 - App Tier"
            },
            "tags_all": {
              "Name": "Private subnet 2 - App Tier"
            },
            "timeouts": null,
            "vpc_id": "vpc-0dedb9f6ff80e3290"
          },
          "sensitive_attributes": [],
          "private": "eyJlMmJmYjczMC1lY2FhLTExZTYtOGY4OC0zNDM2M2JjN2M0YzAiOnsiY3JlYXRlIjo2MDAwMDAwMDAwMDAsImRlbGV0ZSI6MTIwMDAwMDAwMDAwMH0sInNjaGVtYV92ZXJzaW9uIjoiMSJ9",
          "dependencies": [
            "aws_vpc.vpc_alumno04"
          ]
        }
      ]
    },
    {
      "mode": "managed",
      "type": "aws_subnet",
      "name": "private-db-subnet-1",
      "provider": "provider[\"registry.terraform.io/hashicorp/aws\"]",
      "instances": [
        {
          "schema_version": 1,
          "attributes": {
            "arn": "arn:aws:ec2:us-east-1:340341089363:subnet/subnet-00bee9360326d245f",
            "assign_ipv6_address_on_creation": false,
            "availability_zone": "us-east-1a",
            "availability_zone_id": "use1-az1",
            "cidr_block": "10.0.5.0/24",
            "customer_owned_ipv4_pool": "",
            "enable_dns64": false,
            "enable_lni_at_device_index": 0,
            "enable_resource_name_dns_a_record_on_launch": false,
            "enable_resource_name_dns_aaaa_record_on_launch": false,
            "id": "subnet-00bee9360326d245f",
            "ipv6_cidr_block": "",
            "ipv6_cidr_block_association_id": "",
            "ipv6_native": false,
            "map_customer_owned_ip_on_launch": false,
            "map_public_ip_on_launch": false,
            "outpost_arn": "",
            "owner_id": "340341089363",
            "private_dns_hostname_type_on_launch": "ip-name",
            "tags": {
              "Name": "Private subnet 1  - DB Tier"
            },
            "tags_all": {
              "Name": "Private subnet 1  - DB Tier"
            },
            "timeouts": null,
            "vpc_id": "vpc-0dedb9f6ff80e3290"
          },
          "sensitive_attributes": [],
          "private": "eyJlMmJmYjczMC1lY2FhLTExZTYtOGY4OC0zNDM2M2JjN2M0YzAiOnsiY3JlYXRlIjo2MDAwMDAwMDAwMDAsImRlbGV0ZSI6MTIwMDAwMDAwMDAwMH0sInNjaGVtYV92ZXJzaW9uIjoiMSJ9",
          "dependencies": [
            "aws_vpc.vpc_alumno04"
          ]
        }
      ]
    },
    {
      "mode": "managed",
      "type": "aws_subnet",
      "name": "private-db-subnet-2",
      "provider": "provider[\"registry.terraform.io/hashicorp/aws\"]",
      "instances": [
        {
          "schema_version": 1,
          "attributes": {
            "arn": "arn:aws:ec2:us-east-1:340341089363:subnet/subnet-0074390d7de2c8eb4",
            "assign_ipv6_address_on_creation": false,
            "availability_zone": "us-east-1b",
            "availability_zone_id": "use1-az2",
            "cidr_block": "10.0.6.0/24",
            "customer_owned_ipv4_pool": "",
            "enable_dns64": false,
            "enable_lni_at_device_index": 0,
            "enable_resource_name_dns_a_record_on_launch": false,
            "enable_resource_name_dns_aaaa_record_on_launch": false,
            "id": "subnet-0074390d7de2c8eb4",
            "ipv6_cidr_block": "",
            "ipv6_cidr_block_association_id": "",
            "ipv6_native": false,
            "map_customer_owned_ip_on_launch": false,
            "map_public_ip_on_launch": false,
            "outpost_arn": "",
            "owner_id": "340341089363",
            "private_dns_hostname_type_on_launch": "ip-name",
            "tags": {
              "Name": "Private subnet 2 - DB Tier"
            },
            "tags_all": {
              "Name": "Private subnet 2 - DB Tier"
            },
            "timeouts": null,
            "vpc_id": "vpc-0dedb9f6ff80e3290"
          },
          "sensitive_attributes": [],
          "private": "eyJlMmJmYjczMC1lY2FhLTExZTYtOGY4OC0zNDM2M2JjN2M0YzAiOnsiY3JlYXRlIjo2MDAwMDAwMDAwMDAsImRlbGV0ZSI6MTIwMDAwMDAwMDAwMH0sInNjaGVtYV92ZXJzaW9uIjoiMSJ9",
          "dependencies": [
            "aws_vpc.vpc_alumno04"
          ]
        }
      ]
    },
    {
      "mode": "managed",
      "type": "aws_subnet",
      "name": "public-web-subnet-1",
      "provider": "provider[\"registry.terraform.io/hashicorp/aws\"]",
      "instances": [
        {
          "schema_version": 1,
          "attributes": {
            "arn": "arn:aws:ec2:us-east-1:340341089363:subnet/subnet-044a13a9b9a0b76b5",
            "assign_ipv6_address_on_creation": false,
            "availability_zone": "us-east-1a",
            "availability_zone_id": "use1-az1",
            "cidr_block": "10.0.1.0/24",
            "customer_owned_ipv4_pool": "",
            "enable_dns64": false,
            "enable_lni_at_device_index": 0,
            "enable_resource_name_dns_a_record_on_launch": false,
            "enable_resource_name_dns_aaaa_record_on_launch": false,
            "id": "subnet-044a13a9b9a0b76b5",
            "ipv6_cidr_block": "",
            "ipv6_cidr_block_association_id": "",
            "ipv6_native": false,
            "map_customer_owned_ip_on_launch": false,
            "map_public_ip_on_launch": true,
            "outpost_arn": "",
            "owner_id": "340341089363",
            "private_dns_hostname_type_on_launch": "ip-name",
            "tags": {
              "Name": "Public subnet 1"
            },
            "tags_all": {
              "Name": "Public subnet 1"
            },
            "timeouts": null,
            "vpc_id": "vpc-0dedb9f6ff80e3290"
          },
          "sensitive_attributes": [],
          "private": "eyJlMmJmYjczMC1lY2FhLTExZTYtOGY4OC0zNDM2M2JjN2M0YzAiOnsiY3JlYXRlIjo2MDAwMDAwMDAwMDAsImRlbGV0ZSI6MTIwMDAwMDAwMDAwMH0sInNjaGVtYV92ZXJzaW9uIjoiMSJ9",
          "dependencies": [
            "aws_vpc.vpc_alumno04"
          ]
        }
      ]
    },
    {
      "mode": "managed",
      "type": "aws_subnet",
      "name": "public-web-subnet-2",
      "provider": "provider[\"registry.terraform.io/hashicorp/aws\"]",
      "instances": [
        {
          "schema_version": 1,
          "attributes": {
            "arn": "arn:aws:ec2:us-east-1:340341089363:subnet/subnet-0d25d07c9b24b52f9",
            "assign_ipv6_address_on_creation": false,
            "availability_zone": "us-east-1b",
            "availability_zone_id": "use1-az2",
            "cidr_block": "10.0.2.0/24",
            "customer_owned_ipv4_pool": "",
            "enable_dns64": false,
            "enable_lni_at_device_index": 0,
            "enable_resource_name_dns_a_record_on_launch": false,
            "enable_resource_name_dns_aaaa_record_on_launch": false,
            "id": "subnet-0d25d07c9b24b52f9",
            "ipv6_cidr_block": "",
            "ipv6_cidr_block_association_id": "",
            "ipv6_native": false,
            "map_customer_owned_ip_on_launch": false,
            "map_public_ip_on_launch": true,
            "outpost_arn": "",
            "owner_id": "340341089363",
            "private_dns_hostname_type_on_launch": "ip-name",
            "tags": {
              "Name": "Public subnet 2"
            },
            "tags_all": {
              "Name": "Public subnet 2"
            },
            "timeouts": null,
            "vpc_id": "vpc-0dedb9f6ff80e3290"
          },
          "sensitive_attributes": [],
          "private": "eyJlMmJmYjczMC1lY2FhLTExZTYtOGY4OC0zNDM2M2JjN2M0YzAiOnsiY3JlYXRlIjo2MDAwMDAwMDAwMDAsImRlbGV0ZSI6MTIwMDAwMDAwMDAwMH0sInNjaGVtYV92ZXJzaW9uIjoiMSJ9",
          "dependencies": [
            "aws_vpc.vpc_alumno04"
          ]
        }
      ]
    },
    {
      "mode": "managed",
      "type": "aws_vpc",
      "name": "vpc_alumno04",
      "provider": "provider[\"registry.terraform.io/hashicorp/aws\"]",
      "instances": [
        {
          "schema_version": 1,
          "attributes": {
            "arn": "arn:aws:ec2:us-east-1:340341089363:vpc/vpc-0dedb9f6ff80e3290",
            "assign_generated_ipv6_cidr_block": false,
            "cidr_block": "10.0.0.0/16",
            "default_network_acl_id": "acl-00f7e09a13b0997f1",
            "default_route_table_id": "rtb-0cd6b0ddfdaa95c81",
            "default_security_group_id": "sg-088352e35c23ff826",
            "dhcp_options_id": "dopt-074c31c85c089f9d1",
            "enable_dns_hostnames": false,
            "enable_dns_support": true,
            "enable_network_address_usage_metrics": false,
            "id": "vpc-0dedb9f6ff80e3290",
            "instance_tenancy": "default",
            "ipv4_ipam_pool_id": null,
            "ipv4_netmask_length": null,
            "ipv6_association_id": "",
            "ipv6_cidr_block": "",
            "ipv6_cidr_block_network_border_group": "",
            "ipv6_ipam_pool_id": "",
            "ipv6_netmask_length": 0,
            "main_route_table_id": "rtb-0cd6b0ddfdaa95c81",
            "owner_id": "340341089363",
            "tags": {
              "Name": "central-network"
            },
            "tags_all": {
              "Name": "central-network"
            }
          },
          "sensitive_attributes": [],
          "private": "eyJzY2hlbWFfdmVyc2lvbiI6IjEifQ=="
        }
      ]
    },
    {
      "mode": "managed",
      "type": "local_file",
      "name": "tf_key",
      "provider": "provider[\"registry.terraform.io/hashicorp/local\"]",
      "instances": [
        {
          "schema_version": 0,
          "attributes": {
            "content": "-----BEGIN RSA PRIVATE KEY-----\nMIIEowIBAAKCAQEA2MYziEOIlg4SfcId3NMoRKnuUC6j+vPCafBs9bUjDi3v3Dt0\nT1dKQuEw+HOcgNjsJcdlMjvG6ANp6QueMg8SZf4f+4wX9laK21EVu5mQEDPQSKSf\nU5WXxU7Cb3iW980ya4f8frQelUsQ+vIVdp6+p7PfUslZNR74On05FQIhz+h9IeU+\nc67zoHKAh7pn8tsmLfH4WUb1z2XhrSlovu4oW11oZHY9LcKrxv6Aqr9wfOHCrqRM\nb3AZuKMBqdd6YS2O3LSB9L8LFDjVnGXNnXZzSrn7IbXaG7oMxJ693bpBa7atq0Mc\nN57qZtt/JMQn5hJoLq0O+UCd1CGkIZoodyPhSQIDAQABAoIBAF3Bc55W3ydPVM4R\nfAr7ROpVuN3zHjc24HojY2zt+Ah0884D5O0/6r18WkrK7gCIUbKRSAJu+jt05oTF\n4pjyDdoRDFImqGKB0bLDoiuuYjGvx0Dz+nkTNT5ALzY5KMpqdIkvmpROYP/fJKv0\nsjXIuNsdn9RVg4DHMUNSz7J3ZppdvfFpvp9zXmdFn+Ao2xJmdgmGA1VoMA0grMVA\nN8BV0GtYeR8QTcY3kyzOScIwFl1FZzR7orUNdS66bHmg61/lk9qWyCDa0bRxTWn3\nAGbM+PlObxmRSJRQegbYcayHRIXeNh0zqicwV62XYcdQA7hv8h0BknEbpe8mO+Gd\njOVNgZECgYEA2Ox1ePgbwdOGwEf7u2sIlxiKpY0OIUBN1Wa3w4MYAcz2cYbAIow5\nWwkqXln3CrhCapmh49NGTiFkYWA+dYJ8g2KRhf9/YkBN4Kp7I1v6CD2nOPJwiI4S\n0+GBI9sSpwTb7tXwnrvRm3x0HhRznUQZxx66vK+DrF/Ffa1a0029UA0CgYEA/9LZ\nyvHvEKYYCl0y/6C1bZqL8FBLh9LnzVykxe6ciAhY9g6x3FOU6tymNBE8750e1Fk5\n8SuVS8Y2XpLCSxVAc0/F2BjOc+Hha7eBdkNHqGHJKBQwznkBq5zDslUonmR7SCeX\nxKdbVwtuh2DgzXZXugan6k92mIpeTviZ6izNSy0CgYBClTHpk55RfC/cTTwDZvMY\nDbxg3E79/dLmMcUuCcsQomzyo73N3OSuAL40f8DIVY5tUgLS/0KRMMay7Ou+/fJi\nEZtBWg8rhTliQHHThKPWa7YsUJ4iDBnTV2BgNRogkelAAgL9dgD8jNLHeNeT6hdP\neysuR2FPQ4ZG8TLzsOTu8QKBgEA0avTEQ3uqM95mBaaibuZTI0vs2wf7prGjzrbe\na+q4LZuTlI/3aiiHuC7ZJLH+fP5OZnxgs9eQp5SUwK6XZtWJ792MXEQ5LJocNCG6\nQQHBiPrGFnm7ZO/tKDBZrxgRn988EJsKZaIy/Ep9xe3LBblqcjocN2eRUpn/SqG7\nHMsBAoGBANB/DhItTGyDcTYC5A6YFuSfyGmz3ylBt8/uRTmWI3TSzb8JLcdNfO2h\nAg7hBnPXBZEqQh7N3ULCGHFLjEMGFKoP3Fc/n2S1hF5L/w10biBEIDfbEUz/7EC/\nCTDw5ZmnzPKtl9Df6MaOep6o0F7dJ2+NkRzDbssaVkxazDW3PXaO\n-----END RSA PRIVATE KEY-----\n",
            "content_base64": null,
            "content_base64sha256": "R6aZsl9GqIf1q8nqyWbDhCRBYMRfuh1rNYPwtqau9tg=",
            "content_base64sha512": "XNHQkwjzDSDwzWUTyXqSDSSOEDUbWFufiHRhH/CEdHrVXZhhtJhjzze3oESV+XHqc4i/0ilw5rzsDNGLIRKVCQ==",
            "content_md5": "2ec449710a4c03efb24984a965447502",
            "content_sha1": "b05afebde6c235e9f8b1e570c677ddbe04db33fc",
            "content_sha256": "47a699b25f46a887f5abc9eac966c384244160c45fba1d6b3583f0b6a6aef6d8",
            "content_sha512": "5cd1d09308f30d20f0cd6513c97a920d248e10351b585b9f8874611ff084747ad55d9861b49863cf37b7a04495f971ea7388bfd22970e6bcec0cd18b21129509",
            "directory_permission": "0777",
            "file_permission": "0777",
            "filename": "hola",
            "id": "b05afebde6c235e9f8b1e570c677ddbe04db33fc",
            "sensitive_content": null,
            "source": null
          },
          "sensitive_attributes": [
            [
              {
                "type": "get_attr",
                "value": "content"
              }
            ],
            [
              {
                "type": "get_attr",
                "value": "sensitive_content"
              }
            ]
          ],
          "dependencies": [
            "tls_private_key.rsa-4096-alumno04"
          ]
        }
      ]
    },
    {
      "mode": "managed",
      "type": "tls_private_key",
      "name": "rsa-4096-alumno04",
      "provider": "provider[\"registry.terraform.io/hashicorp/tls\"]",
      "instances": [
        {
          "schema_version": 1,
          "attributes": {
            "algorithm": "RSA",
            "ecdsa_curve": "P224",
            "id": "5e6987a263928cbb1905564984515e14e940f86e",
            "private_key_openssh": "-----BEGIN OPENSSH PRIVATE KEY-----\nb3BlbnNzaC1rZXktdjEAAAAABG5vbmUAAAAEbm9uZQAAAAAAAAABAAABFwAAAAdz\nc2gtcnNhAAAAAwEAAQAAAQEA2MYziEOIlg4SfcId3NMoRKnuUC6j+vPCafBs9bUj\nDi3v3Dt0T1dKQuEw+HOcgNjsJcdlMjvG6ANp6QueMg8SZf4f+4wX9laK21EVu5mQ\nEDPQSKSfU5WXxU7Cb3iW980ya4f8frQelUsQ+vIVdp6+p7PfUslZNR74On05FQIh\nz+h9IeU+c67zoHKAh7pn8tsmLfH4WUb1z2XhrSlovu4oW11oZHY9LcKrxv6Aqr9w\nfOHCrqRMb3AZuKMBqdd6YS2O3LSB9L8LFDjVnGXNnXZzSrn7IbXaG7oMxJ693bpB\na7atq0McN57qZtt/JMQn5hJoLq0O+UCd1CGkIZoodyPhSQAAA7ieOrLinjqy4gAA\nAAdzc2gtcnNhAAABAQDYxjOIQ4iWDhJ9wh3c0yhEqe5QLqP688Jp8Gz1tSMOLe/c\nO3RPV0pC4TD4c5yA2Owlx2UyO8boA2npC54yDxJl/h/7jBf2VorbURW7mZAQM9BI\npJ9TlZfFTsJveJb3zTJrh/x+tB6VSxD68hV2nr6ns99SyVk1Hvg6fTkVAiHP6H0h\n5T5zrvOgcoCHumfy2yYt8fhZRvXPZeGtKWi+7ihbXWhkdj0twqvG/oCqv3B84cKu\npExvcBm4owGp13phLY7ctIH0vwsUONWcZc2ddnNKufshtdobugzEnr3dukFrtq2r\nQxw3nupm238kxCfmEmgurQ75QJ3UIaQhmih3I+FJAAAAAwEAAQAAAQBdwXOeVt8n\nT1TOEXwK+0TqVbjd8x43NuB6I2Ns7fgIdPPOA+TtP+q9fFpKyu4AiFGykUgCbvo7\ndOaExeKY8g3aEQxSJqhigdGyw6IrrmIxr8dA8/p5EzU+QC82OSjKanSJL5qUTmD/\n3ySr9LI1yLjbHZ/UVYOAxzFDUs+yd2aaXb3xab6fc15nRZ/gKNsSZnYJhgNVaDAN\nIKzFQDfAVdBrWHkfEE3GN5MszknCMBZdRWc0e6K1DXUuumx5oOtf5ZPalsgg2tG0\ncU1p9wBmzPj5Tm8ZkUiUUHoG2HGsh0SF3jYdM6onMFetl2HHUAO4b/IdAZJxG6Xv\nJjvhnYzlTYGRAAAAgQDQfw4SLUxsg3E2AuQOmBbkn8hps98pQbfP7kU5liN00s2/\nCS3HTXztoQIO4QZz1wWRKkIezd1CwhhxS4xDBhSqD9xXP59ktYReS/8NdG4gRCA3\n2xFM/+xAvwkw8OWZp8zyrZfQ3+jGjnqeqNBe3SdvjZEcw27LGlZMWsw1tz12jgAA\nAIEA2Ox1ePgbwdOGwEf7u2sIlxiKpY0OIUBN1Wa3w4MYAcz2cYbAIow5WwkqXln3\nCrhCapmh49NGTiFkYWA+dYJ8g2KRhf9/YkBN4Kp7I1v6CD2nOPJwiI4S0+GBI9sS\npwTb7tXwnrvRm3x0HhRznUQZxx66vK+DrF/Ffa1a0029UA0AAACBAP/S2crx7xCm\nGApdMv+gtW2ai/BQS4fS581cpMXunIgIWPYOsdxTlOrcpjQRPO+dHtRZOfErlUvG\nNl6SwksVQHNPxdgYznPh4Wu3gXZDR6hhySgUMM55Aaucw7JVKJ5ke0gnl8SnW1cL\nbodg4M12V7oGp+pPdpiKXk74meoszUstAAAAAAEC\n-----END OPENSSH PRIVATE KEY-----\n",
            "private_key_pem": "-----BEGIN RSA PRIVATE KEY-----\nMIIEowIBAAKCAQEA2MYziEOIlg4SfcId3NMoRKnuUC6j+vPCafBs9bUjDi3v3Dt0\nT1dKQuEw+HOcgNjsJcdlMjvG6ANp6QueMg8SZf4f+4wX9laK21EVu5mQEDPQSKSf\nU5WXxU7Cb3iW980ya4f8frQelUsQ+vIVdp6+p7PfUslZNR74On05FQIhz+h9IeU+\nc67zoHKAh7pn8tsmLfH4WUb1z2XhrSlovu4oW11oZHY9LcKrxv6Aqr9wfOHCrqRM\nb3AZuKMBqdd6YS2O3LSB9L8LFDjVnGXNnXZzSrn7IbXaG7oMxJ693bpBa7atq0Mc\nN57qZtt/JMQn5hJoLq0O+UCd1CGkIZoodyPhSQIDAQABAoIBAF3Bc55W3ydPVM4R\nfAr7ROpVuN3zHjc24HojY2zt+Ah0884D5O0/6r18WkrK7gCIUbKRSAJu+jt05oTF\n4pjyDdoRDFImqGKB0bLDoiuuYjGvx0Dz+nkTNT5ALzY5KMpqdIkvmpROYP/fJKv0\nsjXIuNsdn9RVg4DHMUNSz7J3ZppdvfFpvp9zXmdFn+Ao2xJmdgmGA1VoMA0grMVA\nN8BV0GtYeR8QTcY3kyzOScIwFl1FZzR7orUNdS66bHmg61/lk9qWyCDa0bRxTWn3\nAGbM+PlObxmRSJRQegbYcayHRIXeNh0zqicwV62XYcdQA7hv8h0BknEbpe8mO+Gd\njOVNgZECgYEA2Ox1ePgbwdOGwEf7u2sIlxiKpY0OIUBN1Wa3w4MYAcz2cYbAIow5\nWwkqXln3CrhCapmh49NGTiFkYWA+dYJ8g2KRhf9/YkBN4Kp7I1v6CD2nOPJwiI4S\n0+GBI9sSpwTb7tXwnrvRm3x0HhRznUQZxx66vK+DrF/Ffa1a0029UA0CgYEA/9LZ\nyvHvEKYYCl0y/6C1bZqL8FBLh9LnzVykxe6ciAhY9g6x3FOU6tymNBE8750e1Fk5\n8SuVS8Y2XpLCSxVAc0/F2BjOc+Hha7eBdkNHqGHJKBQwznkBq5zDslUonmR7SCeX\nxKdbVwtuh2DgzXZXugan6k92mIpeTviZ6izNSy0CgYBClTHpk55RfC/cTTwDZvMY\nDbxg3E79/dLmMcUuCcsQomzyo73N3OSuAL40f8DIVY5tUgLS/0KRMMay7Ou+/fJi\nEZtBWg8rhTliQHHThKPWa7YsUJ4iDBnTV2BgNRogkelAAgL9dgD8jNLHeNeT6hdP\neysuR2FPQ4ZG8TLzsOTu8QKBgEA0avTEQ3uqM95mBaaibuZTI0vs2wf7prGjzrbe\na+q4LZuTlI/3aiiHuC7ZJLH+fP5OZnxgs9eQp5SUwK6XZtWJ792MXEQ5LJocNCG6\nQQHBiPrGFnm7ZO/tKDBZrxgRn988EJsKZaIy/Ep9xe3LBblqcjocN2eRUpn/SqG7\nHMsBAoGBANB/DhItTGyDcTYC5A6YFuSfyGmz3ylBt8/uRTmWI3TSzb8JLcdNfO2h\nAg7hBnPXBZEqQh7N3ULCGHFLjEMGFKoP3Fc/n2S1hF5L/w10biBEIDfbEUz/7EC/\nCTDw5ZmnzPKtl9Df6MaOep6o0F7dJ2+NkRzDbssaVkxazDW3PXaO\n-----END RSA PRIVATE KEY-----\n",
            "private_key_pem_pkcs8": "-----BEGIN PRIVATE KEY-----\nMIIEvQIBADANBgkqhkiG9w0BAQEFAASCBKcwggSjAgEAAoIBAQDYxjOIQ4iWDhJ9\nwh3c0yhEqe5QLqP688Jp8Gz1tSMOLe/cO3RPV0pC4TD4c5yA2Owlx2UyO8boA2np\nC54yDxJl/h/7jBf2VorbURW7mZAQM9BIpJ9TlZfFTsJveJb3zTJrh/x+tB6VSxD6\n8hV2nr6ns99SyVk1Hvg6fTkVAiHP6H0h5T5zrvOgcoCHumfy2yYt8fhZRvXPZeGt\nKWi+7ihbXWhkdj0twqvG/oCqv3B84cKupExvcBm4owGp13phLY7ctIH0vwsUONWc\nZc2ddnNKufshtdobugzEnr3dukFrtq2rQxw3nupm238kxCfmEmgurQ75QJ3UIaQh\nmih3I+FJAgMBAAECggEAXcFznlbfJ09UzhF8CvtE6lW43fMeNzbgeiNjbO34CHTz\nzgPk7T/qvXxaSsruAIhRspFIAm76O3TmhMXimPIN2hEMUiaoYoHRssOiK65iMa/H\nQPP6eRM1PkAvNjkoymp0iS+alE5g/98kq/SyNci42x2f1FWDgMcxQ1LPsndmml29\n8Wm+n3NeZ0Wf4CjbEmZ2CYYDVWgwDSCsxUA3wFXQa1h5HxBNxjeTLM5JwjAWXUVn\nNHuitQ11LrpseaDrX+WT2pbIINrRtHFNafcAZsz4+U5vGZFIlFB6BthxrIdEhd42\nHTOqJzBXrZdhx1ADuG/yHQGScRul7yY74Z2M5U2BkQKBgQDY7HV4+BvB04bAR/u7\nawiXGIqljQ4hQE3VZrfDgxgBzPZxhsAijDlbCSpeWfcKuEJqmaHj00ZOIWRhYD51\ngnyDYpGF/39iQE3gqnsjW/oIPac48nCIjhLT4YEj2xKnBNvu1fCeu9GbfHQeFHOd\nRBnHHrq8r4OsX8V9rVrTTb1QDQKBgQD/0tnK8e8QphgKXTL/oLVtmovwUEuH0ufN\nXKTF7pyICFj2DrHcU5Tq3KY0ETzvnR7UWTnxK5VLxjZeksJLFUBzT8XYGM5z4eFr\nt4F2Q0eoYckoFDDOeQGrnMOyVSieZHtIJ5fEp1tXC26HYODNdle6BqfqT3aYil5O\n+JnqLM1LLQKBgEKVMemTnlF8L9xNPANm8xgNvGDcTv390uYxxS4JyxCibPKjvc3c\n5K4AvjR/wMhVjm1SAtL/QpEwxrLs67798mIRm0FaDyuFOWJAcdOEo9ZrtixQniIM\nGdNXYGA1GiCR6UACAv12APyM0sd415PqF097Ky5HYU9DhkbxMvOw5O7xAoGAQDRq\n9MRDe6oz3mYFpqJu5lMjS+zbB/umsaPOtt5r6rgtm5OUj/dqKIe4Ltkksf58/k5m\nfGCz15CnlJTArpdm1Ynv3YxcRDksmhw0IbpBAcGI+sYWebtk7+0oMFmvGBGf3zwQ\nmwplojL8Sn3F7csFuWpyOhw3Z5FSmf9KobscywECgYEA0H8OEi1MbINxNgLkDpgW\n5J/IabPfKUG3z+5FOZYjdNLNvwktx0187aECDuEGc9cFkSpCHs3dQsIYcUuMQwYU\nqg/cVz+fZLWEXkv/DXRuIEQgN9sRTP/sQL8JMPDlmafM8q2X0N/oxo56nqjQXt0n\nb42RHMNuyxpWTFrMNbc9do4=\n-----END PRIVATE KEY-----\n",
            "public_key_fingerprint_md5": "a0:e7:ad:4d:fd:fc:dc:a2:5e:82:23:f1:fe:59:5b:85",
            "public_key_fingerprint_sha256": "SHA256:QZ5QzK/IfoNLCO0KvurlY0XRsz/YgZLthAeDxybiDU8",
            "public_key_openssh": "ssh-rsa AAAAB3NzaC1yc2EAAAADAQABAAABAQDYxjOIQ4iWDhJ9wh3c0yhEqe5QLqP688Jp8Gz1tSMOLe/cO3RPV0pC4TD4c5yA2Owlx2UyO8boA2npC54yDxJl/h/7jBf2VorbURW7mZAQM9BIpJ9TlZfFTsJveJb3zTJrh/x+tB6VSxD68hV2nr6ns99SyVk1Hvg6fTkVAiHP6H0h5T5zrvOgcoCHumfy2yYt8fhZRvXPZeGtKWi+7ihbXWhkdj0twqvG/oCqv3B84cKupExvcBm4owGp13phLY7ctIH0vwsUONWcZc2ddnNKufshtdobugzEnr3dukFrtq2rQxw3nupm238kxCfmEmgurQ75QJ3UIaQhmih3I+FJ\n",
            "public_key_pem": "-----BEGIN PUBLIC KEY-----\nMIIBIjANBgkqhkiG9w0BAQEFAAOCAQ8AMIIBCgKCAQEA2MYziEOIlg4SfcId3NMo\nRKnuUC6j+vPCafBs9bUjDi3v3Dt0T1dKQuEw+HOcgNjsJcdlMjvG6ANp6QueMg8S\nZf4f+4wX9laK21EVu5mQEDPQSKSfU5WXxU7Cb3iW980ya4f8frQelUsQ+vIVdp6+\np7PfUslZNR74On05FQIhz+h9IeU+c67zoHKAh7pn8tsmLfH4WUb1z2XhrSlovu4o\nW11oZHY9LcKrxv6Aqr9wfOHCrqRMb3AZuKMBqdd6YS2O3LSB9L8LFDjVnGXNnXZz\nSrn7IbXaG7oMxJ693bpBa7atq0McN57qZtt/JMQn5hJoLq0O+UCd1CGkIZoodyPh\nSQIDAQAB\n-----END PUBLIC KEY-----\n",
            "rsa_bits": 2048
          },
          "sensitive_attributes": [
            [
              {
                "type": "get_attr",
                "value": "private_key_pem"
              }
            ],
            [
              {
                "type": "get_attr",
                "value": "private_key_openssh"
              }
            ],
            [
              {
                "type": "get_attr",
                "value": "private_key_pem_pkcs8"
              }
            ]
          ]
        }
      ]
    }
  ],
  "check_results": null
}
