{
  "version": 4,
  "terraform_version": "1.9.8",
  "serial": 836,
  "lineage": "b7309002-b095-75c2-78c9-1f6a9ced7b10",
  "outputs": {
    "dns_validation_fqdns_primary": {
      "value": [
        "_f07e56e5aac7da017adccf59cf10cbc0.www.pelucornio.link"
      ],
      "type": [
        "tuple",
        [
          "string"
        ]
      ]
    },
    "lb_dns_name": {
      "value": "web-external-load-balancer-1321200628.us-east-1.elb.amazonaws.com",
      "type": "string"
    }
  },
  "resources": [
    {
      "mode": "data",
      "type": "aws_ami",
      "name": "amazon_linux_2",
      "provider": "provider[\"registry.terraform.io/hashicorp/aws\"]",
      "instances": [
        {
          "schema_version": 0,
          "attributes": {
            "architecture": "x86_64",
            "arn": "arn:aws:ec2:us-east-1::image/ami-09e4ba81d75ebeb6a",
            "block_device_mappings": [
              {
                "device_name": "/dev/xvda",
                "ebs": {
                  "delete_on_termination": "true",
                  "encrypted": "false",
                  "iops": "0",
                  "snapshot_id": "snap-06d0cd67bc180ad50",
                  "throughput": "0",
                  "volume_size": "8",
                  "volume_type": "gp2"
                },
                "no_device": "",
                "virtual_name": ""
              }
            ],
            "boot_mode": "",
            "creation_date": "2024-11-13T23:35:13.000Z",
            "deprecation_time": "2025-07-01T00:00:00.000Z",
            "description": "Amazon Linux 2 AMI 2.0.20241113.1 x86_64 HVM gp2",
            "ena_support": true,
            "executable_users": null,
            "filter": [
              {
                "name": "name",
                "values": [
                  "amzn2-ami-hvm-*"
                ]
              },
              {
                "name": "owner-alias",
                "values": [
                  "amazon"
                ]
              },
              {
                "name": "virtualization-type",
                "values": [
                  "hvm"
                ]
              }
            ],
            "hypervisor": "xen",
            "id": "ami-09e4ba81d75ebeb6a",
            "image_id": "ami-09e4ba81d75ebeb6a",
            "image_location": "amazon/amzn2-ami-hvm-2.0.20241113.1-x86_64-gp2",
            "image_owner_alias": "amazon",
            "image_type": "machine",
            "imds_support": "",
            "include_deprecated": false,
            "kernel_id": "",
            "most_recent": true,
            "name": "amzn2-ami-hvm-2.0.20241113.1-x86_64-gp2",
            "name_regex": null,
            "owner_id": "137112412989",
            "owners": [
              "amazon"
            ],
            "platform": "",
            "platform_details": "Linux/UNIX",
            "product_codes": [],
            "public": true,
            "ramdisk_id": "",
            "root_device_name": "/dev/xvda",
            "root_device_type": "ebs",
            "root_snapshot_id": "snap-06d0cd67bc180ad50",
            "sriov_net_support": "simple",
            "state": "available",
            "state_reason": {
              "code": "UNSET",
              "message": "UNSET"
            },
            "tags": {},
            "timeouts": null,
            "tpm_support": "",
            "usage_operation": "RunInstances",
            "virtualization_type": "hvm"
          },
          "sensitive_attributes": []
        }
      ]
    },
    {
      "mode": "managed",
      "type": "aws_acm_certificate",
      "name": "primary_hosted_zone",
      "provider": "provider[\"registry.terraform.io/hashicorp/aws\"]",
      "instances": [
        {
          "schema_version": 0,
          "attributes": {
            "arn": "arn:aws:acm:us-east-1:340341089363:certificate/2fdce1ff-f89b-4cb9-bbd1-abe2c547558d",
            "certificate_authority_arn": "",
            "certificate_body": null,
            "certificate_chain": null,
            "domain_name": "www.pelucornio.link",
            "domain_validation_options": [
              {
                "domain_name": "www.pelucornio.link",
                "resource_record_name": "_f07e56e5aac7da017adccf59cf10cbc0.www.pelucornio.link.",
                "resource_record_type": "CNAME",
                "resource_record_value": "_1c4139ae908ed26d871c462b8ace968e.zfyfvmchrl.acm-validations.aws."
              }
            ],
            "early_renewal_duration": "",
            "id": "arn:aws:acm:us-east-1:340341089363:certificate/2fdce1ff-f89b-4cb9-bbd1-abe2c547558d",
            "key_algorithm": "RSA_2048",
            "not_after": "",
            "not_before": "",
            "options": [
              {
                "certificate_transparency_logging_preference": "ENABLED"
              }
            ],
            "pending_renewal": false,
            "private_key": null,
            "renewal_eligibility": "INELIGIBLE",
            "renewal_summary": [],
            "status": "PENDING_VALIDATION",
            "subject_alternative_names": [
              "www.pelucornio.link"
            ],
            "tags": {
              "Environment": "dev",
              "Name": "certificateForDevelopmentPrimary",
              "Scope": "vpn_server"
            },
            "tags_all": {
              "Environment": "dev",
              "Name": "certificateForDevelopmentPrimary",
              "Scope": "vpn_server"
            },
            "type": "AMAZON_ISSUED",
            "validation_emails": [],
            "validation_method": "DNS",
            "validation_option": []
          },
          "sensitive_attributes": [
            [
              {
                "type": "get_attr",
                "value": "private_key"
              }
            ]
          ],
          "private": "bnVsbA=="
        }
      ]
    },
    {
      "mode": "managed",
      "type": "aws_acm_certificate",
      "name": "vpn_server",
      "provider": "provider[\"registry.terraform.io/hashicorp/aws\"]",
      "instances": [
        {
          "schema_version": 0,
          "attributes": {
            "arn": "arn:aws:acm:us-east-1:340341089363:certificate/e9157c2e-152d-4811-a768-d13cad577ea6",
            "certificate_authority_arn": "",
            "certificate_body": null,
            "certificate_chain": null,
            "domain_name": "alumno04.pelucornio.link",
            "domain_validation_options": [
              {
                "domain_name": "alumno04.pelucornio.link",
                "resource_record_name": "_f1a26c196ca2301eaf904ed6e8df9569.alumno04.pelucornio.link.",
                "resource_record_type": "CNAME",
                "resource_record_value": "_0cc0016bc154c4552079eb45d1a53f7b.zfyfvmchrl.acm-validations.aws."
              }
            ],
            "early_renewal_duration": "",
            "id": "arn:aws:acm:us-east-1:340341089363:certificate/e9157c2e-152d-4811-a768-d13cad577ea6",
            "key_algorithm": "RSA_2048",
            "not_after": "2025-12-28T23:59:59Z",
            "not_before": "2024-11-29T00:00:00Z",
            "options": [
              {
                "certificate_transparency_logging_preference": "ENABLED"
              }
            ],
            "pending_renewal": false,
            "private_key": null,
            "renewal_eligibility": "ELIGIBLE",
            "renewal_summary": [],
            "status": "ISSUED",
            "subject_alternative_names": [
              "alumno04.pelucornio.link"
            ],
            "tags": {
              "Environment": "dev",
              "Name": "certificateForDevelopmentSecondary",
              "Scope": "vpn_server"
            },
            "tags_all": {
              "Environment": "dev",
              "Name": "certificateForDevelopmentSecondary",
              "Scope": "vpn_server"
            },
            "type": "AMAZON_ISSUED",
            "validation_emails": [],
            "validation_method": "DNS",
            "validation_option": []
          },
          "sensitive_attributes": [
            [
              {
                "type": "get_attr",
                "value": "private_key"
              }
            ]
          ],
          "private": "bnVsbA=="
        }
      ]
    },
    {
      "mode": "managed",
      "type": "aws_acm_certificate_validation",
      "name": "primary_hosted_zone",
      "provider": "provider[\"registry.terraform.io/hashicorp/aws\"]",
      "instances": [
        {
          "schema_version": 0,
          "attributes": {
            "certificate_arn": "arn:aws:acm:us-east-1:340341089363:certificate/2fdce1ff-f89b-4cb9-bbd1-abe2c547558d",
            "id": "2024-11-29 21:56:02.621 +0000 UTC",
            "timeouts": {
              "create": "60m"
            },
            "validation_record_fqdns": [
              "_f07e56e5aac7da017adccf59cf10cbc0.www.pelucornio.link"
            ]
          },
          "sensitive_attributes": [],
          "private": "eyJlMmJmYjczMC1lY2FhLTExZTYtOGY4OC0zNDM2M2JjN2M0YzAiOnsiY3JlYXRlIjozNjAwMDAwMDAwMDAwfX0=",
          "dependencies": [
            "aws_acm_certificate.primary_hosted_zone",
            "aws_route53_record.my_dns_record_primary",
            "aws_route53_zone.primary"
          ]
        }
      ]
    },
    {
      "mode": "managed",
      "type": "aws_acm_certificate_validation",
      "name": "vpn_server",
      "provider": "provider[\"registry.terraform.io/hashicorp/aws\"]",
      "instances": [
        {
          "schema_version": 0,
          "attributes": {
            "certificate_arn": "arn:aws:acm:us-east-1:340341089363:certificate/e9157c2e-152d-4811-a768-d13cad577ea6",
            "id": "0001-01-01 00:00:00 +0000 UTC",
            "timeouts": {
              "create": "60m"
            },
            "validation_record_fqdns": [
              "_f1a26c196ca2301eaf904ed6e8df9569.alumno04.pelucornio.link"
            ]
          },
          "sensitive_attributes": [],
          "private": "eyJlMmJmYjczMC1lY2FhLTExZTYtOGY4OC0zNDM2M2JjN2M0YzAiOnsiY3JlYXRlIjozNjAwMDAwMDAwMDAwfX0=",
          "dependencies": [
            "aws_acm_certificate.vpn_server",
            "aws_route53_record.my_dns_record_vpn_server",
            "aws_route53_zone.alumno04"
          ]
        }
      ]
    },
    {
      "mode": "managed",
      "type": "aws_autoscaling_group",
      "name": "asg-1",
      "provider": "provider[\"registry.terraform.io/hashicorp/aws\"]",
      "instances": [
        {
          "schema_version": 1,
          "attributes": {
            "arn": "arn:aws:autoscaling:us-east-1:340341089363:autoScalingGroup:f215eb9f-d489-4248-89cf-457db0238820:autoScalingGroupName/terraform-2024112921075651260000000e",
            "availability_zones": [
              "us-east-1a"
            ],
            "capacity_rebalance": false,
            "context": "",
            "default_cooldown": 300,
            "default_instance_warmup": 0,
            "desired_capacity": 1,
            "desired_capacity_type": "",
            "enabled_metrics": [],
            "force_delete": false,
            "force_delete_warm_pool": false,
            "health_check_grace_period": 300,
            "health_check_type": "EC2",
            "id": "terraform-2024112921075651260000000e",
            "ignore_failed_scaling_activities": false,
            "initial_lifecycle_hook": [],
            "instance_maintenance_policy": [],
            "instance_refresh": [],
            "launch_configuration": "",
            "launch_template": [
              {
                "id": "lt-083dadcc3f2d20b86",
                "name": "auto-scaling-group2024112921075048820000000b",
                "version": "$Latest"
              }
            ],
            "load_balancers": [],
            "max_instance_lifetime": 0,
            "max_size": 2,
            "metrics_granularity": "1Minute",
            "min_elb_capacity": null,
            "min_size": 1,
            "mixed_instances_policy": [],
            "name": "terraform-2024112921075651260000000e",
            "name_prefix": "terraform-",
            "placement_group": "",
            "predicted_capacity": 0,
            "protect_from_scale_in": false,
            "service_linked_role_arn": "arn:aws:iam::340341089363:role/aws-service-role/autoscaling.amazonaws.com/AWSServiceRoleForAutoScaling",
            "suspended_processes": [],
            "tag": [],
            "target_group_arns": [],
            "termination_policies": [],
            "timeouts": null,
            "traffic_source": [],
            "vpc_zone_identifier": [
              "subnet-0c053f02c67810f5f"
            ],
            "wait_for_capacity_timeout": "10m",
            "wait_for_elb_capacity": null,
            "warm_pool": [],
            "warm_pool_size": 0
          },
          "sensitive_attributes": [],
          "private": "eyJlMmJmYjczMC1lY2FhLTExZTYtOGY4OC0zNDM2M2JjN2M0YzAiOnsiZGVsZXRlIjo2MDAwMDAwMDAwMDAsInVwZGF0ZSI6NjAwMDAwMDAwMDAwfSwic2NoZW1hX3ZlcnNpb24iOiIxIn0=",
          "dependencies": [
            "aws_launch_template.auto-scaling-group",
            "aws_security_group.alb-security-group",
            "aws_security_group.webserver-security-group",
            "aws_subnet.public-web-subnet-1",
            "aws_vpc.vpc_alumno04",
            "data.aws_ami.amazon_linux_2"
          ]
        }
      ]
    },
    {
      "mode": "managed",
      "type": "aws_autoscaling_group",
      "name": "asg-2",
      "provider": "provider[\"registry.terraform.io/hashicorp/aws\"]",
      "instances": [
        {
          "schema_version": 1,
          "attributes": {
            "arn": "arn:aws:autoscaling:us-east-1:340341089363:autoScalingGroup:19d79ce4-730b-4eac-b49c-98988752b79a:autoScalingGroupName/terraform-20241129210747248800000009",
            "availability_zones": [
              "us-east-1a"
            ],
            "capacity_rebalance": false,
            "context": "",
            "default_cooldown": 300,
            "default_instance_warmup": 0,
            "desired_capacity": 1,
            "desired_capacity_type": "",
            "enabled_metrics": [],
            "force_delete": false,
            "force_delete_warm_pool": false,
            "health_check_grace_period": 300,
            "health_check_type": "EC2",
            "id": "terraform-20241129210747248800000009",
            "ignore_failed_scaling_activities": false,
            "initial_lifecycle_hook": [],
            "instance_maintenance_policy": [],
            "instance_refresh": [],
            "launch_configuration": "",
            "launch_template": [
              {
                "id": "lt-0309024f79418eff6",
                "name": "auto-scaling-group-private20241129210741204900000005",
                "version": "$Latest"
              }
            ],
            "load_balancers": [],
            "max_instance_lifetime": 0,
            "max_size": 2,
            "metrics_granularity": "1Minute",
            "min_elb_capacity": null,
            "min_size": 1,
            "mixed_instances_policy": [],
            "name": "terraform-20241129210747248800000009",
            "name_prefix": "terraform-",
            "placement_group": "",
            "predicted_capacity": 0,
            "protect_from_scale_in": false,
            "service_linked_role_arn": "arn:aws:iam::340341089363:role/aws-service-role/autoscaling.amazonaws.com/AWSServiceRoleForAutoScaling",
            "suspended_processes": [],
            "tag": [],
            "target_group_arns": [],
            "termination_policies": [],
            "timeouts": null,
            "traffic_source": [],
            "vpc_zone_identifier": [
              "subnet-04708653e26aa9a01"
            ],
            "wait_for_capacity_timeout": "10m",
            "wait_for_elb_capacity": null,
            "warm_pool": [],
            "warm_pool_size": 0
          },
          "sensitive_attributes": [],
          "private": "eyJlMmJmYjczMC1lY2FhLTExZTYtOGY4OC0zNDM2M2JjN2M0YzAiOnsiZGVsZXRlIjo2MDAwMDAwMDAwMDAsInVwZGF0ZSI6NjAwMDAwMDAwMDAwfSwic2NoZW1hX3ZlcnNpb24iOiIxIn0=",
          "dependencies": [
            "aws_launch_template.auto-scaling-group-private",
            "aws_security_group.ssh-aws-security-group",
            "aws_subnet.private-app-subnet-1",
            "aws_vpc.vpc_alumno04",
            "data.aws_ami.amazon_linux_2"
          ]
        }
      ]
    },
    {
      "mode": "managed",
      "type": "aws_db_instance",
      "name": "database-instance",
      "provider": "provider[\"registry.terraform.io/hashicorp/aws\"]",
      "instances": [
        {
          "schema_version": 2,
          "attributes": {
            "address": "terraform-20241129210746383000000008.c56wkigeqtpa.us-east-1.rds.amazonaws.com",
            "allocated_storage": 10,
            "allow_major_version_upgrade": null,
            "apply_immediately": false,
            "arn": "arn:aws:rds:us-east-1:340341089363:db:terraform-20241129210746383000000008",
            "auto_minor_version_upgrade": true,
            "availability_zone": "us-east-1b",
            "backup_retention_period": 0,
            "backup_target": "region",
            "backup_window": "04:02-04:32",
            "blue_green_update": [],
            "ca_cert_identifier": "rds-ca-rsa2048-g1",
            "character_set_name": "",
            "copy_tags_to_snapshot": false,
            "custom_iam_instance_profile": "",
            "customer_owned_ip_enabled": false,
            "db_name": "sqldb",
            "db_subnet_group_name": "database subnets",
            "dedicated_log_volume": false,
            "delete_automated_backups": true,
            "deletion_protection": false,
            "domain": "",
            "domain_auth_secret_arn": "",
            "domain_dns_ips": [],
            "domain_fqdn": "",
            "domain_iam_role_name": "",
            "domain_ou": "",
            "enabled_cloudwatch_logs_exports": [],
            "endpoint": "terraform-20241129210746383000000008.c56wkigeqtpa.us-east-1.rds.amazonaws.com:3306",
            "engine": "mysql",
            "engine_lifecycle_support": "open-source-rds-extended-support",
            "engine_version": "5.7",
            "engine_version_actual": "5.7.44-rds.20240808",
            "final_snapshot_identifier": null,
            "hosted_zone_id": "Z2R2ITUGPM61AM",
            "iam_database_authentication_enabled": false,
            "id": "db-VNFYZUGMOBIGZGS25G3MVGUAQY",
            "identifier": "terraform-20241129210746383000000008",
            "identifier_prefix": "terraform-",
            "instance_class": "db.t3.micro",
            "iops": 0,
            "kms_key_id": "",
            "latest_restorable_time": "",
            "license_model": "general-public-license",
            "listener_endpoint": [],
            "maintenance_window": "sun:06:53-sun:07:23",
            "manage_master_user_password": null,
            "master_user_secret": [],
            "master_user_secret_kms_key_id": null,
            "max_allocated_storage": 0,
            "monitoring_interval": 0,
            "monitoring_role_arn": "",
            "multi_az": false,
            "nchar_character_set_name": "",
            "network_type": "IPV4",
            "option_group_name": "default:mysql-5-7",
            "parameter_group_name": "default.mysql5.7",
            "password": "Admin2024#",
            "performance_insights_enabled": false,
            "performance_insights_kms_key_id": "",
            "performance_insights_retention_period": 0,
            "port": 3306,
            "publicly_accessible": false,
            "replica_mode": "",
            "replicas": [],
            "replicate_source_db": "",
            "resource_id": "db-VNFYZUGMOBIGZGS25G3MVGUAQY",
            "restore_to_point_in_time": [],
            "s3_import": [],
            "skip_final_snapshot": true,
            "snapshot_identifier": null,
            "status": "available",
            "storage_encrypted": false,
            "storage_throughput": 0,
            "storage_type": "gp2",
            "tags": {},
            "tags_all": {},
            "timeouts": null,
            "timezone": "",
            "upgrade_storage_config": null,
            "username": "Admin2024",
            "vpc_security_group_ids": [
              "sg-09ef737e8392de10a"
            ]
          },
          "sensitive_attributes": [
            [
              {
                "type": "get_attr",
                "value": "password"
              }
            ]
          ],
          "private": "eyJlMmJmYjczMC1lY2FhLTExZTYtOGY4OC0zNDM2M2JjN2M0YzAiOnsiY3JlYXRlIjoyNDAwMDAwMDAwMDAwLCJkZWxldGUiOjM2MDAwMDAwMDAwMDAsInVwZGF0ZSI6NDgwMDAwMDAwMDAwMH0sInNjaGVtYV92ZXJzaW9uIjoiMiJ9",
          "dependencies": [
            "aws_db_subnet_group.database-subnet-group",
            "aws_security_group.alb-security-group",
            "aws_security_group.database_security_group",
            "aws_security_group.webserver-security-group",
            "aws_subnet.private-db-subnet-1",
            "aws_subnet.private-db-subnet-2",
            "aws_vpc.vpc_alumno04"
          ]
        }
      ]
    },
    {
      "mode": "managed",
      "type": "aws_db_subnet_group",
      "name": "database-subnet-group",
      "provider": "provider[\"registry.terraform.io/hashicorp/aws\"]",
      "instances": [
        {
          "schema_version": 0,
          "attributes": {
            "arn": "arn:aws:rds:us-east-1:340341089363:subgrp:database subnets",
            "description": "Managed by Terraform",
            "id": "database subnets",
            "name": "database subnets",
            "name_prefix": "",
            "subnet_ids": [
              "subnet-05b85eff3b8e7c9dc",
              "subnet-0dbca39cb940c1a11"
            ],
            "supported_network_types": [
              "IPV4"
            ],
            "tags": {
              "Name": "Database Subnets"
            },
            "tags_all": {
              "Name": "Database Subnets"
            },
            "vpc_id": "vpc-012cedb46d73d575e"
          },
          "sensitive_attributes": [],
          "private": "bnVsbA==",
          "dependencies": [
            "aws_subnet.private-db-subnet-1",
            "aws_subnet.private-db-subnet-2",
            "aws_vpc.vpc_alumno04"
          ]
        }
      ]
    },
    {
      "mode": "managed",
      "type": "aws_eip",
      "name": "eip_nat",
      "provider": "provider[\"registry.terraform.io/hashicorp/aws\"]",
      "instances": [
        {
          "schema_version": 0,
          "attributes": {
            "address": null,
            "allocation_id": "eipalloc-08704f78acfe40929",
            "arn": "arn:aws:ec2:us-east-1:340341089363:elastic-ip/eipalloc-08704f78acfe40929",
            "associate_with_private_ip": null,
            "association_id": "eipassoc-05636f73a1aff9f8c",
            "carrier_ip": "",
            "customer_owned_ip": "",
            "customer_owned_ipv4_pool": "",
            "domain": "vpc",
            "id": "eipalloc-08704f78acfe40929",
            "instance": "",
            "ipam_pool_id": null,
            "network_border_group": "us-east-1",
            "network_interface": "eni-019da1388b91b2c7f",
            "private_dns": "ip-10-0-2-146.ec2.internal",
            "private_ip": "10.0.2.146",
            "ptr_record": "",
            "public_dns": "ec2-52-54-78-123.compute-1.amazonaws.com",
            "public_ip": "52.54.78.123",
            "public_ipv4_pool": "amazon",
            "tags": {
              "Name": "NAT Gateway EIP"
            },
            "tags_all": {
              "Name": "NAT Gateway EIP"
            },
            "timeouts": null,
            "vpc": true
          },
          "sensitive_attributes": [],
          "private": "eyJlMmJmYjczMC1lY2FhLTExZTYtOGY4OC0zNDM2M2JjN2M0YzAiOnsiZGVsZXRlIjoxODAwMDAwMDAwMDAsInJlYWQiOjkwMDAwMDAwMDAwMCwidXBkYXRlIjozMDAwMDAwMDAwMDB9fQ=="
        }
      ]
    },
    {
      "mode": "managed",
      "type": "aws_instance",
      "name": "PublicWebTemplate",
      "provider": "provider[\"registry.terraform.io/hashicorp/aws\"]",
      "instances": [
        {
          "index_key": 0,
          "schema_version": 1,
          "attributes": {
            "ami": "ami-09e4ba81d75ebeb6a",
            "arn": "arn:aws:ec2:us-east-1:340341089363:instance/i-0d7839701e84ce39e",
            "associate_public_ip_address": true,
            "availability_zone": "us-east-1a",
            "capacity_reservation_specification": [
              {
                "capacity_reservation_preference": "open",
                "capacity_reservation_target": []
              }
            ],
            "cpu_core_count": 1,
            "cpu_options": [
              {
                "amd_sev_snp": "",
                "core_count": 1,
                "threads_per_core": 1
              }
            ],
            "cpu_threads_per_core": 1,
            "credit_specification": [
              {
                "cpu_credits": "standard"
              }
            ],
            "disable_api_stop": false,
            "disable_api_termination": false,
            "ebs_block_device": [],
            "ebs_optimized": false,
            "enclave_options": [
              {
                "enabled": false
              }
            ],
            "ephemeral_block_device": [],
            "get_password_data": false,
            "hibernation": false,
            "host_id": "",
            "host_resource_group_arn": null,
            "iam_instance_profile": "",
            "id": "i-0d7839701e84ce39e",
            "instance_initiated_shutdown_behavior": "stop",
            "instance_lifecycle": "",
            "instance_market_options": [],
            "instance_state": "running",
            "instance_type": "t2.micro",
            "ipv6_address_count": 0,
            "ipv6_addresses": [],
            "key_name": "hola",
            "launch_template": [],
            "maintenance_options": [
              {
                "auto_recovery": "default"
              }
            ],
            "metadata_options": [
              {
                "http_endpoint": "enabled",
                "http_protocol_ipv6": "disabled",
                "http_put_response_hop_limit": 1,
                "http_tokens": "optional",
                "instance_metadata_tags": "disabled"
              }
            ],
            "monitoring": false,
            "network_interface": [],
            "outpost_arn": "",
            "password_data": "",
            "placement_group": "",
            "placement_partition_number": 0,
            "primary_network_interface_id": "eni-085c7515e45fa0ea0",
            "private_dns": "ip-10-0-1-138.ec2.internal",
            "private_dns_name_options": [
              {
                "enable_resource_name_dns_a_record": false,
                "enable_resource_name_dns_aaaa_record": false,
                "hostname_type": "ip-name"
              }
            ],
            "private_ip": "10.0.1.138",
            "public_dns": "",
            "public_ip": "3.239.227.88",
            "root_block_device": [
              {
                "delete_on_termination": true,
                "device_name": "/dev/xvda",
                "encrypted": false,
                "iops": 100,
                "kms_key_id": "",
                "tags": {},
                "tags_all": {},
                "throughput": 0,
                "volume_id": "vol-0b93aa4d691a2abc9",
                "volume_size": 8,
                "volume_type": "gp2"
              }
            ],
            "secondary_private_ips": [],
            "security_groups": [],
            "source_dest_check": true,
            "spot_instance_request_id": "",
            "subnet_id": "subnet-0c053f02c67810f5f",
            "tags": {
              "Name": "frontend-1"
            },
            "tags_all": {
              "Name": "frontend-1"
            },
            "tenancy": "default",
            "timeouts": null,
            "user_data": "861295fa75313d24290749bfa9a77cd4bddd5ddf",
            "user_data_base64": null,
            "user_data_replace_on_change": false,
            "volume_tags": null,
            "vpc_security_group_ids": [
              "sg-03c004b07b0b8aa50"
            ]
          },
          "sensitive_attributes": [],
          "private": "eyJlMmJmYjczMC1lY2FhLTExZTYtOGY4OC0zNDM2M2JjN2M0YzAiOnsiY3JlYXRlIjo2MDAwMDAwMDAwMDAsImRlbGV0ZSI6MTIwMDAwMDAwMDAwMCwicmVhZCI6OTAwMDAwMDAwMDAwLCJ1cGRhdGUiOjYwMDAwMDAwMDAwMH0sInNjaGVtYV92ZXJzaW9uIjoiMSJ9",
          "dependencies": [
            "aws_security_group.alb-security-group",
            "aws_security_group.webserver-security-group",
            "aws_subnet.public-web-subnet-1",
            "aws_vpc.vpc_alumno04",
            "data.aws_ami.amazon_linux_2"
          ]
        }
      ]
    },
    {
      "mode": "managed",
      "type": "aws_instance",
      "name": "private-app-template",
      "provider": "provider[\"registry.terraform.io/hashicorp/aws\"]",
      "instances": [
        {
          "schema_version": 1,
          "attributes": {
            "ami": "ami-09e4ba81d75ebeb6a",
            "arn": "arn:aws:ec2:us-east-1:340341089363:instance/i-017d34f7abff6c0c4",
            "associate_public_ip_address": false,
            "availability_zone": "us-east-1a",
            "capacity_reservation_specification": [
              {
                "capacity_reservation_preference": "open",
                "capacity_reservation_target": []
              }
            ],
            "cpu_core_count": 1,
            "cpu_options": [
              {
                "amd_sev_snp": "",
                "core_count": 1,
                "threads_per_core": 1
              }
            ],
            "cpu_threads_per_core": 1,
            "credit_specification": [
              {
                "cpu_credits": "standard"
              }
            ],
            "disable_api_stop": false,
            "disable_api_termination": false,
            "ebs_block_device": [],
            "ebs_optimized": false,
            "enclave_options": [
              {
                "enabled": false
              }
            ],
            "ephemeral_block_device": [],
            "get_password_data": false,
            "hibernation": false,
            "host_id": "",
            "host_resource_group_arn": null,
            "iam_instance_profile": "",
            "id": "i-017d34f7abff6c0c4",
            "instance_initiated_shutdown_behavior": "stop",
            "instance_lifecycle": "",
            "instance_market_options": [],
            "instance_state": "running",
            "instance_type": "t2.micro",
            "ipv6_address_count": 0,
            "ipv6_addresses": [],
            "key_name": "",
            "launch_template": [],
            "maintenance_options": [
              {
                "auto_recovery": "default"
              }
            ],
            "metadata_options": [
              {
                "http_endpoint": "enabled",
                "http_protocol_ipv6": "disabled",
                "http_put_response_hop_limit": 1,
                "http_tokens": "optional",
                "instance_metadata_tags": "disabled"
              }
            ],
            "monitoring": false,
            "network_interface": [],
            "outpost_arn": "",
            "password_data": "",
            "placement_group": "",
            "placement_partition_number": 0,
            "primary_network_interface_id": "eni-0ff2e56b9a3015db6",
            "private_dns": "ip-10-0-3-150.ec2.internal",
            "private_dns_name_options": [
              {
                "enable_resource_name_dns_a_record": false,
                "enable_resource_name_dns_aaaa_record": false,
                "hostname_type": "ip-name"
              }
            ],
            "private_ip": "10.0.3.150",
            "public_dns": "",
            "public_ip": "",
            "root_block_device": [
              {
                "delete_on_termination": true,
                "device_name": "/dev/xvda",
                "encrypted": false,
                "iops": 100,
                "kms_key_id": "",
                "tags": {},
                "tags_all": {},
                "throughput": 0,
                "volume_id": "vol-015a05dd3bd74a9a8",
                "volume_size": 8,
                "volume_type": "gp2"
              }
            ],
            "secondary_private_ips": [],
            "security_groups": [],
            "source_dest_check": true,
            "spot_instance_request_id": "",
            "subnet_id": "subnet-04708653e26aa9a01",
            "tags": {
              "Name": "app-asg"
            },
            "tags_all": {
              "Name": "app-asg"
            },
            "tenancy": "default",
            "timeouts": null,
            "user_data": null,
            "user_data_base64": null,
            "user_data_replace_on_change": false,
            "volume_tags": null,
            "vpc_security_group_ids": [
              "sg-02c69efec9213d2c2"
            ]
          },
          "sensitive_attributes": [],
          "private": "eyJlMmJmYjczMC1lY2FhLTExZTYtOGY4OC0zNDM2M2JjN2M0YzAiOnsiY3JlYXRlIjo2MDAwMDAwMDAwMDAsImRlbGV0ZSI6MTIwMDAwMDAwMDAwMCwicmVhZCI6OTAwMDAwMDAwMDAwLCJ1cGRhdGUiOjYwMDAwMDAwMDAwMH0sInNjaGVtYV92ZXJzaW9uIjoiMSJ9",
          "dependencies": [
            "aws_security_group.ssh-aws-security-group",
            "aws_subnet.private-app-subnet-1",
            "aws_vpc.vpc_alumno04",
            "data.aws_ami.amazon_linux_2"
          ]
        }
      ]
    },
    {
      "mode": "managed",
      "type": "aws_internet_gateway",
      "name": "igw_alumno04",
      "provider": "provider[\"registry.terraform.io/hashicorp/aws\"]",
      "instances": [
        {
          "schema_version": 0,
          "attributes": {
            "arn": "arn:aws:ec2:us-east-1:340341089363:internet-gateway/igw-08a9d2b662ec0c9af",
            "id": "igw-08a9d2b662ec0c9af",
            "owner_id": "340341089363",
            "tags": {
              "Name": "TEST igw"
            },
            "tags_all": {
              "Name": "TEST igw"
            },
            "timeouts": null,
            "vpc_id": "vpc-012cedb46d73d575e"
          },
          "sensitive_attributes": [],
          "private": "eyJlMmJmYjczMC1lY2FhLTExZTYtOGY4OC0zNDM2M2JjN2M0YzAiOnsiY3JlYXRlIjoxMjAwMDAwMDAwMDAwLCJkZWxldGUiOjEyMDAwMDAwMDAwMDAsInVwZGF0ZSI6MTIwMDAwMDAwMDAwMH19",
          "dependencies": [
            "aws_vpc.vpc_alumno04"
          ]
        }
      ]
    },
    {
      "mode": "managed",
      "type": "aws_key_pair",
      "name": "tf_key",
      "provider": "provider[\"registry.terraform.io/hashicorp/aws\"]",
      "instances": [
        {
          "schema_version": 1,
          "attributes": {
            "arn": "arn:aws:ec2:us-east-1:340341089363:key-pair/hola",
            "fingerprint": "2c:80:97:b0:22:5e:f1:fe:1e:0f:21:ed:4a:47:80:09",
            "id": "hola",
            "key_name": "hola",
            "key_name_prefix": "",
            "key_pair_id": "key-01952ab8e912eccc8",
            "key_type": "rsa",
            "public_key": "ssh-rsa AAAAB3NzaC1yc2EAAAADAQABAAABAQDQz3EDz6XlZAz98MyDGrJzdvCGXvBDgeN81R+HoPsDJNTg/urhWMlnJnVQ8ELcjWJ1uwk7wGEQnVU7OcgLfeYFHXEEhQdCM8iniO5rp1iaaB4cdAq0at5+u+DcZySu7WUwiICIkua5QCw80fPtuhPjvPRkz/5Hu3JbIJwGcQrHQIjYZ0WpuOUEcl/du5YQGXmtqSqb5sSlrixcl+JLSkuUh/3OMzG9JgLPFbayaY5dTQZ6ty6KIr6FMtlTSFtlRYxojGArJswTNHaPoVCzu8VL3x1mSPKoAidUarwYsZEu5UQXczbuvf5cpsI2BSCqM+cfg5K29CGD6QpSSIKj+8nX",
            "tags": {},
            "tags_all": {}
          },
          "sensitive_attributes": [],
          "private": "eyJzY2hlbWFfdmVyc2lvbiI6IjEifQ==",
          "dependencies": [
            "tls_private_key.rsa-4096-alumno04"
          ]
        }
      ]
    },
    {
      "mode": "managed",
      "type": "aws_launch_template",
      "name": "auto-scaling-group",
      "provider": "provider[\"registry.terraform.io/hashicorp/aws\"]",
      "instances": [
        {
          "schema_version": 0,
          "attributes": {
            "arn": "arn:aws:ec2:us-east-1:340341089363:launch-template/lt-083dadcc3f2d20b86",
            "block_device_mappings": [],
            "capacity_reservation_specification": [],
            "cpu_options": [],
            "credit_specification": [],
            "default_version": 1,
            "description": "",
            "disable_api_stop": false,
            "disable_api_termination": false,
            "ebs_optimized": "",
            "elastic_gpu_specifications": [],
            "elastic_inference_accelerator": [],
            "enclave_options": [],
            "hibernation_options": [],
            "iam_instance_profile": [],
            "id": "lt-083dadcc3f2d20b86",
            "image_id": "ami-09e4ba81d75ebeb6a",
            "instance_initiated_shutdown_behavior": "",
            "instance_market_options": [],
            "instance_requirements": [],
            "instance_type": "t2.micro",
            "kernel_id": "",
            "key_name": "hola",
            "latest_version": 1,
            "license_specification": [],
            "maintenance_options": [],
            "metadata_options": [],
            "monitoring": [],
            "name": "auto-scaling-group2024112921075048820000000b",
            "name_prefix": "auto-scaling-group",
            "network_interfaces": [
              {
                "associate_carrier_ip_address": "",
                "associate_public_ip_address": "",
                "delete_on_termination": "",
                "description": "",
                "device_index": 0,
                "interface_type": "",
                "ipv4_address_count": 0,
                "ipv4_addresses": [],
                "ipv4_prefix_count": 0,
                "ipv4_prefixes": [],
                "ipv6_address_count": 0,
                "ipv6_addresses": [],
                "ipv6_prefix_count": 0,
                "ipv6_prefixes": [],
                "network_card_index": 0,
                "network_interface_id": "",
                "primary_ipv6": "",
                "private_ip_address": "",
                "security_groups": [
                  "sg-03c004b07b0b8aa50"
                ],
                "subnet_id": "subnet-0c053f02c67810f5f"
              }
            ],
            "placement": [],
            "private_dns_name_options": [],
            "ram_disk_id": "",
            "security_group_names": [],
            "tag_specifications": [],
            "tags": {},
            "tags_all": {},
            "update_default_version": null,
            "user_data": "",
            "vpc_security_group_ids": []
          },
          "sensitive_attributes": [],
          "private": "bnVsbA==",
          "dependencies": [
            "aws_security_group.alb-security-group",
            "aws_security_group.webserver-security-group",
            "aws_subnet.public-web-subnet-1",
            "aws_vpc.vpc_alumno04",
            "data.aws_ami.amazon_linux_2"
          ]
        }
      ]
    },
    {
      "mode": "managed",
      "type": "aws_launch_template",
      "name": "auto-scaling-group-private",
      "provider": "provider[\"registry.terraform.io/hashicorp/aws\"]",
      "instances": [
        {
          "schema_version": 0,
          "attributes": {
            "arn": "arn:aws:ec2:us-east-1:340341089363:launch-template/lt-0309024f79418eff6",
            "block_device_mappings": [],
            "capacity_reservation_specification": [],
            "cpu_options": [],
            "credit_specification": [],
            "default_version": 1,
            "description": "",
            "disable_api_stop": false,
            "disable_api_termination": false,
            "ebs_optimized": "",
            "elastic_gpu_specifications": [],
            "elastic_inference_accelerator": [],
            "enclave_options": [],
            "hibernation_options": [],
            "iam_instance_profile": [],
            "id": "lt-0309024f79418eff6",
            "image_id": "ami-09e4ba81d75ebeb6a",
            "instance_initiated_shutdown_behavior": "",
            "instance_market_options": [],
            "instance_requirements": [],
            "instance_type": "t2.micro",
            "kernel_id": "",
            "key_name": "hola",
            "latest_version": 1,
            "license_specification": [],
            "maintenance_options": [],
            "metadata_options": [],
            "monitoring": [],
            "name": "auto-scaling-group-private20241129210741204900000005",
            "name_prefix": "auto-scaling-group-private",
            "network_interfaces": [
              {
                "associate_carrier_ip_address": "",
                "associate_public_ip_address": "",
                "delete_on_termination": "",
                "description": "",
                "device_index": 0,
                "interface_type": "",
                "ipv4_address_count": 0,
                "ipv4_addresses": [],
                "ipv4_prefix_count": 0,
                "ipv4_prefixes": [],
                "ipv6_address_count": 0,
                "ipv6_addresses": [],
                "ipv6_prefix_count": 0,
                "ipv6_prefixes": [],
                "network_card_index": 0,
                "network_interface_id": "",
                "primary_ipv6": "",
                "private_ip_address": "",
                "security_groups": [
                  "sg-02c69efec9213d2c2"
                ],
                "subnet_id": "subnet-04708653e26aa9a01"
              }
            ],
            "placement": [],
            "private_dns_name_options": [],
            "ram_disk_id": "",
            "security_group_names": [],
            "tag_specifications": [],
            "tags": {},
            "tags_all": {},
            "update_default_version": null,
            "user_data": "",
            "vpc_security_group_ids": []
          },
          "sensitive_attributes": [],
          "private": "bnVsbA==",
          "dependencies": [
            "aws_security_group.ssh-aws-security-group",
            "aws_subnet.private-app-subnet-1",
            "aws_vpc.vpc_alumno04",
            "data.aws_ami.amazon_linux_2"
          ]
        }
      ]
    },
    {
      "mode": "managed",
      "type": "aws_lb",
      "name": "application-load-balancer",
      "provider": "provider[\"registry.terraform.io/hashicorp/aws\"]",
      "instances": [
        {
          "schema_version": 0,
          "attributes": {
            "access_logs": [
              {
                "bucket": "",
                "enabled": false,
                "prefix": ""
              }
            ],
            "arn": "arn:aws:elasticloadbalancing:us-east-1:340341089363:loadbalancer/app/web-external-load-balancer/192e1493810e1e1f",
            "arn_suffix": "app/web-external-load-balancer/192e1493810e1e1f",
            "client_keep_alive": 3600,
            "connection_logs": [
              {
                "bucket": "",
                "enabled": false,
                "prefix": ""
              }
            ],
            "customer_owned_ipv4_pool": "",
            "desync_mitigation_mode": "defensive",
            "dns_name": "web-external-load-balancer-1321200628.us-east-1.elb.amazonaws.com",
            "dns_record_client_routing_policy": null,
            "drop_invalid_header_fields": false,
            "enable_cross_zone_load_balancing": true,
            "enable_deletion_protection": false,
            "enable_http2": true,
            "enable_tls_version_and_cipher_suite_headers": false,
            "enable_waf_fail_open": false,
            "enable_xff_client_port": false,
            "enable_zonal_shift": false,
            "enforce_security_group_inbound_rules_on_private_link_traffic": "",
            "id": "arn:aws:elasticloadbalancing:us-east-1:340341089363:loadbalancer/app/web-external-load-balancer/192e1493810e1e1f",
            "idle_timeout": 60,
            "internal": false,
            "ip_address_type": "ipv4",
            "load_balancer_type": "application",
            "name": "web-external-load-balancer",
            "name_prefix": "",
            "preserve_host_header": false,
            "security_groups": [
              "sg-0c9bf6535e1f1f472"
            ],
            "subnet_mapping": [
              {
                "allocation_id": "",
                "ipv6_address": "",
                "outpost_id": "",
                "private_ipv4_address": "",
                "subnet_id": "subnet-0746608fd347616d5"
              },
              {
                "allocation_id": "",
                "ipv6_address": "",
                "outpost_id": "",
                "private_ipv4_address": "",
                "subnet_id": "subnet-0c053f02c67810f5f"
              }
            ],
            "subnets": [
              "subnet-0746608fd347616d5",
              "subnet-0c053f02c67810f5f"
            ],
            "tags": {
              "Name": "App load balancer"
            },
            "tags_all": {
              "Name": "App load balancer"
            },
            "timeouts": null,
            "vpc_id": "vpc-012cedb46d73d575e",
            "xff_header_processing_mode": "append",
            "zone_id": "Z35SXDOTRQ7X7K"
          },
          "sensitive_attributes": [],
          "private": "eyJlMmJmYjczMC1lY2FhLTExZTYtOGY4OC0zNDM2M2JjN2M0YzAiOnsiY3JlYXRlIjo2MDAwMDAwMDAwMDAsImRlbGV0ZSI6NjAwMDAwMDAwMDAwLCJ1cGRhdGUiOjYwMDAwMDAwMDAwMH19",
          "dependencies": [
            "aws_security_group.alb-security-group",
            "aws_subnet.public-web-subnet-1",
            "aws_subnet.public-web-subnet-2",
            "aws_vpc.vpc_alumno04"
          ]
        }
      ]
    },
    {
      "mode": "managed",
      "type": "aws_lb_listener",
      "name": "alb_http_listener",
      "provider": "provider[\"registry.terraform.io/hashicorp/aws\"]",
      "instances": [
        {
          "schema_version": 0,
          "attributes": {
            "alpn_policy": null,
            "arn": "arn:aws:elasticloadbalancing:us-east-1:340341089363:listener/app/web-external-load-balancer/192e1493810e1e1f/8b77f9e81b4959c2",
            "certificate_arn": null,
            "default_action": [
              {
                "authenticate_cognito": [],
                "authenticate_oidc": [],
                "fixed_response": [],
                "forward": [],
                "order": 1,
                "redirect": [
                  {
                    "host": "#{host}",
                    "path": "/#{path}",
                    "port": "443",
                    "protocol": "HTTPS",
                    "query": "#{query}",
                    "status_code": "HTTP_301"
                  }
                ],
                "target_group_arn": "",
                "type": "redirect"
              }
            ],
            "id": "arn:aws:elasticloadbalancing:us-east-1:340341089363:listener/app/web-external-load-balancer/192e1493810e1e1f/8b77f9e81b4959c2",
            "load_balancer_arn": "arn:aws:elasticloadbalancing:us-east-1:340341089363:loadbalancer/app/web-external-load-balancer/192e1493810e1e1f",
            "mutual_authentication": [],
            "port": 80,
            "protocol": "HTTP",
            "ssl_policy": "",
            "tags": {},
            "tags_all": {},
            "tcp_idle_timeout_seconds": null,
            "timeouts": null
          },
          "sensitive_attributes": [],
          "private": "eyJlMmJmYjczMC1lY2FhLTExZTYtOGY4OC0zNDM2M2JjN2M0YzAiOnsiY3JlYXRlIjozMDAwMDAwMDAwMDAsInVwZGF0ZSI6MzAwMDAwMDAwMDAwfX0=",
          "dependencies": [
            "aws_lb.application-load-balancer",
            "aws_security_group.alb-security-group",
            "aws_subnet.public-web-subnet-1",
            "aws_subnet.public-web-subnet-2",
            "aws_vpc.vpc_alumno04"
          ]
        }
      ]
    },
    {
      "mode": "managed",
      "type": "aws_lb_listener",
      "name": "https_listener_subdomain",
      "provider": "provider[\"registry.terraform.io/hashicorp/aws\"]",
      "instances": [
        {
          "schema_version": 0,
          "attributes": {
            "alpn_policy": null,
            "arn": "arn:aws:elasticloadbalancing:us-east-1:340341089363:listener/app/web-external-load-balancer/192e1493810e1e1f/c02e6efe5d9b369c",
            "certificate_arn": "arn:aws:acm:us-east-1:340341089363:certificate/e9157c2e-152d-4811-a768-d13cad577ea6",
            "default_action": [
              {
                "authenticate_cognito": [],
                "authenticate_oidc": [],
                "fixed_response": [],
                "forward": [],
                "order": 1,
                "redirect": [],
                "target_group_arn": "arn:aws:elasticloadbalancing:us-east-1:340341089363:targetgroup/appbalancertgp/d4f2ea002e29f0be",
                "type": "forward"
              }
            ],
            "id": "arn:aws:elasticloadbalancing:us-east-1:340341089363:listener/app/web-external-load-balancer/192e1493810e1e1f/c02e6efe5d9b369c",
            "load_balancer_arn": "arn:aws:elasticloadbalancing:us-east-1:340341089363:loadbalancer/app/web-external-load-balancer/192e1493810e1e1f",
            "mutual_authentication": [
              {
                "ignore_client_certificate_expiry": false,
                "mode": "off",
                "trust_store_arn": ""
              }
            ],
            "port": 443,
            "protocol": "HTTPS",
            "ssl_policy": "ELBSecurityPolicy-2016-08",
            "tags": {},
            "tags_all": {},
            "tcp_idle_timeout_seconds": null,
            "timeouts": null
          },
          "sensitive_attributes": [],
          "private": "eyJlMmJmYjczMC1lY2FhLTExZTYtOGY4OC0zNDM2M2JjN2M0YzAiOnsiY3JlYXRlIjozMDAwMDAwMDAwMDAsInVwZGF0ZSI6MzAwMDAwMDAwMDAwfX0=",
          "dependencies": [
            "aws_acm_certificate.vpn_server",
            "aws_acm_certificate_validation.vpn_server",
            "aws_lb.application-load-balancer",
            "aws_lb_target_group.alb-target-group",
            "aws_route53_record.my_dns_record_vpn_server",
            "aws_route53_zone.alumno04",
            "aws_security_group.alb-security-group",
            "aws_subnet.public-web-subnet-1",
            "aws_subnet.public-web-subnet-2",
            "aws_vpc.vpc_alumno04"
          ]
        }
      ]
    },
    {
      "mode": "managed",
      "type": "aws_lb_target_group",
      "name": "alb-target-group",
      "provider": "provider[\"registry.terraform.io/hashicorp/aws\"]",
      "instances": [
        {
          "schema_version": 0,
          "attributes": {
            "arn": "arn:aws:elasticloadbalancing:us-east-1:340341089363:targetgroup/appbalancertgp/d4f2ea002e29f0be",
            "arn_suffix": "targetgroup/appbalancertgp/d4f2ea002e29f0be",
            "connection_termination": null,
            "deregistration_delay": "300",
            "health_check": [
              {
                "enabled": true,
                "healthy_threshold": 5,
                "interval": 30,
                "matcher": "200",
                "path": "/",
                "port": "traffic-port",
                "protocol": "HTTP",
                "timeout": 5,
                "unhealthy_threshold": 2
              }
            ],
            "id": "arn:aws:elasticloadbalancing:us-east-1:340341089363:targetgroup/appbalancertgp/d4f2ea002e29f0be",
            "ip_address_type": "ipv4",
            "lambda_multi_value_headers_enabled": false,
            "load_balancer_arns": [
              "arn:aws:elasticloadbalancing:us-east-1:340341089363:loadbalancer/app/web-external-load-balancer/192e1493810e1e1f"
            ],
            "load_balancing_algorithm_type": "round_robin",
            "load_balancing_anomaly_mitigation": "off",
            "load_balancing_cross_zone_enabled": "use_load_balancer_configuration",
            "name": "appbalancertgp",
            "name_prefix": "",
            "port": 80,
            "preserve_client_ip": null,
            "protocol": "HTTP",
            "protocol_version": "HTTP1",
            "proxy_protocol_v2": false,
            "slow_start": 0,
            "stickiness": [
              {
                "cookie_duration": 86400,
                "cookie_name": "",
                "enabled": false,
                "type": "lb_cookie"
              }
            ],
            "tags": {},
            "tags_all": {},
            "target_failover": [
              {
                "on_deregistration": null,
                "on_unhealthy": null
              }
            ],
            "target_group_health": [
              {
                "dns_failover": [
                  {
                    "minimum_healthy_targets_count": "1",
                    "minimum_healthy_targets_percentage": "off"
                  }
                ],
                "unhealthy_state_routing": [
                  {
                    "minimum_healthy_targets_count": 1,
                    "minimum_healthy_targets_percentage": "off"
                  }
                ]
              }
            ],
            "target_health_state": [
              {
                "enable_unhealthy_connection_termination": null,
                "unhealthy_draining_interval": null
              }
            ],
            "target_type": "instance",
            "vpc_id": "vpc-012cedb46d73d575e"
          },
          "sensitive_attributes": [],
          "private": "bnVsbA==",
          "dependencies": [
            "aws_vpc.vpc_alumno04"
          ]
        }
      ]
    },
    {
      "mode": "managed",
      "type": "aws_lb_target_group_attachment",
      "name": "web-attachment",
      "provider": "provider[\"registry.terraform.io/hashicorp/aws\"]",
      "instances": [
        {
          "index_key": 0,
          "schema_version": 0,
          "attributes": {
            "availability_zone": null,
            "id": "arn:aws:elasticloadbalancing:us-east-1:340341089363:targetgroup/appbalancertgp/d4f2ea002e29f0be-2024112921080409120000000f",
            "port": 80,
            "target_group_arn": "arn:aws:elasticloadbalancing:us-east-1:340341089363:targetgroup/appbalancertgp/d4f2ea002e29f0be",
            "target_id": "i-0d7839701e84ce39e"
          },
          "sensitive_attributes": [],
          "private": "bnVsbA==",
          "dependencies": [
            "aws_instance.PublicWebTemplate",
            "aws_lb_target_group.alb-target-group",
            "aws_security_group.alb-security-group",
            "aws_security_group.webserver-security-group",
            "aws_subnet.public-web-subnet-1",
            "aws_vpc.vpc_alumno04",
            "data.aws_ami.amazon_linux_2"
          ]
        }
      ]
    },
    {
      "mode": "managed",
      "type": "aws_nat_gateway",
      "name": "nat_1",
      "provider": "provider[\"registry.terraform.io/hashicorp/aws\"]",
      "instances": [
        {
          "schema_version": 0,
          "attributes": {
            "allocation_id": "eipalloc-08704f78acfe40929",
            "association_id": "eipassoc-05636f73a1aff9f8c",
            "connectivity_type": "public",
            "id": "nat-0e4d59489649d821b",
            "network_interface_id": "eni-019da1388b91b2c7f",
            "private_ip": "10.0.2.146",
            "public_ip": "52.54.78.123",
            "secondary_allocation_ids": [],
            "secondary_private_ip_address_count": 0,
            "secondary_private_ip_addresses": [],
            "subnet_id": "subnet-0746608fd347616d5",
            "tags": {
              "Name": "NAT Gateway 1"
            },
            "tags_all": {
              "Name": "NAT Gateway 1"
            },
            "timeouts": null
          },
          "sensitive_attributes": [],
          "private": "eyJlMmJmYjczMC1lY2FhLTExZTYtOGY4OC0zNDM2M2JjN2M0YzAiOnsiY3JlYXRlIjo2MDAwMDAwMDAwMDAsImRlbGV0ZSI6MTgwMDAwMDAwMDAwMCwidXBkYXRlIjo2MDAwMDAwMDAwMDB9fQ==",
          "dependencies": [
            "aws_eip.eip_nat",
            "aws_subnet.public-web-subnet-2",
            "aws_vpc.vpc_alumno04"
          ]
        }
      ]
    },
    {
      "mode": "managed",
      "type": "aws_route53_record",
      "name": "dev_ns",
      "provider": "provider[\"registry.terraform.io/hashicorp/aws\"]",
      "instances": [
        {
          "schema_version": 2,
          "attributes": {
            "alias": [],
            "allow_overwrite": null,
            "cidr_routing_policy": [],
            "failover_routing_policy": [],
            "fqdn": "alumno04.pelucornio.link",
            "geolocation_routing_policy": [],
            "geoproximity_routing_policy": [],
            "health_check_id": "",
            "id": "Z0467687PSBS3YO2VQL9_alumno04_NS",
            "latency_routing_policy": [],
            "multivalue_answer_routing_policy": false,
            "name": "alumno04",
            "records": [
              "ns-1192.awsdns-21.org",
              "ns-19.awsdns-02.com",
              "ns-1929.awsdns-49.co.uk",
              "ns-763.awsdns-31.net"
            ],
            "set_identifier": "",
            "ttl": 300,
            "type": "NS",
            "weighted_routing_policy": [],
            "zone_id": "Z0467687PSBS3YO2VQL9"
          },
          "sensitive_attributes": [],
          "private": "eyJzY2hlbWFfdmVyc2lvbiI6IjIifQ==",
          "dependencies": [
            "aws_route53_zone.alumno04",
            "aws_route53_zone.primary"
          ]
        }
      ]
    },
    {
      "mode": "managed",
      "type": "aws_route53_record",
      "name": "lb_alias",
      "provider": "provider[\"registry.terraform.io/hashicorp/aws\"]",
      "instances": [
        {
          "schema_version": 2,
          "attributes": {
            "alias": [
              {
                "evaluate_target_health": true,
                "name": "web-external-load-balancer-1321200628.us-east-1.elb.amazonaws.com",
                "zone_id": "Z35SXDOTRQ7X7K"
              }
            ],
            "allow_overwrite": null,
            "cidr_routing_policy": [],
            "failover_routing_policy": [],
            "fqdn": "alumno04.pelucornio.link",
            "geolocation_routing_policy": [],
            "geoproximity_routing_policy": [],
            "health_check_id": "",
            "id": "Z04681412988DR6ELKDS9_alumno04.pelucornio.link_A",
            "latency_routing_policy": [],
            "multivalue_answer_routing_policy": false,
            "name": "alumno04.pelucornio.link",
            "records": [],
            "set_identifier": "",
            "ttl": 0,
            "type": "A",
            "weighted_routing_policy": [],
            "zone_id": "Z04681412988DR6ELKDS9"
          },
          "sensitive_attributes": [],
          "private": "eyJzY2hlbWFfdmVyc2lvbiI6IjIifQ==",
          "dependencies": [
            "aws_lb.application-load-balancer",
            "aws_route53_zone.alumno04",
            "aws_security_group.alb-security-group",
            "aws_subnet.public-web-subnet-1",
            "aws_subnet.public-web-subnet-2",
            "aws_vpc.vpc_alumno04"
          ]
        }
      ]
    },
    {
      "mode": "managed",
      "type": "aws_route53_record",
      "name": "my_dns_record_primary",
      "provider": "provider[\"registry.terraform.io/hashicorp/aws\"]",
      "instances": [
        {
          "index_key": "www.pelucornio.link",
          "schema_version": 2,
          "attributes": {
            "alias": [],
            "allow_overwrite": null,
            "cidr_routing_policy": [],
            "failover_routing_policy": [],
            "fqdn": "_f07e56e5aac7da017adccf59cf10cbc0.www.pelucornio.link",
            "geolocation_routing_policy": [],
            "geoproximity_routing_policy": [],
            "health_check_id": "",
            "id": "Z0467687PSBS3YO2VQL9__f07e56e5aac7da017adccf59cf10cbc0.www.pelucornio.link._CNAME",
            "latency_routing_policy": [],
            "multivalue_answer_routing_policy": false,
            "name": "_f07e56e5aac7da017adccf59cf10cbc0.www.pelucornio.link",
            "records": [
              "_1c4139ae908ed26d871c462b8ace968e.zfyfvmchrl.acm-validations.aws."
            ],
            "set_identifier": "",
            "ttl": 60,
            "type": "CNAME",
            "weighted_routing_policy": [],
            "zone_id": "Z0467687PSBS3YO2VQL9"
          },
          "sensitive_attributes": [],
          "private": "eyJzY2hlbWFfdmVyc2lvbiI6IjIifQ==",
          "dependencies": [
            "aws_acm_certificate.primary_hosted_zone",
            "aws_route53_zone.primary"
          ]
        }
      ]
    },
    {
      "mode": "managed",
      "type": "aws_route53_record",
      "name": "my_dns_record_vpn_server",
      "provider": "provider[\"registry.terraform.io/hashicorp/aws\"]",
      "instances": [
        {
          "index_key": "alumno04.pelucornio.link",
          "schema_version": 2,
          "attributes": {
            "alias": [],
            "allow_overwrite": null,
            "cidr_routing_policy": [],
            "failover_routing_policy": [],
            "fqdn": "_f1a26c196ca2301eaf904ed6e8df9569.alumno04.pelucornio.link",
            "geolocation_routing_policy": [],
            "geoproximity_routing_policy": [],
            "health_check_id": "",
            "id": "Z04681412988DR6ELKDS9__f1a26c196ca2301eaf904ed6e8df9569.alumno04.pelucornio.link._CNAME",
            "latency_routing_policy": [],
            "multivalue_answer_routing_policy": false,
            "name": "_f1a26c196ca2301eaf904ed6e8df9569.alumno04.pelucornio.link",
            "records": [
              "_0cc0016bc154c4552079eb45d1a53f7b.zfyfvmchrl.acm-validations.aws."
            ],
            "set_identifier": "",
            "ttl": 60,
            "type": "CNAME",
            "weighted_routing_policy": [],
            "zone_id": "Z04681412988DR6ELKDS9"
          },
          "sensitive_attributes": [],
          "private": "eyJzY2hlbWFfdmVyc2lvbiI6IjIifQ==",
          "dependencies": [
            "aws_acm_certificate.vpn_server",
            "aws_route53_zone.alumno04"
          ]
        }
      ]
    },
    {
      "mode": "managed",
      "type": "aws_route53_record",
      "name": "primary_to_alumno_cname",
      "provider": "provider[\"registry.terraform.io/hashicorp/aws\"]",
      "instances": [
        {
          "schema_version": 2,
          "attributes": {
            "alias": [],
            "allow_overwrite": null,
            "cidr_routing_policy": [],
            "failover_routing_policy": [],
            "fqdn": "www.pelucornio.link",
            "geolocation_routing_policy": [],
            "geoproximity_routing_policy": [],
            "health_check_id": "",
            "id": "Z0467687PSBS3YO2VQL9_www.pelucornio.link_CNAME",
            "latency_routing_policy": [],
            "multivalue_answer_routing_policy": false,
            "name": "www.pelucornio.link",
            "records": [
              "alumno04.pelucornio.link"
            ],
            "set_identifier": "",
            "ttl": 300,
            "type": "CNAME",
            "weighted_routing_policy": [],
            "zone_id": "Z0467687PSBS3YO2VQL9"
          },
          "sensitive_attributes": [],
          "private": "eyJzY2hlbWFfdmVyc2lvbiI6IjIifQ==",
          "dependencies": [
            "aws_route53_zone.primary"
          ]
        }
      ]
    },
    {
      "mode": "managed",
      "type": "aws_route53_zone",
      "name": "alumno04",
      "provider": "provider[\"registry.terraform.io/hashicorp/aws\"]",
      "instances": [
        {
          "schema_version": 0,
          "attributes": {
            "arn": "arn:aws:route53:::hostedzone/Z04681412988DR6ELKDS9",
            "comment": "Managed by Terraform",
            "delegation_set_id": "",
            "force_destroy": false,
            "id": "Z04681412988DR6ELKDS9",
            "name": "alumno04.pelucornio.link",
            "name_servers": [
              "ns-1192.awsdns-21.org",
              "ns-19.awsdns-02.com",
              "ns-1929.awsdns-49.co.uk",
              "ns-763.awsdns-31.net"
            ],
            "primary_name_server": "ns-19.awsdns-02.com",
            "tags": {
              "name": "development_dns_zone"
            },
            "tags_all": {
              "name": "development_dns_zone"
            },
            "vpc": [],
            "zone_id": "Z04681412988DR6ELKDS9"
          },
          "sensitive_attributes": [],
          "private": "bnVsbA=="
        }
      ]
    },
    {
      "mode": "managed",
      "type": "aws_route53_zone",
      "name": "primary",
      "provider": "provider[\"registry.terraform.io/hashicorp/aws\"]",
      "instances": [
        {
          "schema_version": 0,
          "attributes": {
            "arn": "arn:aws:route53:::hostedzone/Z0467687PSBS3YO2VQL9",
            "comment": "Managed by Terraform",
            "delegation_set_id": "",
            "force_destroy": false,
            "id": "Z0467687PSBS3YO2VQL9",
            "name": "pelucornio.link",
            "name_servers": [
              "ns-1431.awsdns-50.org",
              "ns-1606.awsdns-08.co.uk",
              "ns-655.awsdns-17.net",
              "ns-75.awsdns-09.com"
            ],
            "primary_name_server": "ns-75.awsdns-09.com",
            "tags": {},
            "tags_all": {},
            "vpc": [],
            "zone_id": "Z0467687PSBS3YO2VQL9"
          },
          "sensitive_attributes": [],
          "private": "bnVsbA=="
        }
      ]
    },
    {
      "mode": "managed",
      "type": "aws_route_table",
      "name": "private-route-table",
      "provider": "provider[\"registry.terraform.io/hashicorp/aws\"]",
      "instances": [
        {
          "schema_version": 0,
          "attributes": {
            "arn": "arn:aws:ec2:us-east-1:340341089363:route-table/rtb-0d662d24a7ed64602",
            "id": "rtb-0d662d24a7ed64602",
            "owner_id": "340341089363",
            "propagating_vgws": [],
            "route": [
              {
                "carrier_gateway_id": "",
                "cidr_block": "0.0.0.0/0",
                "core_network_arn": "",
                "destination_prefix_list_id": "",
                "egress_only_gateway_id": "",
                "gateway_id": "",
                "ipv6_cidr_block": "",
                "local_gateway_id": "",
                "nat_gateway_id": "nat-0e4d59489649d821b",
                "network_interface_id": "",
                "transit_gateway_id": "",
                "vpc_endpoint_id": "",
                "vpc_peering_connection_id": ""
              }
            ],
            "tags": {
              "Name": " Private Route Table"
            },
            "tags_all": {
              "Name": " Private Route Table"
            },
            "timeouts": null,
            "vpc_id": "vpc-012cedb46d73d575e"
          },
          "sensitive_attributes": [],
          "private": "eyJlMmJmYjczMC1lY2FhLTExZTYtOGY4OC0zNDM2M2JjN2M0YzAiOnsiY3JlYXRlIjozMDAwMDAwMDAwMDAsImRlbGV0ZSI6MzAwMDAwMDAwMDAwLCJ1cGRhdGUiOjEyMDAwMDAwMDAwMH19",
          "dependencies": [
            "aws_eip.eip_nat",
            "aws_nat_gateway.nat_1",
            "aws_subnet.public-web-subnet-2",
            "aws_vpc.vpc_alumno04"
          ]
        }
      ]
    },
    {
      "mode": "managed",
      "type": "aws_route_table",
      "name": "public-route-table",
      "provider": "provider[\"registry.terraform.io/hashicorp/aws\"]",
      "instances": [
        {
          "schema_version": 0,
          "attributes": {
            "arn": "arn:aws:ec2:us-east-1:340341089363:route-table/rtb-0a847fd1d478ca172",
            "id": "rtb-0a847fd1d478ca172",
            "owner_id": "340341089363",
            "propagating_vgws": [],
            "route": [
              {
                "carrier_gateway_id": "",
                "cidr_block": "0.0.0.0/0",
                "core_network_arn": "",
                "destination_prefix_list_id": "",
                "egress_only_gateway_id": "",
                "gateway_id": "igw-08a9d2b662ec0c9af",
                "ipv6_cidr_block": "",
                "local_gateway_id": "",
                "nat_gateway_id": "",
                "network_interface_id": "",
                "transit_gateway_id": "",
                "vpc_endpoint_id": "",
                "vpc_peering_connection_id": ""
              }
            ],
            "tags": {
              "Name": "Public route table"
            },
            "tags_all": {
              "Name": "Public route table"
            },
            "timeouts": null,
            "vpc_id": "vpc-012cedb46d73d575e"
          },
          "sensitive_attributes": [],
          "private": "eyJlMmJmYjczMC1lY2FhLTExZTYtOGY4OC0zNDM2M2JjN2M0YzAiOnsiY3JlYXRlIjozMDAwMDAwMDAwMDAsImRlbGV0ZSI6MzAwMDAwMDAwMDAwLCJ1cGRhdGUiOjEyMDAwMDAwMDAwMH19",
          "dependencies": [
            "aws_internet_gateway.igw_alumno04",
            "aws_vpc.vpc_alumno04"
          ]
        }
      ]
    },
    {
      "mode": "managed",
      "type": "aws_route_table_association",
      "name": "nat_route_1",
      "provider": "provider[\"registry.terraform.io/hashicorp/aws\"]",
      "instances": [
        {
          "schema_version": 0,
          "attributes": {
            "gateway_id": "",
            "id": "rtbassoc-0f4d84c7a58814254",
            "route_table_id": "rtb-0d662d24a7ed64602",
            "subnet_id": "subnet-04708653e26aa9a01",
            "timeouts": null
          },
          "sensitive_attributes": [],
          "private": "eyJlMmJmYjczMC1lY2FhLTExZTYtOGY4OC0zNDM2M2JjN2M0YzAiOnsiY3JlYXRlIjozMDAwMDAwMDAwMDAsImRlbGV0ZSI6MzAwMDAwMDAwMDAwLCJ1cGRhdGUiOjEyMDAwMDAwMDAwMH19",
          "dependencies": [
            "aws_eip.eip_nat",
            "aws_nat_gateway.nat_1",
            "aws_route_table.private-route-table",
            "aws_subnet.private-app-subnet-1",
            "aws_subnet.public-web-subnet-2",
            "aws_vpc.vpc_alumno04"
          ]
        }
      ]
    },
    {
      "mode": "managed",
      "type": "aws_route_table_association",
      "name": "nat_route_2",
      "provider": "provider[\"registry.terraform.io/hashicorp/aws\"]",
      "instances": [
        {
          "schema_version": 0,
          "attributes": {
            "gateway_id": "",
            "id": "rtbassoc-06083b825695523ac",
            "route_table_id": "rtb-0d662d24a7ed64602",
            "subnet_id": "subnet-0af148bf575cc2c2d",
            "timeouts": null
          },
          "sensitive_attributes": [],
          "private": "eyJlMmJmYjczMC1lY2FhLTExZTYtOGY4OC0zNDM2M2JjN2M0YzAiOnsiY3JlYXRlIjozMDAwMDAwMDAwMDAsImRlbGV0ZSI6MzAwMDAwMDAwMDAwLCJ1cGRhdGUiOjEyMDAwMDAwMDAwMH19",
          "dependencies": [
            "aws_eip.eip_nat",
            "aws_nat_gateway.nat_1",
            "aws_route_table.private-route-table",
            "aws_subnet.private-app-subnet-2",
            "aws_subnet.public-web-subnet-2",
            "aws_vpc.vpc_alumno04"
          ]
        }
      ]
    },
    {
      "mode": "managed",
      "type": "aws_route_table_association",
      "name": "public-subnet-1-route-table-association",
      "provider": "provider[\"registry.terraform.io/hashicorp/aws\"]",
      "instances": [
        {
          "schema_version": 0,
          "attributes": {
            "gateway_id": "",
            "id": "rtbassoc-0a99188aeb27863b7",
            "route_table_id": "rtb-0a847fd1d478ca172",
            "subnet_id": "subnet-0c053f02c67810f5f",
            "timeouts": null
          },
          "sensitive_attributes": [],
          "private": "eyJlMmJmYjczMC1lY2FhLTExZTYtOGY4OC0zNDM2M2JjN2M0YzAiOnsiY3JlYXRlIjozMDAwMDAwMDAwMDAsImRlbGV0ZSI6MzAwMDAwMDAwMDAwLCJ1cGRhdGUiOjEyMDAwMDAwMDAwMH19",
          "dependencies": [
            "aws_internet_gateway.igw_alumno04",
            "aws_route_table.public-route-table",
            "aws_subnet.public-web-subnet-1",
            "aws_vpc.vpc_alumno04"
          ]
        }
      ]
    },
    {
      "mode": "managed",
      "type": "aws_route_table_association",
      "name": "public-subnet-2-route-table-association",
      "provider": "provider[\"registry.terraform.io/hashicorp/aws\"]",
      "instances": [
        {
          "schema_version": 0,
          "attributes": {
            "gateway_id": "",
            "id": "rtbassoc-038c1939665751ea9",
            "route_table_id": "rtb-0a847fd1d478ca172",
            "subnet_id": "subnet-0746608fd347616d5",
            "timeouts": null
          },
          "sensitive_attributes": [],
          "private": "eyJlMmJmYjczMC1lY2FhLTExZTYtOGY4OC0zNDM2M2JjN2M0YzAiOnsiY3JlYXRlIjozMDAwMDAwMDAwMDAsImRlbGV0ZSI6MzAwMDAwMDAwMDAwLCJ1cGRhdGUiOjEyMDAwMDAwMDAwMH19",
          "dependencies": [
            "aws_internet_gateway.igw_alumno04",
            "aws_route_table.public-route-table",
            "aws_subnet.public-web-subnet-2",
            "aws_vpc.vpc_alumno04"
          ]
        }
      ]
    },
    {
      "mode": "managed",
      "type": "aws_security_group",
      "name": "alb-security-group",
      "provider": "provider[\"registry.terraform.io/hashicorp/aws\"]",
      "instances": [
        {
          "schema_version": 1,
          "attributes": {
            "arn": "arn:aws:ec2:us-east-1:340341089363:security-group/sg-0c9bf6535e1f1f472",
            "description": "Allow HTTP and HTTPS access on port 80/443",
            "egress": [
              {
                "cidr_blocks": [
                  "0.0.0.0/0"
                ],
                "description": "",
                "from_port": 0,
                "ipv6_cidr_blocks": [],
                "prefix_list_ids": [],
                "protocol": "-1",
                "security_groups": [],
                "self": false,
                "to_port": 0
              }
            ],
            "id": "sg-0c9bf6535e1f1f472",
            "ingress": [
              {
                "cidr_blocks": [
                  "0.0.0.0/0"
                ],
                "description": "http access",
                "from_port": 80,
                "ipv6_cidr_blocks": [],
                "prefix_list_ids": [],
                "protocol": "tcp",
                "security_groups": [],
                "self": false,
                "to_port": 80
              },
              {
                "cidr_blocks": [
                  "0.0.0.0/0"
                ],
                "description": "https access",
                "from_port": 443,
                "ipv6_cidr_blocks": [],
                "prefix_list_ids": [],
                "protocol": "tcp",
                "security_groups": [],
                "self": false,
                "to_port": 443
              }
            ],
            "name": "ALB Security group",
            "name_prefix": "",
            "owner_id": "340341089363",
            "revoke_rules_on_delete": false,
            "tags": {
              "Name": "ALB Security group"
            },
            "tags_all": {
              "Name": "ALB Security group"
            },
            "timeouts": null,
            "vpc_id": "vpc-012cedb46d73d575e"
          },
          "sensitive_attributes": [],
          "private": "eyJlMmJmYjczMC1lY2FhLTExZTYtOGY4OC0zNDM2M2JjN2M0YzAiOnsiY3JlYXRlIjo2MDAwMDAwMDAwMDAsImRlbGV0ZSI6OTAwMDAwMDAwMDAwfSwic2NoZW1hX3ZlcnNpb24iOiIxIn0=",
          "dependencies": [
            "aws_vpc.vpc_alumno04"
          ]
        }
      ]
    },
    {
      "mode": "managed",
      "type": "aws_security_group",
      "name": "database_security_group",
      "provider": "provider[\"registry.terraform.io/hashicorp/aws\"]",
      "instances": [
        {
          "schema_version": 1,
          "attributes": {
            "arn": "arn:aws:ec2:us-east-1:340341089363:security-group/sg-09ef737e8392de10a",
            "description": "Enable MYSQL access on port 3306",
            "egress": [
              {
                "cidr_blocks": [
                  "0.0.0.0/0"
                ],
                "description": "",
                "from_port": 0,
                "ipv6_cidr_blocks": [],
                "prefix_list_ids": [],
                "protocol": "-1",
                "security_groups": [],
                "self": false,
                "to_port": 0
              }
            ],
            "id": "sg-09ef737e8392de10a",
            "ingress": [
              {
                "cidr_blocks": [],
                "description": "MYSQL access",
                "from_port": 3306,
                "ipv6_cidr_blocks": [],
                "prefix_list_ids": [],
                "protocol": "tcp",
                "security_groups": [
                  "sg-03c004b07b0b8aa50"
                ],
                "self": false,
                "to_port": 3306
              }
            ],
            "name": "Database server Security group",
            "name_prefix": "",
            "owner_id": "340341089363",
            "revoke_rules_on_delete": false,
            "tags": {
              "Name": "Database security group"
            },
            "tags_all": {
              "Name": "Database security group"
            },
            "timeouts": null,
            "vpc_id": "vpc-012cedb46d73d575e"
          },
          "sensitive_attributes": [],
          "private": "eyJlMmJmYjczMC1lY2FhLTExZTYtOGY4OC0zNDM2M2JjN2M0YzAiOnsiY3JlYXRlIjo2MDAwMDAwMDAwMDAsImRlbGV0ZSI6OTAwMDAwMDAwMDAwfSwic2NoZW1hX3ZlcnNpb24iOiIxIn0=",
          "dependencies": [
            "aws_security_group.alb-security-group",
            "aws_security_group.webserver-security-group",
            "aws_vpc.vpc_alumno04"
          ]
        }
      ]
    },
    {
      "mode": "managed",
      "type": "aws_security_group",
      "name": "ssh-aws-security-group",
      "provider": "provider[\"registry.terraform.io/hashicorp/aws\"]",
      "instances": [
        {
          "schema_version": 1,
          "attributes": {
            "arn": "arn:aws:ec2:us-east-1:340341089363:security-group/sg-02c69efec9213d2c2",
            "description": "Enable ssh access on port 22c",
            "egress": [
              {
                "cidr_blocks": [
                  "0.0.0.0/0"
                ],
                "description": "",
                "from_port": 0,
                "ipv6_cidr_blocks": [],
                "prefix_list_ids": [],
                "protocol": "-1",
                "security_groups": [],
                "self": false,
                "to_port": 0
              }
            ],
            "id": "sg-02c69efec9213d2c2",
            "ingress": [
              {
                "cidr_blocks": [
                  "0.0.0.0/0"
                ],
                "description": "",
                "from_port": 22,
                "ipv6_cidr_blocks": [],
                "prefix_list_ids": [],
                "protocol": "tcp",
                "security_groups": [],
                "self": false,
                "to_port": 22
              }
            ],
            "name": "SSH Acess",
            "name_prefix": "",
            "owner_id": "340341089363",
            "revoke_rules_on_delete": false,
            "tags": {
              "Name": "SSH sevurity group"
            },
            "tags_all": {
              "Name": "SSH sevurity group"
            },
            "timeouts": null,
            "vpc_id": "vpc-012cedb46d73d575e"
          },
          "sensitive_attributes": [],
          "private": "eyJlMmJmYjczMC1lY2FhLTExZTYtOGY4OC0zNDM2M2JjN2M0YzAiOnsiY3JlYXRlIjo2MDAwMDAwMDAwMDAsImRlbGV0ZSI6OTAwMDAwMDAwMDAwfSwic2NoZW1hX3ZlcnNpb24iOiIxIn0=",
          "dependencies": [
            "aws_vpc.vpc_alumno04"
          ]
        }
      ]
    },
    {
      "mode": "managed",
      "type": "aws_security_group",
      "name": "webserver-security-group",
      "provider": "provider[\"registry.terraform.io/hashicorp/aws\"]",
      "instances": [
        {
          "schema_version": 1,
          "attributes": {
            "arn": "arn:aws:ec2:us-east-1:340341089363:security-group/sg-03c004b07b0b8aa50",
            "description": "Allow HTTP and HTTPS inbound traffic on port 80/443",
            "egress": [
              {
                "cidr_blocks": [
                  "0.0.0.0/10"
                ],
                "description": "",
                "from_port": 0,
                "ipv6_cidr_blocks": [],
                "prefix_list_ids": [],
                "protocol": "-1",
                "security_groups": [],
                "self": false,
                "to_port": 0
              }
            ],
            "id": "sg-03c004b07b0b8aa50",
            "ingress": [
              {
                "cidr_blocks": [],
                "description": "http access",
                "from_port": 80,
                "ipv6_cidr_blocks": [],
                "prefix_list_ids": [],
                "protocol": "tcp",
                "security_groups": [
                  "sg-0c9bf6535e1f1f472"
                ],
                "self": false,
                "to_port": 80
              },
              {
                "cidr_blocks": [],
                "description": "https access",
                "from_port": 443,
                "ipv6_cidr_blocks": [],
                "prefix_list_ids": [],
                "protocol": "tcp",
                "security_groups": [
                  "sg-0c9bf6535e1f1f472"
                ],
                "self": false,
                "to_port": 443
              },
              {
                "cidr_blocks": [],
                "description": "ssh access",
                "from_port": 22,
                "ipv6_cidr_blocks": [],
                "prefix_list_ids": [],
                "protocol": "tcp",
                "security_groups": [
                  "sg-0c9bf6535e1f1f472"
                ],
                "self": false,
                "to_port": 22
              }
            ],
            "name": "Web Server security group",
            "name_prefix": "",
            "owner_id": "340341089363",
            "revoke_rules_on_delete": false,
            "tags": {
              "Name": "Web Server security group"
            },
            "tags_all": {
              "Name": "Web Server security group"
            },
            "timeouts": null,
            "vpc_id": "vpc-012cedb46d73d575e"
          },
          "sensitive_attributes": [],
          "private": "eyJlMmJmYjczMC1lY2FhLTExZTYtOGY4OC0zNDM2M2JjN2M0YzAiOnsiY3JlYXRlIjo2MDAwMDAwMDAwMDAsImRlbGV0ZSI6OTAwMDAwMDAwMDAwfSwic2NoZW1hX3ZlcnNpb24iOiIxIn0=",
          "dependencies": [
            "aws_security_group.alb-security-group",
            "aws_vpc.vpc_alumno04"
          ]
        }
      ]
    },
    {
      "mode": "managed",
      "type": "aws_subnet",
      "name": "private-app-subnet-1",
      "provider": "provider[\"registry.terraform.io/hashicorp/aws\"]",
      "instances": [
        {
          "schema_version": 1,
          "attributes": {
            "arn": "arn:aws:ec2:us-east-1:340341089363:subnet/subnet-04708653e26aa9a01",
            "assign_ipv6_address_on_creation": false,
            "availability_zone": "us-east-1a",
            "availability_zone_id": "use1-az1",
            "cidr_block": "10.0.3.0/24",
            "customer_owned_ipv4_pool": "",
            "enable_dns64": false,
            "enable_lni_at_device_index": 0,
            "enable_resource_name_dns_a_record_on_launch": false,
            "enable_resource_name_dns_aaaa_record_on_launch": false,
            "id": "subnet-04708653e26aa9a01",
            "ipv6_cidr_block": "",
            "ipv6_cidr_block_association_id": "",
            "ipv6_native": false,
            "map_customer_owned_ip_on_launch": false,
            "map_public_ip_on_launch": false,
            "outpost_arn": "",
            "owner_id": "340341089363",
            "private_dns_hostname_type_on_launch": "ip-name",
            "tags": {
              "Name": "Private subnet 1 - App Tier"
            },
            "tags_all": {
              "Name": "Private subnet 1 - App Tier"
            },
            "timeouts": null,
            "vpc_id": "vpc-012cedb46d73d575e"
          },
          "sensitive_attributes": [],
          "private": "eyJlMmJmYjczMC1lY2FhLTExZTYtOGY4OC0zNDM2M2JjN2M0YzAiOnsiY3JlYXRlIjo2MDAwMDAwMDAwMDAsImRlbGV0ZSI6MTIwMDAwMDAwMDAwMH0sInNjaGVtYV92ZXJzaW9uIjoiMSJ9",
          "dependencies": [
            "aws_vpc.vpc_alumno04"
          ]
        }
      ]
    },
    {
      "mode": "managed",
      "type": "aws_subnet",
      "name": "private-app-subnet-2",
      "provider": "provider[\"registry.terraform.io/hashicorp/aws\"]",
      "instances": [
        {
          "schema_version": 1,
          "attributes": {
            "arn": "arn:aws:ec2:us-east-1:340341089363:subnet/subnet-0af148bf575cc2c2d",
            "assign_ipv6_address_on_creation": false,
            "availability_zone": "us-east-1b",
            "availability_zone_id": "use1-az2",
            "cidr_block": "10.0.4.0/24",
            "customer_owned_ipv4_pool": "",
            "enable_dns64": false,
            "enable_lni_at_device_index": 0,
            "enable_resource_name_dns_a_record_on_launch": false,
            "enable_resource_name_dns_aaaa_record_on_launch": false,
            "id": "subnet-0af148bf575cc2c2d",
            "ipv6_cidr_block": "",
            "ipv6_cidr_block_association_id": "",
            "ipv6_native": false,
            "map_customer_owned_ip_on_launch": false,
            "map_public_ip_on_launch": false,
            "outpost_arn": "",
            "owner_id": "340341089363",
            "private_dns_hostname_type_on_launch": "ip-name",
            "tags": {
              "Name": "Private subnet 2 - App Tier"
            },
            "tags_all": {
              "Name": "Private subnet 2 - App Tier"
            },
            "timeouts": null,
            "vpc_id": "vpc-012cedb46d73d575e"
          },
          "sensitive_attributes": [],
          "private": "eyJlMmJmYjczMC1lY2FhLTExZTYtOGY4OC0zNDM2M2JjN2M0YzAiOnsiY3JlYXRlIjo2MDAwMDAwMDAwMDAsImRlbGV0ZSI6MTIwMDAwMDAwMDAwMH0sInNjaGVtYV92ZXJzaW9uIjoiMSJ9",
          "dependencies": [
            "aws_vpc.vpc_alumno04"
          ]
        }
      ]
    },
    {
      "mode": "managed",
      "type": "aws_subnet",
      "name": "private-db-subnet-1",
      "provider": "provider[\"registry.terraform.io/hashicorp/aws\"]",
      "instances": [
        {
          "schema_version": 1,
          "attributes": {
            "arn": "arn:aws:ec2:us-east-1:340341089363:subnet/subnet-05b85eff3b8e7c9dc",
            "assign_ipv6_address_on_creation": false,
            "availability_zone": "us-east-1a",
            "availability_zone_id": "use1-az1",
            "cidr_block": "10.0.5.0/24",
            "customer_owned_ipv4_pool": "",
            "enable_dns64": false,
            "enable_lni_at_device_index": 0,
            "enable_resource_name_dns_a_record_on_launch": false,
            "enable_resource_name_dns_aaaa_record_on_launch": false,
            "id": "subnet-05b85eff3b8e7c9dc",
            "ipv6_cidr_block": "",
            "ipv6_cidr_block_association_id": "",
            "ipv6_native": false,
            "map_customer_owned_ip_on_launch": false,
            "map_public_ip_on_launch": false,
            "outpost_arn": "",
            "owner_id": "340341089363",
            "private_dns_hostname_type_on_launch": "ip-name",
            "tags": {
              "Name": "Private subnet 1  - DB Tier"
            },
            "tags_all": {
              "Name": "Private subnet 1  - DB Tier"
            },
            "timeouts": null,
            "vpc_id": "vpc-012cedb46d73d575e"
          },
          "sensitive_attributes": [],
          "private": "eyJlMmJmYjczMC1lY2FhLTExZTYtOGY4OC0zNDM2M2JjN2M0YzAiOnsiY3JlYXRlIjo2MDAwMDAwMDAwMDAsImRlbGV0ZSI6MTIwMDAwMDAwMDAwMH0sInNjaGVtYV92ZXJzaW9uIjoiMSJ9",
          "dependencies": [
            "aws_vpc.vpc_alumno04"
          ]
        }
      ]
    },
    {
      "mode": "managed",
      "type": "aws_subnet",
      "name": "private-db-subnet-2",
      "provider": "provider[\"registry.terraform.io/hashicorp/aws\"]",
      "instances": [
        {
          "schema_version": 1,
          "attributes": {
            "arn": "arn:aws:ec2:us-east-1:340341089363:subnet/subnet-0dbca39cb940c1a11",
            "assign_ipv6_address_on_creation": false,
            "availability_zone": "us-east-1b",
            "availability_zone_id": "use1-az2",
            "cidr_block": "10.0.6.0/24",
            "customer_owned_ipv4_pool": "",
            "enable_dns64": false,
            "enable_lni_at_device_index": 0,
            "enable_resource_name_dns_a_record_on_launch": false,
            "enable_resource_name_dns_aaaa_record_on_launch": false,
            "id": "subnet-0dbca39cb940c1a11",
            "ipv6_cidr_block": "",
            "ipv6_cidr_block_association_id": "",
            "ipv6_native": false,
            "map_customer_owned_ip_on_launch": false,
            "map_public_ip_on_launch": false,
            "outpost_arn": "",
            "owner_id": "340341089363",
            "private_dns_hostname_type_on_launch": "ip-name",
            "tags": {
              "Name": "Private subnet 2 - DB Tier"
            },
            "tags_all": {
              "Name": "Private subnet 2 - DB Tier"
            },
            "timeouts": null,
            "vpc_id": "vpc-012cedb46d73d575e"
          },
          "sensitive_attributes": [],
          "private": "eyJlMmJmYjczMC1lY2FhLTExZTYtOGY4OC0zNDM2M2JjN2M0YzAiOnsiY3JlYXRlIjo2MDAwMDAwMDAwMDAsImRlbGV0ZSI6MTIwMDAwMDAwMDAwMH0sInNjaGVtYV92ZXJzaW9uIjoiMSJ9",
          "dependencies": [
            "aws_vpc.vpc_alumno04"
          ]
        }
      ]
    },
    {
      "mode": "managed",
      "type": "aws_subnet",
      "name": "public-web-subnet-1",
      "provider": "provider[\"registry.terraform.io/hashicorp/aws\"]",
      "instances": [
        {
          "schema_version": 1,
          "attributes": {
            "arn": "arn:aws:ec2:us-east-1:340341089363:subnet/subnet-0c053f02c67810f5f",
            "assign_ipv6_address_on_creation": false,
            "availability_zone": "us-east-1a",
            "availability_zone_id": "use1-az1",
            "cidr_block": "10.0.1.0/24",
            "customer_owned_ipv4_pool": "",
            "enable_dns64": false,
            "enable_lni_at_device_index": 0,
            "enable_resource_name_dns_a_record_on_launch": false,
            "enable_resource_name_dns_aaaa_record_on_launch": false,
            "id": "subnet-0c053f02c67810f5f",
            "ipv6_cidr_block": "",
            "ipv6_cidr_block_association_id": "",
            "ipv6_native": false,
            "map_customer_owned_ip_on_launch": false,
            "map_public_ip_on_launch": true,
            "outpost_arn": "",
            "owner_id": "340341089363",
            "private_dns_hostname_type_on_launch": "ip-name",
            "tags": {
              "Name": "Public subnet 1"
            },
            "tags_all": {
              "Name": "Public subnet 1"
            },
            "timeouts": null,
            "vpc_id": "vpc-012cedb46d73d575e"
          },
          "sensitive_attributes": [],
          "private": "eyJlMmJmYjczMC1lY2FhLTExZTYtOGY4OC0zNDM2M2JjN2M0YzAiOnsiY3JlYXRlIjo2MDAwMDAwMDAwMDAsImRlbGV0ZSI6MTIwMDAwMDAwMDAwMH0sInNjaGVtYV92ZXJzaW9uIjoiMSJ9",
          "dependencies": [
            "aws_vpc.vpc_alumno04"
          ]
        }
      ]
    },
    {
      "mode": "managed",
      "type": "aws_subnet",
      "name": "public-web-subnet-2",
      "provider": "provider[\"registry.terraform.io/hashicorp/aws\"]",
      "instances": [
        {
          "schema_version": 1,
          "attributes": {
            "arn": "arn:aws:ec2:us-east-1:340341089363:subnet/subnet-0746608fd347616d5",
            "assign_ipv6_address_on_creation": false,
            "availability_zone": "us-east-1b",
            "availability_zone_id": "use1-az2",
            "cidr_block": "10.0.2.0/24",
            "customer_owned_ipv4_pool": "",
            "enable_dns64": false,
            "enable_lni_at_device_index": 0,
            "enable_resource_name_dns_a_record_on_launch": false,
            "enable_resource_name_dns_aaaa_record_on_launch": false,
            "id": "subnet-0746608fd347616d5",
            "ipv6_cidr_block": "",
            "ipv6_cidr_block_association_id": "",
            "ipv6_native": false,
            "map_customer_owned_ip_on_launch": false,
            "map_public_ip_on_launch": true,
            "outpost_arn": "",
            "owner_id": "340341089363",
            "private_dns_hostname_type_on_launch": "ip-name",
            "tags": {
              "Name": "Public subnet 2"
            },
            "tags_all": {
              "Name": "Public subnet 2"
            },
            "timeouts": null,
            "vpc_id": "vpc-012cedb46d73d575e"
          },
          "sensitive_attributes": [],
          "private": "eyJlMmJmYjczMC1lY2FhLTExZTYtOGY4OC0zNDM2M2JjN2M0YzAiOnsiY3JlYXRlIjo2MDAwMDAwMDAwMDAsImRlbGV0ZSI6MTIwMDAwMDAwMDAwMH0sInNjaGVtYV92ZXJzaW9uIjoiMSJ9",
          "dependencies": [
            "aws_vpc.vpc_alumno04"
          ]
        }
      ]
    },
    {
      "mode": "managed",
      "type": "aws_vpc",
      "name": "vpc_alumno04",
      "provider": "provider[\"registry.terraform.io/hashicorp/aws\"]",
      "instances": [
        {
          "schema_version": 1,
          "attributes": {
            "arn": "arn:aws:ec2:us-east-1:340341089363:vpc/vpc-012cedb46d73d575e",
            "assign_generated_ipv6_cidr_block": false,
            "cidr_block": "10.0.0.0/16",
            "default_network_acl_id": "acl-04aa93e459ffb6982",
            "default_route_table_id": "rtb-0177539661147085e",
            "default_security_group_id": "sg-01fd3c5101e4a16fc",
            "dhcp_options_id": "dopt-074c31c85c089f9d1",
            "enable_dns_hostnames": false,
            "enable_dns_support": true,
            "enable_network_address_usage_metrics": false,
            "id": "vpc-012cedb46d73d575e",
            "instance_tenancy": "default",
            "ipv4_ipam_pool_id": null,
            "ipv4_netmask_length": null,
            "ipv6_association_id": "",
            "ipv6_cidr_block": "",
            "ipv6_cidr_block_network_border_group": "",
            "ipv6_ipam_pool_id": "",
            "ipv6_netmask_length": 0,
            "main_route_table_id": "rtb-0177539661147085e",
            "owner_id": "340341089363",
            "tags": {
              "Name": "central-network"
            },
            "tags_all": {
              "Name": "central-network"
            }
          },
          "sensitive_attributes": [],
          "private": "eyJzY2hlbWFfdmVyc2lvbiI6IjEifQ=="
        }
      ]
    },
    {
      "mode": "managed",
      "type": "local_file",
      "name": "tf_key",
      "provider": "provider[\"registry.terraform.io/hashicorp/local\"]",
      "instances": [
        {
          "schema_version": 0,
          "attributes": {
            "content": "-----BEGIN RSA PRIVATE KEY-----\nMIIEpAIBAAKCAQEA0M9xA8+l5WQM/fDMgxqyc3bwhl7wQ4HjfNUfh6D7AyTU4P7q\n4VjJZyZ1UPBC3I1idbsJO8BhEJ1VOznIC33mBR1xBIUHQjPIp4jua6dYmmgeHHQK\ntGrefrvg3Gckru1lMIiAiJLmuUAsPNHz7boT47z0ZM/+R7tyWyCcBnEKx0CI2GdF\nqbjlBHJf3buWEBl5rakqm+bEpa4sXJfiS0pLlIf9zjMxvSYCzxW2smmOXU0Gercu\niiK+hTLZU0hbZUWMaIxgKybMEzR2j6FQs7vFS98dZkjyqAInVGq8GLGRLuVEF3M2\n7r3+XKbCNgUgqjPnH4OStvQhg+kKUkiCo/vJ1wIDAQABAoIBAQC9YMZQ/IyrJTib\nPz9cUGQ0UFUIqSYjM7RMTUaRTbEaQtdHUCtaQZo4ESspQx6AxUHdIMrZBDuERA0+\n78K8mWx6ix8rSDMzGaAMQiZqQJYdQ/y7NYtX4ez06BSiEHG2rNuvTr20H/ddYBQ+\n/PPMUY0kaQUGQZWPHTQz7blUJkXuOrdElY2pLhhioCvSpfioXGakSogbuosXGJmB\nce+Z5kIsb+zS6Djne2CM389Gqjwog17J20z+zP1OqTEaaZO8iUbsk3Mmq5f+uD/i\n9wUrT3nysN7xgMm1lDycJfp/PSModCGdJui5R0M8MvJ2y7qbk7IKFvoDNJmrkVSZ\ngzi6KbmRAoGBAPVHVLCxPgE6iDO636uXBgsj7EAno6a+4W9ulX8TXBGWb22YqgKA\nA4LcCAQrV3eC2DFMJr8qMfw2UMh5S7ygrqO2St8N1Qpd7Gdec40/lR7zLoIfqJtk\nB4Fj/wUkMIHSFNBP6FdF5IAQN/FiPXuxy2AMereMlhp86xULSnoQGSH9AoGBANnw\nB6zugYzg+NlIc5X+bMoPGo6edZ4E96aEDy75pKmZ9SMVSgKX9+dBmmpSqA5HeAOq\nnUH2EwIE1+tmQ13RV60Adf/Vt2hnvuMZrzbhUEsLtiNpA8ACqve8d5LJx7pK0pjM\nBzNInSQuV+QW3XDBUgMiZcrVIQK2AeB0HzazJMljAoGBAKWK5xX6Cic6IgMH9T4S\nR/ns3N7P4hwAaJaUxEFoB5O3PK1zhAr762K+roph1j7LCK78/om3KNVYs10awIsm\nx7emqRGyfD7q9Usu7D5A05x39MPOKjX2ZTpnCw+lRTfZWkLeK6n7eiUUzS0VaPm7\nHdBNm+WV9Rkbhm5FmJaZltzhAoGAIxs8UUoWSlhPHclC/U1/vsjSEVlLPwozznoF\nbB7AvKVVTLJ4OpS6VWFG+4uXEL3IgmawcFiwVSnskjnl7i3zvqWNXInTwpi7sh+I\nDwIaigw36dpXxU1otwGADYA9kS/OXti27DbtQU/Jzq80Op6ZlHGtDhBpAePJx5tN\nD+WprlsCgYB6luASyFYPgiNO1tL8SYzRJhH/UeLWPwktbvVihdardlH76kR5ynS3\n7vTC7VTKkSatL9RVW2daFyZouZa6LOOwEeNr60R8vWiPM2AzEtdlW2RogsCcuEV4\nB9Pn20SMxBRP8ksptBUZR896FJ3RKbWz0i/2Sj+kFcbOEp/UX4VdUQ==\n-----END RSA PRIVATE KEY-----\n",
            "content_base64": null,
            "content_base64sha256": "MDrBCHTR50OCZhRrWH3v40ONJxAvW+cR0brosMpv6rY=",
            "content_base64sha512": "Uz1iF/0eJXPY0vsH5GkiPeitkig/qvIB3AKNtA8/87ocv8xWDvb8s/97sHPYS6GsvhlITyZdFCjSDSrRU28E/g==",
            "content_md5": "4d4f86c1808f5da03809fe2b93ac6666",
            "content_sha1": "fa9655540a6cf6fd2ae384b020a1e373052c242e",
            "content_sha256": "303ac10874d1e7438266146b587defe3438d27102f5be711d1bae8b0ca6feab6",
            "content_sha512": "533d6217fd1e2573d8d2fb07e469223de8ad92283faaf201dc028db40f3ff3ba1cbfcc560ef6fcb3ff7bb073d84ba1acbe19484f265d1428d20d2ad1536f04fe",
            "directory_permission": "0777",
            "file_permission": "0777",
            "filename": "hola",
            "id": "fa9655540a6cf6fd2ae384b020a1e373052c242e",
            "sensitive_content": null,
            "source": null
          },
          "sensitive_attributes": [
            [
              {
                "type": "get_attr",
                "value": "content"
              }
            ],
            [
              {
                "type": "get_attr",
                "value": "sensitive_content"
              }
            ]
          ],
          "dependencies": [
            "tls_private_key.rsa-4096-alumno04"
          ]
        }
      ]
    },
    {
      "mode": "managed",
      "type": "tls_private_key",
      "name": "rsa-4096-alumno04",
      "provider": "provider[\"registry.terraform.io/hashicorp/tls\"]",
      "instances": [
        {
          "schema_version": 1,
          "attributes": {
            "algorithm": "RSA",
            "ecdsa_curve": "P224",
            "id": "4996a5e936b7743873c316d74123d76fec4aa831",
            "private_key_openssh": "-----BEGIN OPENSSH PRIVATE KEY-----\nb3BlbnNzaC1rZXktdjEAAAAABG5vbmUAAAAEbm9uZQAAAAAAAAABAAABFwAAAAdz\nc2gtcnNhAAAAAwEAAQAAAQEA0M9xA8+l5WQM/fDMgxqyc3bwhl7wQ4HjfNUfh6D7\nAyTU4P7q4VjJZyZ1UPBC3I1idbsJO8BhEJ1VOznIC33mBR1xBIUHQjPIp4jua6dY\nmmgeHHQKtGrefrvg3Gckru1lMIiAiJLmuUAsPNHz7boT47z0ZM/+R7tyWyCcBnEK\nx0CI2GdFqbjlBHJf3buWEBl5rakqm+bEpa4sXJfiS0pLlIf9zjMxvSYCzxW2smmO\nXU0GercuiiK+hTLZU0hbZUWMaIxgKybMEzR2j6FQs7vFS98dZkjyqAInVGq8GLGR\nLuVEF3M27r3+XKbCNgUgqjPnH4OStvQhg+kKUkiCo/vJ1wAAA7iddgPInXYDyAAA\nAAdzc2gtcnNhAAABAQDQz3EDz6XlZAz98MyDGrJzdvCGXvBDgeN81R+HoPsDJNTg\n/urhWMlnJnVQ8ELcjWJ1uwk7wGEQnVU7OcgLfeYFHXEEhQdCM8iniO5rp1iaaB4c\ndAq0at5+u+DcZySu7WUwiICIkua5QCw80fPtuhPjvPRkz/5Hu3JbIJwGcQrHQIjY\nZ0WpuOUEcl/du5YQGXmtqSqb5sSlrixcl+JLSkuUh/3OMzG9JgLPFbayaY5dTQZ6\nty6KIr6FMtlTSFtlRYxojGArJswTNHaPoVCzu8VL3x1mSPKoAidUarwYsZEu5UQX\nczbuvf5cpsI2BSCqM+cfg5K29CGD6QpSSIKj+8nXAAAAAwEAAQAAAQEAvWDGUPyM\nqyU4mz8/XFBkNFBVCKkmIzO0TE1GkU2xGkLXR1ArWkGaOBErKUMegMVB3SDK2QQ7\nhEQNPu/CvJlseosfK0gzMxmgDEImakCWHUP8uzWLV+Hs9OgUohBxtqzbr069tB/3\nXWAUPvzzzFGNJGkFBkGVjx00M+25VCZF7jq3RJWNqS4YYqAr0qX4qFxmpEqIG7qL\nFxiZgXHvmeZCLG/s0ug453tgjN/PRqo8KINeydtM/sz9TqkxGmmTvIlG7JNzJquX\n/rg/4vcFK0958rDe8YDJtZQ8nCX6fz0jKHQhnSbouUdDPDLydsu6m5OyChb6AzSZ\nq5FUmYM4uim5kQAAAIB6luASyFYPgiNO1tL8SYzRJhH/UeLWPwktbvVihdardlH7\n6kR5ynS37vTC7VTKkSatL9RVW2daFyZouZa6LOOwEeNr60R8vWiPM2AzEtdlW2Ro\ngsCcuEV4B9Pn20SMxBRP8ksptBUZR896FJ3RKbWz0i/2Sj+kFcbOEp/UX4VdUQAA\nAIEA9UdUsLE+ATqIM7rfq5cGCyPsQCejpr7hb26VfxNcEZZvbZiqAoADgtwIBCtX\nd4LYMUwmvyox/DZQyHlLvKCuo7ZK3w3VCl3sZ15zjT+VHvMugh+om2QHgWP/BSQw\ngdIU0E/oV0XkgBA38WI9e7HLYAx6t4yWGnzrFQtKehAZIf0AAACBANnwB6zugYzg\n+NlIc5X+bMoPGo6edZ4E96aEDy75pKmZ9SMVSgKX9+dBmmpSqA5HeAOqnUH2EwIE\n1+tmQ13RV60Adf/Vt2hnvuMZrzbhUEsLtiNpA8ACqve8d5LJx7pK0pjMBzNInSQu\nV+QW3XDBUgMiZcrVIQK2AeB0HzazJMljAAAAAAEC\n-----END OPENSSH PRIVATE KEY-----\n",
            "private_key_pem": "-----BEGIN RSA PRIVATE KEY-----\nMIIEpAIBAAKCAQEA0M9xA8+l5WQM/fDMgxqyc3bwhl7wQ4HjfNUfh6D7AyTU4P7q\n4VjJZyZ1UPBC3I1idbsJO8BhEJ1VOznIC33mBR1xBIUHQjPIp4jua6dYmmgeHHQK\ntGrefrvg3Gckru1lMIiAiJLmuUAsPNHz7boT47z0ZM/+R7tyWyCcBnEKx0CI2GdF\nqbjlBHJf3buWEBl5rakqm+bEpa4sXJfiS0pLlIf9zjMxvSYCzxW2smmOXU0Gercu\niiK+hTLZU0hbZUWMaIxgKybMEzR2j6FQs7vFS98dZkjyqAInVGq8GLGRLuVEF3M2\n7r3+XKbCNgUgqjPnH4OStvQhg+kKUkiCo/vJ1wIDAQABAoIBAQC9YMZQ/IyrJTib\nPz9cUGQ0UFUIqSYjM7RMTUaRTbEaQtdHUCtaQZo4ESspQx6AxUHdIMrZBDuERA0+\n78K8mWx6ix8rSDMzGaAMQiZqQJYdQ/y7NYtX4ez06BSiEHG2rNuvTr20H/ddYBQ+\n/PPMUY0kaQUGQZWPHTQz7blUJkXuOrdElY2pLhhioCvSpfioXGakSogbuosXGJmB\nce+Z5kIsb+zS6Djne2CM389Gqjwog17J20z+zP1OqTEaaZO8iUbsk3Mmq5f+uD/i\n9wUrT3nysN7xgMm1lDycJfp/PSModCGdJui5R0M8MvJ2y7qbk7IKFvoDNJmrkVSZ\ngzi6KbmRAoGBAPVHVLCxPgE6iDO636uXBgsj7EAno6a+4W9ulX8TXBGWb22YqgKA\nA4LcCAQrV3eC2DFMJr8qMfw2UMh5S7ygrqO2St8N1Qpd7Gdec40/lR7zLoIfqJtk\nB4Fj/wUkMIHSFNBP6FdF5IAQN/FiPXuxy2AMereMlhp86xULSnoQGSH9AoGBANnw\nB6zugYzg+NlIc5X+bMoPGo6edZ4E96aEDy75pKmZ9SMVSgKX9+dBmmpSqA5HeAOq\nnUH2EwIE1+tmQ13RV60Adf/Vt2hnvuMZrzbhUEsLtiNpA8ACqve8d5LJx7pK0pjM\nBzNInSQuV+QW3XDBUgMiZcrVIQK2AeB0HzazJMljAoGBAKWK5xX6Cic6IgMH9T4S\nR/ns3N7P4hwAaJaUxEFoB5O3PK1zhAr762K+roph1j7LCK78/om3KNVYs10awIsm\nx7emqRGyfD7q9Usu7D5A05x39MPOKjX2ZTpnCw+lRTfZWkLeK6n7eiUUzS0VaPm7\nHdBNm+WV9Rkbhm5FmJaZltzhAoGAIxs8UUoWSlhPHclC/U1/vsjSEVlLPwozznoF\nbB7AvKVVTLJ4OpS6VWFG+4uXEL3IgmawcFiwVSnskjnl7i3zvqWNXInTwpi7sh+I\nDwIaigw36dpXxU1otwGADYA9kS/OXti27DbtQU/Jzq80Op6ZlHGtDhBpAePJx5tN\nD+WprlsCgYB6luASyFYPgiNO1tL8SYzRJhH/UeLWPwktbvVihdardlH76kR5ynS3\n7vTC7VTKkSatL9RVW2daFyZouZa6LOOwEeNr60R8vWiPM2AzEtdlW2RogsCcuEV4\nB9Pn20SMxBRP8ksptBUZR896FJ3RKbWz0i/2Sj+kFcbOEp/UX4VdUQ==\n-----END RSA PRIVATE KEY-----\n",
            "private_key_pem_pkcs8": "-----BEGIN PRIVATE KEY-----\nMIIEvgIBADANBgkqhkiG9w0BAQEFAASCBKgwggSkAgEAAoIBAQDQz3EDz6XlZAz9\n8MyDGrJzdvCGXvBDgeN81R+HoPsDJNTg/urhWMlnJnVQ8ELcjWJ1uwk7wGEQnVU7\nOcgLfeYFHXEEhQdCM8iniO5rp1iaaB4cdAq0at5+u+DcZySu7WUwiICIkua5QCw8\n0fPtuhPjvPRkz/5Hu3JbIJwGcQrHQIjYZ0WpuOUEcl/du5YQGXmtqSqb5sSlrixc\nl+JLSkuUh/3OMzG9JgLPFbayaY5dTQZ6ty6KIr6FMtlTSFtlRYxojGArJswTNHaP\noVCzu8VL3x1mSPKoAidUarwYsZEu5UQXczbuvf5cpsI2BSCqM+cfg5K29CGD6QpS\nSIKj+8nXAgMBAAECggEBAL1gxlD8jKslOJs/P1xQZDRQVQipJiMztExNRpFNsRpC\n10dQK1pBmjgRKylDHoDFQd0gytkEO4REDT7vwryZbHqLHytIMzMZoAxCJmpAlh1D\n/Ls1i1fh7PToFKIQcbas269OvbQf911gFD7888xRjSRpBQZBlY8dNDPtuVQmRe46\nt0SVjakuGGKgK9Kl+KhcZqRKiBu6ixcYmYFx75nmQixv7NLoOOd7YIzfz0aqPCiD\nXsnbTP7M/U6pMRppk7yJRuyTcyarl/64P+L3BStPefKw3vGAybWUPJwl+n89Iyh0\nIZ0m6LlHQzwy8nbLupuTsgoW+gM0mauRVJmDOLopuZECgYEA9UdUsLE+ATqIM7rf\nq5cGCyPsQCejpr7hb26VfxNcEZZvbZiqAoADgtwIBCtXd4LYMUwmvyox/DZQyHlL\nvKCuo7ZK3w3VCl3sZ15zjT+VHvMugh+om2QHgWP/BSQwgdIU0E/oV0XkgBA38WI9\ne7HLYAx6t4yWGnzrFQtKehAZIf0CgYEA2fAHrO6BjOD42Uhzlf5syg8ajp51ngT3\npoQPLvmkqZn1IxVKApf350GaalKoDkd4A6qdQfYTAgTX62ZDXdFXrQB1/9W3aGe+\n4xmvNuFQSwu2I2kDwAKq97x3ksnHukrSmMwHM0idJC5X5BbdcMFSAyJlytUhArYB\n4HQfNrMkyWMCgYEApYrnFfoKJzoiAwf1PhJH+ezc3s/iHABolpTEQWgHk7c8rXOE\nCvvrYr6uimHWPssIrvz+ibco1VizXRrAiybHt6apEbJ8Pur1Sy7sPkDTnHf0w84q\nNfZlOmcLD6VFN9laQt4rqft6JRTNLRVo+bsd0E2b5ZX1GRuGbkWYlpmW3OECgYAj\nGzxRShZKWE8dyUL9TX++yNIRWUs/CjPOegVsHsC8pVVMsng6lLpVYUb7i5cQvciC\nZrBwWLBVKeySOeXuLfO+pY1cidPCmLuyH4gPAhqKDDfp2lfFTWi3AYANgD2RL85e\n2LbsNu1BT8nOrzQ6npmUca0OEGkB48nHm00P5amuWwKBgHqW4BLIVg+CI07W0vxJ\njNEmEf9R4tY/CS1u9WKF1qt2UfvqRHnKdLfu9MLtVMqRJq0v1FVbZ1oXJmi5lros\n47AR42vrRHy9aI8zYDMS12VbZGiCwJy4RXgH0+fbRIzEFE/ySym0FRlHz3oUndEp\ntbPSL/ZKP6QVxs4Sn9RfhV1R\n-----END PRIVATE KEY-----\n",
            "public_key_fingerprint_md5": "dc:20:85:79:b6:58:26:40:94:61:8c:5c:b5:b6:2a:7f",
            "public_key_fingerprint_sha256": "SHA256:wqo2doVI+lvKsdG2SDPDAYozQkq7NeAflGWWHmBEges",
            "public_key_openssh": "ssh-rsa AAAAB3NzaC1yc2EAAAADAQABAAABAQDQz3EDz6XlZAz98MyDGrJzdvCGXvBDgeN81R+HoPsDJNTg/urhWMlnJnVQ8ELcjWJ1uwk7wGEQnVU7OcgLfeYFHXEEhQdCM8iniO5rp1iaaB4cdAq0at5+u+DcZySu7WUwiICIkua5QCw80fPtuhPjvPRkz/5Hu3JbIJwGcQrHQIjYZ0WpuOUEcl/du5YQGXmtqSqb5sSlrixcl+JLSkuUh/3OMzG9JgLPFbayaY5dTQZ6ty6KIr6FMtlTSFtlRYxojGArJswTNHaPoVCzu8VL3x1mSPKoAidUarwYsZEu5UQXczbuvf5cpsI2BSCqM+cfg5K29CGD6QpSSIKj+8nX\n",
            "public_key_pem": "-----BEGIN PUBLIC KEY-----\nMIIBIjANBgkqhkiG9w0BAQEFAAOCAQ8AMIIBCgKCAQEA0M9xA8+l5WQM/fDMgxqy\nc3bwhl7wQ4HjfNUfh6D7AyTU4P7q4VjJZyZ1UPBC3I1idbsJO8BhEJ1VOznIC33m\nBR1xBIUHQjPIp4jua6dYmmgeHHQKtGrefrvg3Gckru1lMIiAiJLmuUAsPNHz7boT\n47z0ZM/+R7tyWyCcBnEKx0CI2GdFqbjlBHJf3buWEBl5rakqm+bEpa4sXJfiS0pL\nlIf9zjMxvSYCzxW2smmOXU0GercuiiK+hTLZU0hbZUWMaIxgKybMEzR2j6FQs7vF\nS98dZkjyqAInVGq8GLGRLuVEF3M27r3+XKbCNgUgqjPnH4OStvQhg+kKUkiCo/vJ\n1wIDAQAB\n-----END PUBLIC KEY-----\n",
            "rsa_bits": 2048
          },
          "sensitive_attributes": [
            [
              {
                "type": "get_attr",
                "value": "private_key_openssh"
              }
            ],
            [
              {
                "type": "get_attr",
                "value": "private_key_pem"
              }
            ],
            [
              {
                "type": "get_attr",
                "value": "private_key_pem_pkcs8"
              }
            ]
          ]
        }
      ]
    }
  ],
  "check_results": null
}
