{
  "version": 4,
  "terraform_version": "1.9.8",
  "serial": 2991,
  "lineage": "b7309002-b095-75c2-78c9-1f6a9ced7b10",
  "outputs": {
    "alb_security_group_id": {
      "value": "sg-0d0f83f94f3217f08",
      "type": "string"
    },
    "dns_validation_fqdns_primary": {
      "value": [
        "_deae7a2811451fd26a1b1d388139ce56.pelucornio.link"
      ],
      "type": [
        "tuple",
        [
          "string"
        ]
      ]
    },
    "instance_public_ip": {
      "value": [
        "44.200.154.13"
      ],
      "type": [
        "tuple",
        [
          "string"
        ]
      ]
    },
    "lb_dns_name": {
      "value": "web-external-load-balancer-2120319912.us-east-1.elb.amazonaws.com",
      "type": "string"
    },
    "target_group_arn": {
      "value": "arn:aws:elasticloadbalancing:us-east-1:340341089363:targetgroup/appbalancertgp/7ca48cfc97664fbe",
      "type": "string"
    }
  },
  "resources": [
    {
      "mode": "data",
      "type": "aws_ami",
      "name": "amazon_linux",
      "provider": "provider[\"registry.terraform.io/hashicorp/aws\"]",
      "instances": [
        {
          "schema_version": 0,
          "attributes": {
            "architecture": "x86_64",
            "arn": "arn:aws:ec2:us-east-1::image/ami-09e4ba81d75ebeb6a",
            "block_device_mappings": [
              {
                "device_name": "/dev/xvda",
                "ebs": {
                  "delete_on_termination": "true",
                  "encrypted": "false",
                  "iops": "0",
                  "snapshot_id": "snap-06d0cd67bc180ad50",
                  "throughput": "0",
                  "volume_size": "8",
                  "volume_type": "gp2"
                },
                "no_device": "",
                "virtual_name": ""
              }
            ],
            "boot_mode": "",
            "creation_date": "2024-11-13T23:35:13.000Z",
            "deprecation_time": "2025-07-01T00:00:00.000Z",
            "description": "Amazon Linux 2 AMI 2.0.20241113.1 x86_64 HVM gp2",
            "ena_support": true,
            "executable_users": null,
            "filter": [
              {
                "name": "name",
                "values": [
                  "amzn2-ami-hvm-*"
                ]
              },
              {
                "name": "owner-alias",
                "values": [
                  "amazon"
                ]
              },
              {
                "name": "virtualization-type",
                "values": [
                  "hvm"
                ]
              }
            ],
            "hypervisor": "xen",
            "id": "ami-09e4ba81d75ebeb6a",
            "image_id": "ami-09e4ba81d75ebeb6a",
            "image_location": "amazon/amzn2-ami-hvm-2.0.20241113.1-x86_64-gp2",
            "image_owner_alias": "amazon",
            "image_type": "machine",
            "imds_support": "",
            "include_deprecated": false,
            "kernel_id": "",
            "most_recent": true,
            "name": "amzn2-ami-hvm-2.0.20241113.1-x86_64-gp2",
            "name_regex": null,
            "owner_id": "137112412989",
            "owners": [
              "amazon"
            ],
            "platform": "",
            "platform_details": "Linux/UNIX",
            "product_codes": [],
            "public": true,
            "ramdisk_id": "",
            "root_device_name": "/dev/xvda",
            "root_device_type": "ebs",
            "root_snapshot_id": "snap-06d0cd67bc180ad50",
            "sriov_net_support": "simple",
            "state": "available",
            "state_reason": {
              "code": "UNSET",
              "message": "UNSET"
            },
            "tags": {},
            "timeouts": null,
            "tpm_support": "",
            "usage_operation": "RunInstances",
            "virtualization_type": "hvm"
          },
          "sensitive_attributes": []
        }
      ]
    },
    {
      "mode": "data",
      "type": "aws_ami",
      "name": "amazon_linux_2",
      "provider": "provider[\"registry.terraform.io/hashicorp/aws\"]",
      "instances": [
        {
          "schema_version": 0,
          "attributes": {
            "architecture": "x86_64",
            "arn": "arn:aws:ec2:us-east-1::image/ami-09e4ba81d75ebeb6a",
            "block_device_mappings": [
              {
                "device_name": "/dev/xvda",
                "ebs": {
                  "delete_on_termination": "true",
                  "encrypted": "false",
                  "iops": "0",
                  "snapshot_id": "snap-06d0cd67bc180ad50",
                  "throughput": "0",
                  "volume_size": "8",
                  "volume_type": "gp2"
                },
                "no_device": "",
                "virtual_name": ""
              }
            ],
            "boot_mode": "",
            "creation_date": "2024-11-13T23:35:13.000Z",
            "deprecation_time": "2025-07-01T00:00:00.000Z",
            "description": "Amazon Linux 2 AMI 2.0.20241113.1 x86_64 HVM gp2",
            "ena_support": true,
            "executable_users": null,
            "filter": [
              {
                "name": "name",
                "values": [
                  "amzn2-ami-hvm-*"
                ]
              },
              {
                "name": "owner-alias",
                "values": [
                  "amazon"
                ]
              },
              {
                "name": "virtualization-type",
                "values": [
                  "hvm"
                ]
              }
            ],
            "hypervisor": "xen",
            "id": "ami-09e4ba81d75ebeb6a",
            "image_id": "ami-09e4ba81d75ebeb6a",
            "image_location": "amazon/amzn2-ami-hvm-2.0.20241113.1-x86_64-gp2",
            "image_owner_alias": "amazon",
            "image_type": "machine",
            "imds_support": "",
            "include_deprecated": false,
            "kernel_id": "",
            "most_recent": true,
            "name": "amzn2-ami-hvm-2.0.20241113.1-x86_64-gp2",
            "name_regex": null,
            "owner_id": "137112412989",
            "owners": [
              "amazon"
            ],
            "platform": "",
            "platform_details": "Linux/UNIX",
            "product_codes": [],
            "public": true,
            "ramdisk_id": "",
            "root_device_name": "/dev/xvda",
            "root_device_type": "ebs",
            "root_snapshot_id": "snap-06d0cd67bc180ad50",
            "sriov_net_support": "simple",
            "state": "available",
            "state_reason": {
              "code": "UNSET",
              "message": "UNSET"
            },
            "tags": {},
            "timeouts": null,
            "tpm_support": "",
            "usage_operation": "RunInstances",
            "virtualization_type": "hvm"
          },
          "sensitive_attributes": []
        }
      ]
    },
    {
      "mode": "data",
      "type": "aws_route53_zone",
      "name": "primary",
      "provider": "provider[\"registry.terraform.io/hashicorp/aws\"]",
      "instances": [
        {
          "schema_version": 0,
          "attributes": {
            "arn": "arn:aws:route53:::hostedzone/Z05983222KUPAWIB1E71T",
            "caller_reference": "terraform-20241204200415216700000002",
            "comment": "Managed by Terraform",
            "id": "Z05983222KUPAWIB1E71T",
            "linked_service_description": null,
            "linked_service_principal": null,
            "name": "pelucornio.link",
            "name_servers": [
              "ns-645.awsdns-16.net",
              "ns-139.awsdns-17.com",
              "ns-1209.awsdns-23.org",
              "ns-1948.awsdns-51.co.uk"
            ],
            "primary_name_server": "ns-645.awsdns-16.net",
            "private_zone": false,
            "resource_record_set_count": 5,
            "tags": {},
            "vpc_id": null,
            "zone_id": "Z05983222KUPAWIB1E71T"
          },
          "sensitive_attributes": []
        }
      ]
    },
    {
      "mode": "managed",
      "type": "aws_acm_certificate",
      "name": "primary_hosted_zone",
      "provider": "provider[\"registry.terraform.io/hashicorp/aws\"]",
      "instances": [
        {
          "schema_version": 0,
          "attributes": {
            "arn": "arn:aws:acm:us-east-1:340341089363:certificate/4c9fb43b-18f1-41b6-a1b7-e8093a0b60ae",
            "certificate_authority_arn": "",
            "certificate_body": null,
            "certificate_chain": null,
            "domain_name": "*.pelucornio.link",
            "domain_validation_options": [
              {
                "domain_name": "*.pelucornio.link",
                "resource_record_name": "_deae7a2811451fd26a1b1d388139ce56.pelucornio.link.",
                "resource_record_type": "CNAME",
                "resource_record_value": "_2af0797b8f36111fe196c3cf6ec4c0b0.zfyfvmchrl.acm-validations.aws."
              }
            ],
            "early_renewal_duration": "",
            "id": "arn:aws:acm:us-east-1:340341089363:certificate/4c9fb43b-18f1-41b6-a1b7-e8093a0b60ae",
            "key_algorithm": "RSA_2048",
            "not_after": "2026-01-07T23:59:59Z",
            "not_before": "2024-12-09T00:00:00Z",
            "options": [
              {
                "certificate_transparency_logging_preference": "ENABLED"
              }
            ],
            "pending_renewal": false,
            "private_key": null,
            "renewal_eligibility": "INELIGIBLE",
            "renewal_summary": [],
            "status": "ISSUED",
            "subject_alternative_names": [
              "*.pelucornio.link"
            ],
            "tags": {
              "Environment": "dev",
              "Name": "certificateForDevelopmentPrimary",
              "Scope": "vpn_server"
            },
            "tags_all": {
              "Environment": "dev",
              "Name": "certificateForDevelopmentPrimary",
              "Scope": "vpn_server"
            },
            "type": "AMAZON_ISSUED",
            "validation_emails": [],
            "validation_method": "DNS",
            "validation_option": []
          },
          "sensitive_attributes": [
            [
              {
                "type": "get_attr",
                "value": "private_key"
              }
            ]
          ],
          "private": "bnVsbA=="
        }
      ]
    },
    {
      "mode": "managed",
      "type": "aws_acm_certificate",
      "name": "vpn_server",
      "provider": "provider[\"registry.terraform.io/hashicorp/aws\"]",
      "instances": [
        {
          "schema_version": 0,
          "attributes": {
            "arn": "arn:aws:acm:us-east-1:340341089363:certificate/9e8dd4db-6fa7-4d40-a2bc-42ca4ae2eaac",
            "certificate_authority_arn": "",
            "certificate_body": null,
            "certificate_chain": null,
            "domain_name": "alumno04.pelucornio.link",
            "domain_validation_options": [
              {
                "domain_name": "alumno04.pelucornio.link",
                "resource_record_name": "_f1a26c196ca2301eaf904ed6e8df9569.alumno04.pelucornio.link.",
                "resource_record_type": "CNAME",
                "resource_record_value": "_0cc0016bc154c4552079eb45d1a53f7b.zfyfvmchrl.acm-validations.aws."
              }
            ],
            "early_renewal_duration": "",
            "id": "arn:aws:acm:us-east-1:340341089363:certificate/9e8dd4db-6fa7-4d40-a2bc-42ca4ae2eaac",
            "key_algorithm": "RSA_2048",
            "not_after": "2026-01-07T23:59:59Z",
            "not_before": "2024-12-09T00:00:00Z",
            "options": [
              {
                "certificate_transparency_logging_preference": "ENABLED"
              }
            ],
            "pending_renewal": false,
            "private_key": null,
            "renewal_eligibility": "ELIGIBLE",
            "renewal_summary": [],
            "status": "ISSUED",
            "subject_alternative_names": [
              "alumno04.pelucornio.link"
            ],
            "tags": {
              "Environment": "dev",
              "Name": "certificateForDevelopmentSecondary",
              "Scope": "vpn_server"
            },
            "tags_all": {
              "Environment": "dev",
              "Name": "certificateForDevelopmentSecondary",
              "Scope": "vpn_server"
            },
            "type": "AMAZON_ISSUED",
            "validation_emails": [],
            "validation_method": "DNS",
            "validation_option": []
          },
          "sensitive_attributes": [
            [
              {
                "type": "get_attr",
                "value": "private_key"
              }
            ]
          ],
          "private": "bnVsbA=="
        }
      ]
    },
    {
      "mode": "managed",
      "type": "aws_acm_certificate_validation",
      "name": "primary_hosted_zone",
      "provider": "provider[\"registry.terraform.io/hashicorp/aws\"]",
      "instances": [
        {
          "schema_version": 0,
          "attributes": {
            "certificate_arn": "arn:aws:acm:us-east-1:340341089363:certificate/4c9fb43b-18f1-41b6-a1b7-e8093a0b60ae",
            "id": "2024-12-09 14:41:37.976 +0000 UTC",
            "timeouts": {
              "create": "10m"
            },
            "validation_record_fqdns": [
              "_deae7a2811451fd26a1b1d388139ce56.pelucornio.link"
            ]
          },
          "sensitive_attributes": [],
          "private": "eyJlMmJmYjczMC1lY2FhLTExZTYtOGY4OC0zNDM2M2JjN2M0YzAiOnsiY3JlYXRlIjo2MDAwMDAwMDAwMDB9fQ==",
          "dependencies": [
            "aws_acm_certificate.primary_hosted_zone",
            "aws_route53_record.my_dns_record_primary",
            "data.aws_route53_zone.primary"
          ]
        }
      ]
    },
    {
      "mode": "managed",
      "type": "aws_acm_certificate_validation",
      "name": "vpn_server",
      "provider": "provider[\"registry.terraform.io/hashicorp/aws\"]",
      "instances": [
        {
          "schema_version": 0,
          "attributes": {
            "certificate_arn": "arn:aws:acm:us-east-1:340341089363:certificate/9e8dd4db-6fa7-4d40-a2bc-42ca4ae2eaac",
            "id": "2024-12-09 14:42:40.412 +0000 UTC",
            "timeouts": {
              "create": "10m"
            },
            "validation_record_fqdns": [
              "_f1a26c196ca2301eaf904ed6e8df9569.alumno04.pelucornio.link"
            ]
          },
          "sensitive_attributes": [],
          "private": "eyJlMmJmYjczMC1lY2FhLTExZTYtOGY4OC0zNDM2M2JjN2M0YzAiOnsiY3JlYXRlIjo2MDAwMDAwMDAwMDB9fQ==",
          "dependencies": [
            "aws_acm_certificate.vpn_server",
            "aws_route53_record.my_dns_record_vpn_server",
            "aws_route53_zone.alumno04"
          ]
        }
      ]
    },
    {
      "mode": "managed",
      "type": "aws_autoscaling_group",
      "name": "auto-scaling-group-private",
      "provider": "provider[\"registry.terraform.io/hashicorp/aws\"]",
      "instances": [
        {
          "schema_version": 1,
          "attributes": {
            "arn": "arn:aws:autoscaling:us-east-1:340341089363:autoScalingGroup:cb1d1603-070a-4ca4-8477-3d69be7d7945:autoScalingGroupName/terraform-20241209191453862400000005",
            "availability_zones": [
              "us-east-1a",
              "us-east-1b"
            ],
            "capacity_rebalance": false,
            "context": "",
            "default_cooldown": 300,
            "default_instance_warmup": 0,
            "desired_capacity": 2,
            "desired_capacity_type": "",
            "enabled_metrics": [],
            "force_delete": false,
            "force_delete_warm_pool": false,
            "health_check_grace_period": 300,
            "health_check_type": "EC2",
            "id": "terraform-20241209191453862400000005",
            "ignore_failed_scaling_activities": false,
            "initial_lifecycle_hook": [],
            "instance_maintenance_policy": [],
            "instance_refresh": [],
            "launch_configuration": "",
            "launch_template": [
              {
                "id": "lt-02a14a44efc000f9b",
                "name": "auto-scaling-group-private20241209191447472700000001",
                "version": "$Latest"
              }
            ],
            "load_balancers": [],
            "max_instance_lifetime": 0,
            "max_size": 5,
            "metrics_granularity": "1Minute",
            "min_elb_capacity": null,
            "min_size": 1,
            "mixed_instances_policy": [],
            "name": "terraform-20241209191453862400000005",
            "name_prefix": "terraform-",
            "placement_group": "",
            "predicted_capacity": 0,
            "protect_from_scale_in": false,
            "service_linked_role_arn": "arn:aws:iam::340341089363:role/aws-service-role/autoscaling.amazonaws.com/AWSServiceRoleForAutoScaling",
            "suspended_processes": [],
            "tag": [
              {
                "key": "Name",
                "propagate_at_launch": true,
                "value": "frontend-asg-private"
              }
            ],
            "target_group_arns": [],
            "termination_policies": [],
            "timeouts": null,
            "traffic_source": [],
            "vpc_zone_identifier": [
              "subnet-00cbd515ff53c4d7e",
              "subnet-0436e6fdcbd547b69"
            ],
            "wait_for_capacity_timeout": "10m",
            "wait_for_elb_capacity": null,
            "warm_pool": [],
            "warm_pool_size": 0
          },
          "sensitive_attributes": [],
          "private": "eyJlMmJmYjczMC1lY2FhLTExZTYtOGY4OC0zNDM2M2JjN2M0YzAiOnsiZGVsZXRlIjo2MDAwMDAwMDAwMDAsInVwZGF0ZSI6NjAwMDAwMDAwMDAwfSwic2NoZW1hX3ZlcnNpb24iOiIxIn0=",
          "dependencies": [
            "aws_launch_template.auto-scaling-group-private",
            "aws_security_group.ssh-aws-security-group",
            "aws_subnet.private-app-subnet-1",
            "aws_subnet.private-app-subnet-2",
            "aws_vpc.vpc_alumno04",
            "data.aws_ami.amazon_linux"
          ]
        }
      ]
    },
    {
      "mode": "managed",
      "type": "aws_autoscaling_group",
      "name": "auto-scaling-group-public",
      "provider": "provider[\"registry.terraform.io/hashicorp/aws\"]",
      "instances": [
        {
          "schema_version": 1,
          "attributes": {
            "arn": "arn:aws:autoscaling:us-east-1:340341089363:autoScalingGroup:63fa6fb6-31da-4d9a-8f45-7d4f46260e9c:autoScalingGroupName/terraform-20241209190014735100000004",
            "availability_zones": [
              "us-east-1a",
              "us-east-1b"
            ],
            "capacity_rebalance": false,
            "context": "",
            "default_cooldown": 300,
            "default_instance_warmup": 0,
            "desired_capacity": 2,
            "desired_capacity_type": "",
            "enabled_metrics": [],
            "force_delete": false,
            "force_delete_warm_pool": false,
            "health_check_grace_period": 300,
            "health_check_type": "EC2",
            "id": "terraform-20241209190014735100000004",
            "ignore_failed_scaling_activities": false,
            "initial_lifecycle_hook": [],
            "instance_maintenance_policy": [],
            "instance_refresh": [],
            "launch_configuration": "",
            "launch_template": [
              {
                "id": "lt-04a2fdcfce7df01fe",
                "name": "auto-scaling-group-public20241209191447972000000003",
                "version": "$Latest"
              }
            ],
            "load_balancers": [],
            "max_instance_lifetime": 0,
            "max_size": 5,
            "metrics_granularity": "1Minute",
            "min_elb_capacity": null,
            "min_size": 1,
            "mixed_instances_policy": [],
            "name": "terraform-20241209190014735100000004",
            "name_prefix": "terraform-",
            "placement_group": "",
            "predicted_capacity": 0,
            "protect_from_scale_in": false,
            "service_linked_role_arn": "arn:aws:iam::340341089363:role/aws-service-role/autoscaling.amazonaws.com/AWSServiceRoleForAutoScaling",
            "suspended_processes": [],
            "tag": [
              {
                "key": "Name",
                "propagate_at_launch": true,
                "value": "frontend-asg-public"
              }
            ],
            "target_group_arns": [],
            "termination_policies": [],
            "timeouts": null,
            "traffic_source": [],
            "vpc_zone_identifier": [
              "subnet-017d4573444152c8a",
              "subnet-020ba89bdb2826cae"
            ],
            "wait_for_capacity_timeout": "10m",
            "wait_for_elb_capacity": null,
            "warm_pool": [],
            "warm_pool_size": 0
          },
          "sensitive_attributes": [],
          "private": "eyJlMmJmYjczMC1lY2FhLTExZTYtOGY4OC0zNDM2M2JjN2M0YzAiOnsiZGVsZXRlIjo2MDAwMDAwMDAwMDAsInVwZGF0ZSI6NjAwMDAwMDAwMDAwfSwic2NoZW1hX3ZlcnNpb24iOiIxIn0=",
          "dependencies": [
            "aws_launch_template.auto-scaling-group-public",
            "aws_security_group.alb-security-group",
            "aws_security_group.webserver-security-group",
            "aws_subnet.public-web-subnet-1",
            "aws_subnet.public-web-subnet-2",
            "aws_vpc.vpc_alumno04",
            "data.aws_ami.amazon_linux"
          ]
        }
      ]
    },
    {
      "mode": "managed",
      "type": "aws_db_instance",
      "name": "database-instance",
      "provider": "provider[\"registry.terraform.io/hashicorp/aws\"]",
      "instances": [
        {
          "schema_version": 2,
          "attributes": {
            "address": "terraform-20241209144132253800000008.c56wkigeqtpa.us-east-1.rds.amazonaws.com",
            "allocated_storage": 10,
            "allow_major_version_upgrade": null,
            "apply_immediately": false,
            "arn": "arn:aws:rds:us-east-1:340341089363:db:terraform-20241209144132253800000008",
            "auto_minor_version_upgrade": true,
            "availability_zone": "us-east-1b",
            "backup_retention_period": 0,
            "backup_target": "region",
            "backup_window": "05:24-05:54",
            "blue_green_update": [],
            "ca_cert_identifier": "rds-ca-rsa2048-g1",
            "character_set_name": "",
            "copy_tags_to_snapshot": false,
            "custom_iam_instance_profile": "",
            "customer_owned_ip_enabled": false,
            "db_name": "sqldb",
            "db_subnet_group_name": "database subnets",
            "dedicated_log_volume": false,
            "delete_automated_backups": true,
            "deletion_protection": false,
            "domain": "",
            "domain_auth_secret_arn": "",
            "domain_dns_ips": [],
            "domain_fqdn": "",
            "domain_iam_role_name": "",
            "domain_ou": "",
            "enabled_cloudwatch_logs_exports": [],
            "endpoint": "terraform-20241209144132253800000008.c56wkigeqtpa.us-east-1.rds.amazonaws.com:3306",
            "engine": "mysql",
            "engine_lifecycle_support": "open-source-rds-extended-support",
            "engine_version": "5.7",
            "engine_version_actual": "5.7.44-rds.20240808",
            "final_snapshot_identifier": null,
            "hosted_zone_id": "Z2R2ITUGPM61AM",
            "iam_database_authentication_enabled": false,
            "id": "db-WFELEOCSEPJK4SE4LEAOVAETLA",
            "identifier": "terraform-20241209144132253800000008",
            "identifier_prefix": "terraform-",
            "instance_class": "db.t3.micro",
            "iops": 0,
            "kms_key_id": "",
            "latest_restorable_time": "",
            "license_model": "general-public-license",
            "listener_endpoint": [],
            "maintenance_window": "wed:07:13-wed:07:43",
            "manage_master_user_password": null,
            "master_user_secret": [],
            "master_user_secret_kms_key_id": null,
            "max_allocated_storage": 0,
            "monitoring_interval": 0,
            "monitoring_role_arn": "",
            "multi_az": false,
            "nchar_character_set_name": "",
            "network_type": "IPV4",
            "option_group_name": "default:mysql-5-7",
            "parameter_group_name": "default.mysql5.7",
            "password": "Admin2024#",
            "performance_insights_enabled": false,
            "performance_insights_kms_key_id": "",
            "performance_insights_retention_period": 0,
            "port": 3306,
            "publicly_accessible": false,
            "replica_mode": "",
            "replicas": [],
            "replicate_source_db": "",
            "resource_id": "db-WFELEOCSEPJK4SE4LEAOVAETLA",
            "restore_to_point_in_time": [],
            "s3_import": [],
            "skip_final_snapshot": true,
            "snapshot_identifier": null,
            "status": "available",
            "storage_encrypted": false,
            "storage_throughput": 0,
            "storage_type": "gp2",
            "tags": {},
            "tags_all": {},
            "timeouts": null,
            "timezone": "",
            "upgrade_storage_config": null,
            "username": "Admin2024",
            "vpc_security_group_ids": [
              "sg-061659f8cd3b14c60"
            ]
          },
          "sensitive_attributes": [
            [
              {
                "type": "get_attr",
                "value": "password"
              }
            ]
          ],
          "private": "eyJlMmJmYjczMC1lY2FhLTExZTYtOGY4OC0zNDM2M2JjN2M0YzAiOnsiY3JlYXRlIjoyNDAwMDAwMDAwMDAwLCJkZWxldGUiOjM2MDAwMDAwMDAwMDAsInVwZGF0ZSI6NDgwMDAwMDAwMDAwMH0sInNjaGVtYV92ZXJzaW9uIjoiMiJ9",
          "dependencies": [
            "aws_db_subnet_group.database-subnet-group2",
            "aws_security_group.alb-security-group",
            "aws_security_group.database_security_group",
            "aws_security_group.webserver-security-group",
            "aws_subnet.private-db-subnet-1",
            "aws_subnet.private-db-subnet-2",
            "aws_vpc.vpc_alumno04"
          ]
        }
      ]
    },
    {
      "mode": "managed",
      "type": "aws_db_subnet_group",
      "name": "database-subnet-group2",
      "provider": "provider[\"registry.terraform.io/hashicorp/aws\"]",
      "instances": [
        {
          "schema_version": 0,
          "attributes": {
            "arn": "arn:aws:rds:us-east-1:340341089363:subgrp:database subnets",
            "description": "Managed by Terraform",
            "id": "database subnets",
            "name": "database subnets",
            "name_prefix": "",
            "subnet_ids": [
              "subnet-096572c9c6dce08a3",
              "subnet-0f9d08c7aeb024a87"
            ],
            "supported_network_types": [
              "IPV4"
            ],
            "tags": {
              "Name": "Database Subnets"
            },
            "tags_all": {
              "Name": "Database Subnets"
            },
            "vpc_id": "vpc-072525fd6ff35e6b6"
          },
          "sensitive_attributes": [],
          "private": "bnVsbA==",
          "dependencies": [
            "aws_subnet.private-db-subnet-1",
            "aws_subnet.private-db-subnet-2",
            "aws_vpc.vpc_alumno04"
          ]
        }
      ]
    },
    {
      "mode": "managed",
      "type": "aws_eip",
      "name": "eip_nat",
      "provider": "provider[\"registry.terraform.io/hashicorp/aws\"]",
      "instances": [
        {
          "schema_version": 0,
          "attributes": {
            "address": null,
            "allocation_id": "eipalloc-0cb76dd3cbd74aaed",
            "arn": "arn:aws:ec2:us-east-1:340341089363:elastic-ip/eipalloc-0cb76dd3cbd74aaed",
            "associate_with_private_ip": null,
            "association_id": "eipassoc-09f7578e0c971c584",
            "carrier_ip": "",
            "customer_owned_ip": "",
            "customer_owned_ipv4_pool": "",
            "domain": "vpc",
            "id": "eipalloc-0cb76dd3cbd74aaed",
            "instance": "",
            "ipam_pool_id": null,
            "network_border_group": "us-east-1",
            "network_interface": "eni-0b78d2808a3d6d08f",
            "private_dns": "ip-10-0-2-253.ec2.internal",
            "private_ip": "10.0.2.253",
            "ptr_record": "",
            "public_dns": "ec2-44-215-245-157.compute-1.amazonaws.com",
            "public_ip": "44.215.245.157",
            "public_ipv4_pool": "amazon",
            "tags": {
              "Name": "NAT Gateway EIP"
            },
            "tags_all": {
              "Name": "NAT Gateway EIP"
            },
            "timeouts": null,
            "vpc": true
          },
          "sensitive_attributes": [],
          "private": "eyJlMmJmYjczMC1lY2FhLTExZTYtOGY4OC0zNDM2M2JjN2M0YzAiOnsiZGVsZXRlIjoxODAwMDAwMDAwMDAsInJlYWQiOjkwMDAwMDAwMDAwMCwidXBkYXRlIjozMDAwMDAwMDAwMDB9fQ=="
        }
      ]
    },
    {
      "mode": "managed",
      "type": "aws_instance",
      "name": "PublicWebTemplate",
      "provider": "provider[\"registry.terraform.io/hashicorp/aws\"]",
      "instances": [
        {
          "index_key": 0,
          "schema_version": 1,
          "attributes": {
            "ami": "ami-09e4ba81d75ebeb6a",
            "arn": "arn:aws:ec2:us-east-1:340341089363:instance/i-0d5f341e07a85310b",
            "associate_public_ip_address": true,
            "availability_zone": "us-east-1a",
            "capacity_reservation_specification": [
              {
                "capacity_reservation_preference": "open",
                "capacity_reservation_target": []
              }
            ],
            "cpu_core_count": 1,
            "cpu_options": [
              {
                "amd_sev_snp": "",
                "core_count": 1,
                "threads_per_core": 1
              }
            ],
            "cpu_threads_per_core": 1,
            "credit_specification": [
              {
                "cpu_credits": "standard"
              }
            ],
            "disable_api_stop": false,
            "disable_api_termination": false,
            "ebs_block_device": [],
            "ebs_optimized": false,
            "enclave_options": [
              {
                "enabled": false
              }
            ],
            "ephemeral_block_device": [],
            "get_password_data": false,
            "hibernation": false,
            "host_id": "",
            "host_resource_group_arn": null,
            "iam_instance_profile": "",
            "id": "i-0d5f341e07a85310b",
            "instance_initiated_shutdown_behavior": "stop",
            "instance_lifecycle": "",
            "instance_market_options": [],
            "instance_state": "running",
            "instance_type": "t2.micro",
            "ipv6_address_count": 0,
            "ipv6_addresses": [],
            "key_name": "keys/la_maldita_llave",
            "launch_template": [],
            "maintenance_options": [
              {
                "auto_recovery": "default"
              }
            ],
            "metadata_options": [
              {
                "http_endpoint": "enabled",
                "http_protocol_ipv6": "disabled",
                "http_put_response_hop_limit": 1,
                "http_tokens": "optional",
                "instance_metadata_tags": "disabled"
              }
            ],
            "monitoring": false,
            "network_interface": [],
            "outpost_arn": "",
            "password_data": "",
            "placement_group": "",
            "placement_partition_number": 0,
            "primary_network_interface_id": "eni-034127f5dbab4cdcf",
            "private_dns": "ip-10-0-1-236.ec2.internal",
            "private_dns_name_options": [
              {
                "enable_resource_name_dns_a_record": false,
                "enable_resource_name_dns_aaaa_record": false,
                "hostname_type": "ip-name"
              }
            ],
            "private_ip": "10.0.1.236",
            "public_dns": "",
            "public_ip": "44.200.154.13",
            "root_block_device": [
              {
                "delete_on_termination": true,
                "device_name": "/dev/xvda",
                "encrypted": false,
                "iops": 100,
                "kms_key_id": "",
                "tags": {},
                "tags_all": {},
                "throughput": 0,
                "volume_id": "vol-056e62a125c189957",
                "volume_size": 8,
                "volume_type": "gp2"
              }
            ],
            "secondary_private_ips": [],
            "security_groups": [],
            "source_dest_check": true,
            "spot_instance_request_id": "",
            "subnet_id": "subnet-020ba89bdb2826cae",
            "tags": {
              "Name": "frontend-1"
            },
            "tags_all": {
              "Name": "frontend-1"
            },
            "tenancy": "default",
            "timeouts": null,
            "user_data": "7475a115f1777ac1d2ad8c64f34b9084a970332d",
            "user_data_base64": null,
            "user_data_replace_on_change": false,
            "volume_tags": null,
            "vpc_security_group_ids": [
              "sg-0a5efaf2559aaa663"
            ]
          },
          "sensitive_attributes": [],
          "private": "eyJlMmJmYjczMC1lY2FhLTExZTYtOGY4OC0zNDM2M2JjN2M0YzAiOnsiY3JlYXRlIjo2MDAwMDAwMDAwMDAsImRlbGV0ZSI6MTIwMDAwMDAwMDAwMCwicmVhZCI6OTAwMDAwMDAwMDAwLCJ1cGRhdGUiOjYwMDAwMDAwMDAwMH0sInNjaGVtYV92ZXJzaW9uIjoiMSJ9",
          "dependencies": [
            "aws_security_group.alb-security-group",
            "aws_security_group.webserver-security-group",
            "aws_subnet.public-web-subnet-1",
            "aws_vpc.vpc_alumno04",
            "data.aws_ami.amazon_linux_2"
          ]
        }
      ]
    },
    {
      "mode": "managed",
      "type": "aws_instance",
      "name": "blue-web",
      "provider": "provider[\"registry.terraform.io/hashicorp/aws\"]",
      "instances": [
        {
          "index_key": 0,
          "schema_version": 1,
          "attributes": {
            "ami": "ami-09e4ba81d75ebeb6a",
            "arn": "arn:aws:ec2:us-east-1:340341089363:instance/i-03412dc8119ea9eb7",
            "associate_public_ip_address": true,
            "availability_zone": "us-east-1a",
            "capacity_reservation_specification": [
              {
                "capacity_reservation_preference": "open",
                "capacity_reservation_target": []
              }
            ],
            "cpu_core_count": 1,
            "cpu_options": [
              {
                "amd_sev_snp": "",
                "core_count": 1,
                "threads_per_core": 1
              }
            ],
            "cpu_threads_per_core": 1,
            "credit_specification": [
              {
                "cpu_credits": "standard"
              }
            ],
            "disable_api_stop": false,
            "disable_api_termination": false,
            "ebs_block_device": [],
            "ebs_optimized": false,
            "enclave_options": [
              {
                "enabled": false
              }
            ],
            "ephemeral_block_device": [],
            "get_password_data": false,
            "hibernation": false,
            "host_id": "",
            "host_resource_group_arn": null,
            "iam_instance_profile": "",
            "id": "i-03412dc8119ea9eb7",
            "instance_initiated_shutdown_behavior": "stop",
            "instance_lifecycle": "",
            "instance_market_options": [],
            "instance_state": "running",
            "instance_type": "t2.micro",
            "ipv6_address_count": 0,
            "ipv6_addresses": [],
            "key_name": "",
            "launch_template": [],
            "maintenance_options": [
              {
                "auto_recovery": "default"
              }
            ],
            "metadata_options": [
              {
                "http_endpoint": "enabled",
                "http_protocol_ipv6": "disabled",
                "http_put_response_hop_limit": 1,
                "http_tokens": "optional",
                "instance_metadata_tags": "disabled"
              }
            ],
            "monitoring": false,
            "network_interface": [],
            "outpost_arn": "",
            "password_data": "",
            "placement_group": "",
            "placement_partition_number": 0,
            "primary_network_interface_id": "eni-05574169926dd3dcf",
            "private_dns": "ip-10-0-1-220.ec2.internal",
            "private_dns_name_options": [
              {
                "enable_resource_name_dns_a_record": false,
                "enable_resource_name_dns_aaaa_record": false,
                "hostname_type": "ip-name"
              }
            ],
            "private_ip": "10.0.1.220",
            "public_dns": "",
            "public_ip": "18.208.210.189",
            "root_block_device": [
              {
                "delete_on_termination": true,
                "device_name": "/dev/xvda",
                "encrypted": false,
                "iops": 100,
                "kms_key_id": "",
                "tags": {},
                "tags_all": {},
                "throughput": 0,
                "volume_id": "vol-00cd36e911babed14",
                "volume_size": 8,
                "volume_type": "gp2"
              }
            ],
            "secondary_private_ips": [],
            "security_groups": [],
            "source_dest_check": true,
            "spot_instance_request_id": "",
            "subnet_id": "subnet-020ba89bdb2826cae",
            "tags": {
              "Name": "blue-0"
            },
            "tags_all": {
              "Name": "blue-0"
            },
            "tenancy": "default",
            "timeouts": null,
            "user_data": "7475a115f1777ac1d2ad8c64f34b9084a970332d",
            "user_data_base64": null,
            "user_data_replace_on_change": false,
            "volume_tags": null,
            "vpc_security_group_ids": [
              "sg-0a5efaf2559aaa663"
            ]
          },
          "sensitive_attributes": [],
          "private": "eyJlMmJmYjczMC1lY2FhLTExZTYtOGY4OC0zNDM2M2JjN2M0YzAiOnsiY3JlYXRlIjo2MDAwMDAwMDAwMDAsImRlbGV0ZSI6MTIwMDAwMDAwMDAwMCwicmVhZCI6OTAwMDAwMDAwMDAwLCJ1cGRhdGUiOjYwMDAwMDAwMDAwMH0sInNjaGVtYV92ZXJzaW9uIjoiMSJ9",
          "dependencies": [
            "aws_security_group.alb-security-group",
            "aws_security_group.webserver-security-group",
            "aws_subnet.public-web-subnet-1",
            "aws_subnet.public-web-subnet-2",
            "aws_vpc.vpc_alumno04",
            "data.aws_ami.amazon_linux"
          ]
        },
        {
          "index_key": 1,
          "schema_version": 1,
          "attributes": {
            "ami": "ami-09e4ba81d75ebeb6a",
            "arn": "arn:aws:ec2:us-east-1:340341089363:instance/i-0ce80348ef1e0ce2c",
            "associate_public_ip_address": true,
            "availability_zone": "us-east-1b",
            "capacity_reservation_specification": [
              {
                "capacity_reservation_preference": "open",
                "capacity_reservation_target": []
              }
            ],
            "cpu_core_count": 1,
            "cpu_options": [
              {
                "amd_sev_snp": "",
                "core_count": 1,
                "threads_per_core": 1
              }
            ],
            "cpu_threads_per_core": 1,
            "credit_specification": [
              {
                "cpu_credits": "standard"
              }
            ],
            "disable_api_stop": false,
            "disable_api_termination": false,
            "ebs_block_device": [],
            "ebs_optimized": false,
            "enclave_options": [
              {
                "enabled": false
              }
            ],
            "ephemeral_block_device": [],
            "get_password_data": false,
            "hibernation": false,
            "host_id": "",
            "host_resource_group_arn": null,
            "iam_instance_profile": "",
            "id": "i-0ce80348ef1e0ce2c",
            "instance_initiated_shutdown_behavior": "stop",
            "instance_lifecycle": "",
            "instance_market_options": [],
            "instance_state": "running",
            "instance_type": "t2.micro",
            "ipv6_address_count": 0,
            "ipv6_addresses": [],
            "key_name": "",
            "launch_template": [],
            "maintenance_options": [
              {
                "auto_recovery": "default"
              }
            ],
            "metadata_options": [
              {
                "http_endpoint": "enabled",
                "http_protocol_ipv6": "disabled",
                "http_put_response_hop_limit": 1,
                "http_tokens": "optional",
                "instance_metadata_tags": "disabled"
              }
            ],
            "monitoring": false,
            "network_interface": [],
            "outpost_arn": "",
            "password_data": "",
            "placement_group": "",
            "placement_partition_number": 0,
            "primary_network_interface_id": "eni-02bb5a395b637c630",
            "private_dns": "ip-10-0-2-170.ec2.internal",
            "private_dns_name_options": [
              {
                "enable_resource_name_dns_a_record": false,
                "enable_resource_name_dns_aaaa_record": false,
                "hostname_type": "ip-name"
              }
            ],
            "private_ip": "10.0.2.170",
            "public_dns": "",
            "public_ip": "44.203.152.45",
            "root_block_device": [
              {
                "delete_on_termination": true,
                "device_name": "/dev/xvda",
                "encrypted": false,
                "iops": 100,
                "kms_key_id": "",
                "tags": {},
                "tags_all": {},
                "throughput": 0,
                "volume_id": "vol-0ddcce59854df8dcd",
                "volume_size": 8,
                "volume_type": "gp2"
              }
            ],
            "secondary_private_ips": [],
            "security_groups": [],
            "source_dest_check": true,
            "spot_instance_request_id": "",
            "subnet_id": "subnet-017d4573444152c8a",
            "tags": {
              "Name": "blue-1"
            },
            "tags_all": {
              "Name": "blue-1"
            },
            "tenancy": "default",
            "timeouts": null,
            "user_data": "7475a115f1777ac1d2ad8c64f34b9084a970332d",
            "user_data_base64": null,
            "user_data_replace_on_change": false,
            "volume_tags": null,
            "vpc_security_group_ids": [
              "sg-0a5efaf2559aaa663"
            ]
          },
          "sensitive_attributes": [],
          "private": "eyJlMmJmYjczMC1lY2FhLTExZTYtOGY4OC0zNDM2M2JjN2M0YzAiOnsiY3JlYXRlIjo2MDAwMDAwMDAwMDAsImRlbGV0ZSI6MTIwMDAwMDAwMDAwMCwicmVhZCI6OTAwMDAwMDAwMDAwLCJ1cGRhdGUiOjYwMDAwMDAwMDAwMH0sInNjaGVtYV92ZXJzaW9uIjoiMSJ9",
          "dependencies": [
            "aws_security_group.alb-security-group",
            "aws_security_group.webserver-security-group",
            "aws_subnet.public-web-subnet-1",
            "aws_subnet.public-web-subnet-2",
            "aws_vpc.vpc_alumno04",
            "data.aws_ami.amazon_linux"
          ]
        },
        {
          "index_key": 2,
          "schema_version": 1,
          "attributes": {
            "ami": "ami-09e4ba81d75ebeb6a",
            "arn": "arn:aws:ec2:us-east-1:340341089363:instance/i-05f8af1ab31351e58",
            "associate_public_ip_address": true,
            "availability_zone": "us-east-1a",
            "capacity_reservation_specification": [
              {
                "capacity_reservation_preference": "open",
                "capacity_reservation_target": []
              }
            ],
            "cpu_core_count": 1,
            "cpu_options": [
              {
                "amd_sev_snp": "",
                "core_count": 1,
                "threads_per_core": 1
              }
            ],
            "cpu_threads_per_core": 1,
            "credit_specification": [
              {
                "cpu_credits": "standard"
              }
            ],
            "disable_api_stop": false,
            "disable_api_termination": false,
            "ebs_block_device": [],
            "ebs_optimized": false,
            "enclave_options": [
              {
                "enabled": false
              }
            ],
            "ephemeral_block_device": [],
            "get_password_data": false,
            "hibernation": false,
            "host_id": "",
            "host_resource_group_arn": null,
            "iam_instance_profile": "",
            "id": "i-05f8af1ab31351e58",
            "instance_initiated_shutdown_behavior": "stop",
            "instance_lifecycle": "",
            "instance_market_options": [],
            "instance_state": "running",
            "instance_type": "t2.micro",
            "ipv6_address_count": 0,
            "ipv6_addresses": [],
            "key_name": "",
            "launch_template": [],
            "maintenance_options": [
              {
                "auto_recovery": "default"
              }
            ],
            "metadata_options": [
              {
                "http_endpoint": "enabled",
                "http_protocol_ipv6": "disabled",
                "http_put_response_hop_limit": 1,
                "http_tokens": "optional",
                "instance_metadata_tags": "disabled"
              }
            ],
            "monitoring": false,
            "network_interface": [],
            "outpost_arn": "",
            "password_data": "",
            "placement_group": "",
            "placement_partition_number": 0,
            "primary_network_interface_id": "eni-05b1f31cbd5ddac2a",
            "private_dns": "ip-10-0-1-23.ec2.internal",
            "private_dns_name_options": [
              {
                "enable_resource_name_dns_a_record": false,
                "enable_resource_name_dns_aaaa_record": false,
                "hostname_type": "ip-name"
              }
            ],
            "private_ip": "10.0.1.23",
            "public_dns": "",
            "public_ip": "44.215.125.106",
            "root_block_device": [
              {
                "delete_on_termination": true,
                "device_name": "/dev/xvda",
                "encrypted": false,
                "iops": 100,
                "kms_key_id": "",
                "tags": {},
                "tags_all": {},
                "throughput": 0,
                "volume_id": "vol-04b29f1448704de0a",
                "volume_size": 8,
                "volume_type": "gp2"
              }
            ],
            "secondary_private_ips": [],
            "security_groups": [],
            "source_dest_check": true,
            "spot_instance_request_id": "",
            "subnet_id": "subnet-020ba89bdb2826cae",
            "tags": {
              "Name": "blue-2"
            },
            "tags_all": {
              "Name": "blue-2"
            },
            "tenancy": "default",
            "timeouts": null,
            "user_data": "7475a115f1777ac1d2ad8c64f34b9084a970332d",
            "user_data_base64": null,
            "user_data_replace_on_change": false,
            "volume_tags": null,
            "vpc_security_group_ids": [
              "sg-0a5efaf2559aaa663"
            ]
          },
          "sensitive_attributes": [],
          "private": "eyJlMmJmYjczMC1lY2FhLTExZTYtOGY4OC0zNDM2M2JjN2M0YzAiOnsiY3JlYXRlIjo2MDAwMDAwMDAwMDAsImRlbGV0ZSI6MTIwMDAwMDAwMDAwMCwicmVhZCI6OTAwMDAwMDAwMDAwLCJ1cGRhdGUiOjYwMDAwMDAwMDAwMH0sInNjaGVtYV92ZXJzaW9uIjoiMSJ9",
          "dependencies": [
            "aws_security_group.alb-security-group",
            "aws_security_group.webserver-security-group",
            "aws_subnet.public-web-subnet-1",
            "aws_subnet.public-web-subnet-2",
            "aws_vpc.vpc_alumno04",
            "data.aws_ami.amazon_linux"
          ]
        }
      ]
    },
    {
      "mode": "managed",
      "type": "aws_instance",
      "name": "green",
      "provider": "provider[\"registry.terraform.io/hashicorp/aws\"]",
      "instances": [
        {
          "index_key": 1,
          "schema_version": 1,
          "attributes": {
            "ami": "ami-09e4ba81d75ebeb6a",
            "arn": "arn:aws:ec2:us-east-1:340341089363:instance/i-0708b7158c74a7974",
            "associate_public_ip_address": true,
            "availability_zone": "us-east-1b",
            "capacity_reservation_specification": [
              {
                "capacity_reservation_preference": "open",
                "capacity_reservation_target": []
              }
            ],
            "cpu_core_count": 1,
            "cpu_options": [
              {
                "amd_sev_snp": "",
                "core_count": 1,
                "threads_per_core": 1
              }
            ],
            "cpu_threads_per_core": 1,
            "credit_specification": [
              {
                "cpu_credits": "standard"
              }
            ],
            "disable_api_stop": false,
            "disable_api_termination": false,
            "ebs_block_device": [],
            "ebs_optimized": false,
            "enclave_options": [
              {
                "enabled": false
              }
            ],
            "ephemeral_block_device": [],
            "get_password_data": false,
            "hibernation": false,
            "host_id": "",
            "host_resource_group_arn": null,
            "iam_instance_profile": "",
            "id": "i-0708b7158c74a7974",
            "instance_initiated_shutdown_behavior": "stop",
            "instance_lifecycle": "",
            "instance_market_options": [],
            "instance_state": "running",
            "instance_type": "t2.micro",
            "ipv6_address_count": 0,
            "ipv6_addresses": [],
            "key_name": "",
            "launch_template": [],
            "maintenance_options": [
              {
                "auto_recovery": "default"
              }
            ],
            "metadata_options": [
              {
                "http_endpoint": "enabled",
                "http_protocol_ipv6": "disabled",
                "http_put_response_hop_limit": 1,
                "http_tokens": "optional",
                "instance_metadata_tags": "disabled"
              }
            ],
            "monitoring": false,
            "network_interface": [],
            "outpost_arn": "",
            "password_data": "",
            "placement_group": "",
            "placement_partition_number": 0,
            "primary_network_interface_id": "eni-0604e490f44607b2d",
            "private_dns": "ip-10-0-2-236.ec2.internal",
            "private_dns_name_options": [
              {
                "enable_resource_name_dns_a_record": false,
                "enable_resource_name_dns_aaaa_record": false,
                "hostname_type": "ip-name"
              }
            ],
            "private_ip": "10.0.2.236",
            "public_dns": "",
            "public_ip": "44.202.14.245",
            "root_block_device": [
              {
                "delete_on_termination": true,
                "device_name": "/dev/xvda",
                "encrypted": false,
                "iops": 100,
                "kms_key_id": "",
                "tags": {},
                "tags_all": {},
                "throughput": 0,
                "volume_id": "vol-0c5e201ebea097a1f",
                "volume_size": 8,
                "volume_type": "gp2"
              }
            ],
            "secondary_private_ips": [],
            "security_groups": [],
            "source_dest_check": true,
            "spot_instance_request_id": "",
            "subnet_id": "subnet-017d4573444152c8a",
            "tags": {
              "Name": "green-1"
            },
            "tags_all": {
              "Name": "green-1"
            },
            "tenancy": "default",
            "timeouts": null,
            "user_data": "7475a115f1777ac1d2ad8c64f34b9084a970332d",
            "user_data_base64": null,
            "user_data_replace_on_change": false,
            "volume_tags": null,
            "vpc_security_group_ids": [
              "sg-0a5efaf2559aaa663"
            ]
          },
          "sensitive_attributes": [],
          "private": "eyJlMmJmYjczMC1lY2FhLTExZTYtOGY4OC0zNDM2M2JjN2M0YzAiOnsiY3JlYXRlIjo2MDAwMDAwMDAwMDAsImRlbGV0ZSI6MTIwMDAwMDAwMDAwMCwicmVhZCI6OTAwMDAwMDAwMDAwLCJ1cGRhdGUiOjYwMDAwMDAwMDAwMH0sInNjaGVtYV92ZXJzaW9uIjoiMSJ9",
          "dependencies": [
            "aws_security_group.alb-security-group",
            "aws_security_group.webserver-security-group",
            "aws_subnet.public-web-subnet-1",
            "aws_subnet.public-web-subnet-2",
            "aws_vpc.vpc_alumno04",
            "data.aws_ami.amazon_linux"
          ]
        }
      ]
    },
    {
      "mode": "managed",
      "type": "aws_instance",
      "name": "private-app-template",
      "provider": "provider[\"registry.terraform.io/hashicorp/aws\"]",
      "instances": [
        {
          "schema_version": 1,
          "attributes": {
            "ami": "ami-09e4ba81d75ebeb6a",
            "arn": "arn:aws:ec2:us-east-1:340341089363:instance/i-076e70472ef7d51e0",
            "associate_public_ip_address": false,
            "availability_zone": "us-east-1a",
            "capacity_reservation_specification": [
              {
                "capacity_reservation_preference": "open",
                "capacity_reservation_target": []
              }
            ],
            "cpu_core_count": 1,
            "cpu_options": [
              {
                "amd_sev_snp": "",
                "core_count": 1,
                "threads_per_core": 1
              }
            ],
            "cpu_threads_per_core": 1,
            "credit_specification": [
              {
                "cpu_credits": "standard"
              }
            ],
            "disable_api_stop": false,
            "disable_api_termination": false,
            "ebs_block_device": [],
            "ebs_optimized": false,
            "enclave_options": [
              {
                "enabled": false
              }
            ],
            "ephemeral_block_device": [],
            "get_password_data": false,
            "hibernation": false,
            "host_id": "",
            "host_resource_group_arn": null,
            "iam_instance_profile": "",
            "id": "i-076e70472ef7d51e0",
            "instance_initiated_shutdown_behavior": "stop",
            "instance_lifecycle": "",
            "instance_market_options": [],
            "instance_state": "running",
            "instance_type": "t2.micro",
            "ipv6_address_count": 0,
            "ipv6_addresses": [],
            "key_name": "",
            "launch_template": [],
            "maintenance_options": [
              {
                "auto_recovery": "default"
              }
            ],
            "metadata_options": [
              {
                "http_endpoint": "enabled",
                "http_protocol_ipv6": "disabled",
                "http_put_response_hop_limit": 1,
                "http_tokens": "optional",
                "instance_metadata_tags": "disabled"
              }
            ],
            "monitoring": false,
            "network_interface": [],
            "outpost_arn": "",
            "password_data": "",
            "placement_group": "",
            "placement_partition_number": 0,
            "primary_network_interface_id": "eni-08918658de2ff537b",
            "private_dns": "ip-10-0-3-114.ec2.internal",
            "private_dns_name_options": [
              {
                "enable_resource_name_dns_a_record": false,
                "enable_resource_name_dns_aaaa_record": false,
                "hostname_type": "ip-name"
              }
            ],
            "private_ip": "10.0.3.114",
            "public_dns": "",
            "public_ip": "",
            "root_block_device": [
              {
                "delete_on_termination": true,
                "device_name": "/dev/xvda",
                "encrypted": false,
                "iops": 100,
                "kms_key_id": "",
                "tags": {},
                "tags_all": {},
                "throughput": 0,
                "volume_id": "vol-00e8c7fd5e0512964",
                "volume_size": 8,
                "volume_type": "gp2"
              }
            ],
            "secondary_private_ips": [],
            "security_groups": [],
            "source_dest_check": true,
            "spot_instance_request_id": "",
            "subnet_id": "subnet-00cbd515ff53c4d7e",
            "tags": {
              "Name": "app-asg"
            },
            "tags_all": {
              "Name": "app-asg"
            },
            "tenancy": "default",
            "timeouts": null,
            "user_data": "7475a115f1777ac1d2ad8c64f34b9084a970332d",
            "user_data_base64": null,
            "user_data_replace_on_change": false,
            "volume_tags": null,
            "vpc_security_group_ids": [
              "sg-06690cab4e06b075f"
            ]
          },
          "sensitive_attributes": [],
          "private": "eyJlMmJmYjczMC1lY2FhLTExZTYtOGY4OC0zNDM2M2JjN2M0YzAiOnsiY3JlYXRlIjo2MDAwMDAwMDAwMDAsImRlbGV0ZSI6MTIwMDAwMDAwMDAwMCwicmVhZCI6OTAwMDAwMDAwMDAwLCJ1cGRhdGUiOjYwMDAwMDAwMDAwMH0sInNjaGVtYV92ZXJzaW9uIjoiMSJ9",
          "dependencies": [
            "aws_security_group.ssh-aws-security-group",
            "aws_subnet.private-app-subnet-1",
            "aws_vpc.vpc_alumno04",
            "data.aws_ami.amazon_linux_2"
          ]
        }
      ]
    },
    {
      "mode": "managed",
      "type": "aws_internet_gateway",
      "name": "igw_alumno04",
      "provider": "provider[\"registry.terraform.io/hashicorp/aws\"]",
      "instances": [
        {
          "schema_version": 0,
          "attributes": {
            "arn": "arn:aws:ec2:us-east-1:340341089363:internet-gateway/igw-0a2bc3e4dd21275cf",
            "id": "igw-0a2bc3e4dd21275cf",
            "owner_id": "340341089363",
            "tags": {
              "Name": "TEST igw"
            },
            "tags_all": {
              "Name": "TEST igw"
            },
            "timeouts": null,
            "vpc_id": "vpc-072525fd6ff35e6b6"
          },
          "sensitive_attributes": [],
          "private": "eyJlMmJmYjczMC1lY2FhLTExZTYtOGY4OC0zNDM2M2JjN2M0YzAiOnsiY3JlYXRlIjoxMjAwMDAwMDAwMDAwLCJkZWxldGUiOjEyMDAwMDAwMDAwMDAsInVwZGF0ZSI6MTIwMDAwMDAwMDAwMH19",
          "dependencies": [
            "aws_vpc.vpc_alumno04"
          ]
        }
      ]
    },
    {
      "mode": "managed",
      "type": "aws_key_pair",
      "name": "tf_key",
      "provider": "provider[\"registry.terraform.io/hashicorp/aws\"]",
      "instances": [
        {
          "schema_version": 1,
          "attributes": {
            "arn": "arn:aws:ec2:us-east-1:340341089363:key-pair/keys/la_maldita_llave",
            "fingerprint": "89:98:34:a8:55:ad:e1:4b:0b:74:62:25:66:90:d7:f7",
            "id": "keys/la_maldita_llave",
            "key_name": "keys/la_maldita_llave",
            "key_name_prefix": "",
            "key_pair_id": "key-00e7f4382c05fdec6",
            "key_type": "rsa",
            "public_key": "ssh-rsa AAAAB3NzaC1yc2EAAAADAQABAAABAQCfh3C2ge0kPwwkUkhZSj71ofmjtzz+XeHN6MCRozL3wjLfgUZdzWLt9ICCCI9ANwejx2TdoGIwy2EO5JkZfQBMtHbrcJi8RLrKnRM7NzNSQRWLnzE9/55bnoxjdd/oGVBcqaI0bFfpKl/6TCSOeKdftxgbLY/AAAZy55KnalNDxNByef8mCHpizNBp67jCjH/jT4Yv+Kp+e8N4mKvIr6bBfZ7U2sFQFtyUz4ybEVjfzM+kjs42z01dPdcrV39rOn6QvJX8naZi142j8QONAR61E5Dxe6n1fsYkxmx8PCK4AZXC/rjavtkVyblefcSLLxLPRAqqLygjXsaaxgt2WaRn alex@Alejandros-iMac.local",
            "tags": {},
            "tags_all": {}
          },
          "sensitive_attributes": [],
          "private": "eyJzY2hlbWFfdmVyc2lvbiI6IjEifQ==",
          "dependencies": [
            "null_resource.check_orcreate_key_file",
            "null_resource.read_public_key"
          ]
        }
      ]
    },
    {
      "mode": "managed",
      "type": "aws_launch_template",
      "name": "auto-scaling-group-private",
      "provider": "provider[\"registry.terraform.io/hashicorp/aws\"]",
      "instances": [
        {
          "schema_version": 0,
          "attributes": {
            "arn": "arn:aws:ec2:us-east-1:340341089363:launch-template/lt-02a14a44efc000f9b",
            "block_device_mappings": [],
            "capacity_reservation_specification": [],
            "cpu_options": [],
            "credit_specification": [],
            "default_version": 1,
            "description": "",
            "disable_api_stop": false,
            "disable_api_termination": false,
            "ebs_optimized": "",
            "elastic_gpu_specifications": [],
            "elastic_inference_accelerator": [],
            "enclave_options": [],
            "hibernation_options": [],
            "iam_instance_profile": [],
            "id": "lt-02a14a44efc000f9b",
            "image_id": "ami-09e4ba81d75ebeb6a",
            "instance_initiated_shutdown_behavior": "",
            "instance_market_options": [],
            "instance_requirements": [],
            "instance_type": "t2.micro",
            "kernel_id": "",
            "key_name": "keys/la_maldita_llave",
            "latest_version": 2,
            "license_specification": [],
            "maintenance_options": [],
            "metadata_options": [],
            "monitoring": [],
            "name": "auto-scaling-group-private20241209191447472700000001",
            "name_prefix": "auto-scaling-group-private",
            "network_interfaces": [
              {
                "associate_carrier_ip_address": "",
                "associate_public_ip_address": "true",
                "delete_on_termination": "",
                "description": "",
                "device_index": 0,
                "interface_type": "",
                "ipv4_address_count": 0,
                "ipv4_addresses": [],
                "ipv4_prefix_count": 0,
                "ipv4_prefixes": [],
                "ipv6_address_count": 0,
                "ipv6_addresses": [],
                "ipv6_prefix_count": 0,
                "ipv6_prefixes": [],
                "network_card_index": 0,
                "network_interface_id": "",
                "primary_ipv6": "",
                "private_ip_address": "",
                "security_groups": [
                  "sg-06690cab4e06b075f"
                ],
                "subnet_id": "subnet-00cbd515ff53c4d7e"
              }
            ],
            "placement": [],
            "private_dns_name_options": [],
            "ram_disk_id": "",
            "security_group_names": [],
            "tag_specifications": [
              {
                "resource_type": "instance",
                "tags": {
                  "Name": "frontend-asg"
                }
              },
              {
                "resource_type": "volume",
                "tags": {
                  "Name": "frontend-asg"
                }
              }
            ],
            "tags": {},
            "tags_all": {},
            "update_default_version": null,
            "user_data": "IyEvYmluL2Jhc2gKCiMgRGVmaW5lIHRoZSBsb2cgZmlsZQpMT0dfRklMRT0iL3Zhci9sb2cvdXNlci1kYXRhLmxvZyIKCiMgRnVuY3Rpb24gdG8gbG9nIG1lc3NhZ2VzCmxvZygpIHsKICBlY2hvICIkKGRhdGUgJyslWS0lbS0lZCAlSDolTTolUycpIC0gJDEiID4+ICRMT0dfRklMRQp9CgojIFN0YXJ0IGxvZ2dpbmcKbG9nICJTdGFydGluZyB1c2VyIGRhdGEgc2NyaXB0IGV4ZWN1dGlvbi4iCgojIFVwZGF0ZSB0aGUgcGFja2FnZSByZXBvc2l0b3J5CmxvZyAiVXBkYXRpbmcgcGFja2FnZSByZXBvc2l0b3J5Li4uIgpzdWRvIHl1bSB1cGRhdGUgLXkgPj4gJExPR19GSUxFIDI+JjEKbG9nICJQYWNrYWdlIHJlcG9zaXRvcnkgdXBkYXRlZC4iCgojIEluc3RhbGwgbmVjZXNzYXJ5IHBhY2thZ2VzCmxvZyAiSW5zdGFsbGluZyBuZWNlc3NhcnkgcGFja2FnZXMuLi4iCnN1ZG8geXVtIGluc3RhbGwgLXkgaHR0cGQgemlwIHVuemlwIGdpdCA+PiAkTE9HX0ZJTEUgMj4mMQpsb2cgIk5lY2Vzc2FyeSBwYWNrYWdlcyBpbnN0YWxsZWQuIgoKIyBFbmFibGUgQXBhY2hlIHRvIHN0YXJ0IG9uIGJvb3QKbG9nICJFbmFibGluZyBBcGFjaGUgdG8gc3RhcnQgb24gYm9vdC4uLiIKc3VkbyBzeXN0ZW1jdGwgZW5hYmxlIGh0dHBkID4+ICRMT0dfRklMRSAyPiYxCmxvZyAiQXBhY2hlIGVuYWJsZWQgdG8gc3RhcnQgb24gYm9vdC4iCgojIFN0YXJ0IEFwYWNoZSBzZXJ2aWNlCmxvZyAiU3RhcnRpbmcgQXBhY2hlIHNlcnZpY2UuLi4iCnN1ZG8gc3lzdGVtY3RsIHN0YXJ0IGh0dHBkID4+ICRMT0dfRklMRSAyPiYxCmxvZyAiQXBhY2hlIHNlcnZpY2Ugc3RhcnRlZC4iCgojIFByaW50IGEgbWVzc2FnZSBpbmRpY2F0aW5nIHRoYXQgQXBhY2hlIGlzIGluc3RhbGxlZCBhbmQgcnVubmluZwpsb2cgIkFwYWNoZSBzZXJ2ZXIgaW5zdGFsbGVkIGFuZCBydW5uaW5nLiIKCiMgRGVmaW5lIHRoZSBHaXRIdWIgcmVwb3NpdG9yeSBVUkwgYW5kIHRoZSBicmFuY2gKUkVQT19VUkw9Imh0dHBzOi8vZ2l0aHViLmNvbS9tZXJjYWRvYWxleC9mcm9udGVuZC0zLXRpZXItdGVycmFmb3JtLWF3cy5naXQiCkJSQU5DSD0ibWFpbiIKCiMgRGVmaW5lIHRoZSBzb3VyY2UgZGlyZWN0b3J5IHdpdGhpbiB0aGUgcmVwb3NpdG9yeSBhbmQgdGhlIG91dHB1dCB6aXAgZmlsZQpTT1VSQ0VfRElSPSIuIiAgIyBVc2UgdGhlIHRvcCBsZXZlbCBvZiB0aGUgcmVwb3NpdG9yeQpPVVRQVVRfRklMRT0iZnJvbnRlbmQuemlwIgoKIyBEZWZpbmUgYSB0ZW1wb3JhcnkgZGlyZWN0b3J5IHRvIGNsb25lIHRoZSByZXBvc2l0b3J5ClRFTVBfRElSPSIvdG1wL3JlcG8iCgojIERldGVybWluZSB0aGUgQXBhY2hlIHdlYiBzZXJ2ZXIgZGlyZWN0b3J5IGZyb20gdGhlIGNvbmZpZ3VyYXRpb24gZmlsZQpBUEFDSEVfRElSPSQoZ3JlcCAtaSAnXkRvY3VtZW50Um9vdCcgL2V0Yy9odHRwZC9jb25mL2h0dHBkLmNvbmYgfCBhd2sgJ3twcmludCAkMn0nIHwgdHIgLWQgJyInKQoKIyBMb2cgdGhlIHZhbHVlIG9mIEFQQUNIRV9ESVIKbG9nICJBUEFDSEVfRElSIGlzICRBUEFDSEVfRElSIgoKIyBDbG9uZSB0aGUgcmVwb3NpdG9yeQpsb2cgIkNsb25pbmcgdGhlIHJlcG9zaXRvcnkuLi4iCmdpdCBjbG9uZSAtLWJyYW5jaCAkQlJBTkNIICRSRVBPX1VSTCAkVEVNUF9ESVIgPj4gJExPR19GSUxFIDI+JjEKCiMgQ2hlY2sgaWYgdGhlIGNsb25lIHdhcyBzdWNjZXNzZnVsCmlmIFsgJD8gLW5lIDAgXTsgdGhlbgogIGxvZyAiRmFpbGVkIHRvIGNsb25lIHRoZSByZXBvc2l0b3J5LiIKICBleGl0IDEKZmkKCiMgTG9nIHRoZSBjb250ZW50cyBvZiB0aGUgY2xvbmVkIHJlcG9zaXRvcnkKbG9nICJDb250ZW50cyBvZiB0aGUgY2xvbmVkIHJlcG9zaXRvcnk6IgpscyAtbCAkVEVNUF9ESVIgPj4gJExPR19GSUxFIDI+JjEKCiMgQ2hlY2sgaWYgdGhlIHNvdXJjZSBkaXJlY3RvcnkgZXhpc3RzIGluIHRoZSBjbG9uZWQgcmVwb3NpdG9yeQppZiBbIC1kICIkVEVNUF9ESVIvJFNPVVJDRV9ESVIiIF07IHRoZW4KICAjIENvbXByZXNzIHRoZSBmaWxlcyBpbiB0aGUgc291cmNlIGRpcmVjdG9yeSBpbnRvIHRoZSBvdXRwdXQgemlwIGZpbGUsIGV4Y2x1ZGluZyAuZ2l0IGFuZCAuRFNfU3RvcmUgZmlsZXMKICBsb2cgIkNvbXByZXNzaW5nIHRoZSBmaWxlcy4uLiIKICB6aXAgLXIgJE9VVFBVVF9GSUxFICRURU1QX0RJUi8kU09VUkNFX0RJUiAteCAiKi5naXQqIiAteCAiKi5EU19TdG9yZSIgPj4gJExPR19GSUxFIDI+JjEKCiAgIyBDaGVjayBpZiB0aGUgemlwIGNvbW1hbmQgd2FzIHN1Y2Nlc3NmdWwKICBpZiBbICQ/IC1lcSAwIF07IHRoZW4KICAgIGxvZyAiU3VjY2Vzc2Z1bGx5IGNvbXByZXNzZWQgJFNPVVJDRV9ESVIgaW50byAkT1VUUFVUX0ZJTEUiCgogICAgIyBEZWNvbXByZXNzIHRoZSB6aXAgZmlsZSBpbiB0aGUgc2FtZSBURU1QX0RJUiBkaXJlY3RvcnkKICAgIGxvZyAiRGVjb21wcmVzc2luZyB0aGUgZmlsZXMgaW4gdGhlIHRlbXBvcmFyeSBkaXJlY3RvcnkuLi4iCiAgICBzdWRvIHVuemlwIC1vICRPVVRQVVRfRklMRSAtZCAkVEVNUF9ESVIgPj4gJExPR19GSUxFIDI+JjEKCiAgICAjIENoZWNrIGlmIHRoZSB1bnppcCBjb21tYW5kIHdhcyBzdWNjZXNzZnVsCiAgICBpZiBbICQ/IC1lcSAwIF07IHRoZW4KICAgICAgbG9nICJTdWNjZXNzZnVsbHkgZGVjb21wcmVzc2VkICRPVVRQVVRfRklMRSBpbiAkVEVNUF9ESVIiCgogICAgICAjIE1vdmUgdGhlIGRlY29tcHJlc3NlZCBmaWxlcyB0byB0aGUgQXBhY2hlIHdlYiBzZXJ2ZXIgZGlyZWN0b3J5CiAgICAgIGxvZyAiTW92aW5nIHRoZSBmaWxlcyB0byB0aGUgQXBhY2hlIHdlYiBzZXJ2ZXIgZGlyZWN0b3J5Li4uIgogICAgICBzdWRvIG12ICRURU1QX0RJUi8kU09VUkNFX0RJUi8qICRBUEFDSEVfRElSID4+ICRMT0dfRklMRSAyPiYxCgogICAgICAjIENoZWNrIGlmIHRoZSBtb3ZlIGNvbW1hbmQgd2FzIHN1Y2Nlc3NmdWwKICAgICAgaWYgWyAkPyAtZXEgMCBdOyB0aGVuCiAgICAgICAgbG9nICJTdWNjZXNzZnVsbHkgbW92ZWQgdGhlIGZpbGVzIHRvICRBUEFDSEVfRElSIgogICAgICBlbHNlCiAgICAgICAgbG9nICJGYWlsZWQgdG8gbW92ZSB0aGUgZmlsZXMgdG8gJEFQQUNIRV9ESVIiCiAgICAgICAgZXhpdCAxCiAgICAgIGZpCiAgICBlbHNlCiAgICAgIGxvZyAiRmFpbGVkIHRvIGRlY29tcHJlc3MgJE9VVFBVVF9GSUxFIgogICAgICBleGl0IDEKICAgIGZpCiAgZWxzZQogICAgbG9nICJGYWlsZWQgdG8gY29tcHJlc3MgJFNPVVJDRV9ESVIiCiAgICBleGl0IDEKICBmaQplbHNlCiAgbG9nICJTb3VyY2UgZGlyZWN0b3J5ICRTT1VSQ0VfRElSIGRvZXMgbm90IGV4aXN0IGluIHRoZSByZXBvc2l0b3J5LiIKICBleGl0IDEKZmkKCiMgQ2xlYW4gdXAgdGhlIHRlbXBvcmFyeSBkaXJlY3RvcnkKbG9nICJDbGVhbmluZyB1cCB0aGUgdGVtcG9yYXJ5IGRpcmVjdG9yeS4uLiIKcm0gLXJmICRURU1QX0RJUgoKIyBDbGVhbiB1cCB0aGUgemlwIGZpbGUKbG9nICJDbGVhbmluZyB1cCB0aGUgemlwIGZpbGUuLi4iCnJtIC1mICRPVVRQVVRfRklMRQoKbG9nICJXZWIgc2l0ZSBpcyByZWFkeSIKbG9nICJCeWUgQnllIg==",
            "vpc_security_group_ids": []
          },
          "sensitive_attributes": [],
          "private": "bnVsbA==",
          "dependencies": [
            "aws_security_group.ssh-aws-security-group",
            "aws_subnet.private-app-subnet-1",
            "aws_vpc.vpc_alumno04",
            "data.aws_ami.amazon_linux"
          ]
        }
      ]
    },
    {
      "mode": "managed",
      "type": "aws_launch_template",
      "name": "auto-scaling-group-public",
      "provider": "provider[\"registry.terraform.io/hashicorp/aws\"]",
      "instances": [
        {
          "schema_version": 0,
          "attributes": {
            "arn": "arn:aws:ec2:us-east-1:340341089363:launch-template/lt-04a2fdcfce7df01fe",
            "block_device_mappings": [],
            "capacity_reservation_specification": [],
            "cpu_options": [],
            "credit_specification": [],
            "default_version": 1,
            "description": "",
            "disable_api_stop": false,
            "disable_api_termination": false,
            "ebs_optimized": "",
            "elastic_gpu_specifications": [],
            "elastic_inference_accelerator": [],
            "enclave_options": [],
            "hibernation_options": [],
            "iam_instance_profile": [],
            "id": "lt-04a2fdcfce7df01fe",
            "image_id": "ami-09e4ba81d75ebeb6a",
            "instance_initiated_shutdown_behavior": "",
            "instance_market_options": [],
            "instance_requirements": [],
            "instance_type": "t2.micro",
            "kernel_id": "",
            "key_name": "keys/la_maldita_llave",
            "latest_version": 2,
            "license_specification": [],
            "maintenance_options": [],
            "metadata_options": [],
            "monitoring": [],
            "name": "auto-scaling-group-public20241209191447972000000003",
            "name_prefix": "auto-scaling-group-public",
            "network_interfaces": [
              {
                "associate_carrier_ip_address": "",
                "associate_public_ip_address": "true",
                "delete_on_termination": "",
                "description": "",
                "device_index": 0,
                "interface_type": "",
                "ipv4_address_count": 0,
                "ipv4_addresses": [],
                "ipv4_prefix_count": 0,
                "ipv4_prefixes": [],
                "ipv6_address_count": 0,
                "ipv6_addresses": [],
                "ipv6_prefix_count": 0,
                "ipv6_prefixes": [],
                "network_card_index": 0,
                "network_interface_id": "",
                "primary_ipv6": "",
                "private_ip_address": "",
                "security_groups": [
                  "sg-0a5efaf2559aaa663"
                ],
                "subnet_id": "subnet-020ba89bdb2826cae"
              }
            ],
            "placement": [],
            "private_dns_name_options": [],
            "ram_disk_id": "",
            "security_group_names": [],
            "tag_specifications": [
              {
                "resource_type": "instance",
                "tags": {
                  "Name": "frontend-asg"
                }
              },
              {
                "resource_type": "volume",
                "tags": {
                  "Name": "frontend-asg"
                }
              }
            ],
            "tags": {},
            "tags_all": {},
            "update_default_version": null,
            "user_data": "IyEvYmluL2Jhc2gKCiMgRGVmaW5lIHRoZSBsb2cgZmlsZQpMT0dfRklMRT0iL3Zhci9sb2cvdXNlci1kYXRhLmxvZyIKCiMgRnVuY3Rpb24gdG8gbG9nIG1lc3NhZ2VzCmxvZygpIHsKICBlY2hvICIkKGRhdGUgJyslWS0lbS0lZCAlSDolTTolUycpIC0gJDEiID4+ICRMT0dfRklMRQp9CgojIFN0YXJ0IGxvZ2dpbmcKbG9nICJTdGFydGluZyB1c2VyIGRhdGEgc2NyaXB0IGV4ZWN1dGlvbi4iCgojIFVwZGF0ZSB0aGUgcGFja2FnZSByZXBvc2l0b3J5CmxvZyAiVXBkYXRpbmcgcGFja2FnZSByZXBvc2l0b3J5Li4uIgpzdWRvIHl1bSB1cGRhdGUgLXkgPj4gJExPR19GSUxFIDI+JjEKbG9nICJQYWNrYWdlIHJlcG9zaXRvcnkgdXBkYXRlZC4iCgojIEluc3RhbGwgbmVjZXNzYXJ5IHBhY2thZ2VzCmxvZyAiSW5zdGFsbGluZyBuZWNlc3NhcnkgcGFja2FnZXMuLi4iCnN1ZG8geXVtIGluc3RhbGwgLXkgaHR0cGQgemlwIHVuemlwIGdpdCA+PiAkTE9HX0ZJTEUgMj4mMQpsb2cgIk5lY2Vzc2FyeSBwYWNrYWdlcyBpbnN0YWxsZWQuIgoKIyBFbmFibGUgQXBhY2hlIHRvIHN0YXJ0IG9uIGJvb3QKbG9nICJFbmFibGluZyBBcGFjaGUgdG8gc3RhcnQgb24gYm9vdC4uLiIKc3VkbyBzeXN0ZW1jdGwgZW5hYmxlIGh0dHBkID4+ICRMT0dfRklMRSAyPiYxCmxvZyAiQXBhY2hlIGVuYWJsZWQgdG8gc3RhcnQgb24gYm9vdC4iCgojIFN0YXJ0IEFwYWNoZSBzZXJ2aWNlCmxvZyAiU3RhcnRpbmcgQXBhY2hlIHNlcnZpY2UuLi4iCnN1ZG8gc3lzdGVtY3RsIHN0YXJ0IGh0dHBkID4+ICRMT0dfRklMRSAyPiYxCmxvZyAiQXBhY2hlIHNlcnZpY2Ugc3RhcnRlZC4iCgojIFByaW50IGEgbWVzc2FnZSBpbmRpY2F0aW5nIHRoYXQgQXBhY2hlIGlzIGluc3RhbGxlZCBhbmQgcnVubmluZwpsb2cgIkFwYWNoZSBzZXJ2ZXIgaW5zdGFsbGVkIGFuZCBydW5uaW5nLiIKCiMgRGVmaW5lIHRoZSBHaXRIdWIgcmVwb3NpdG9yeSBVUkwgYW5kIHRoZSBicmFuY2gKUkVQT19VUkw9Imh0dHBzOi8vZ2l0aHViLmNvbS9tZXJjYWRvYWxleC9mcm9udGVuZC0zLXRpZXItdGVycmFmb3JtLWF3cy5naXQiCkJSQU5DSD0ibWFpbiIKCiMgRGVmaW5lIHRoZSBzb3VyY2UgZGlyZWN0b3J5IHdpdGhpbiB0aGUgcmVwb3NpdG9yeSBhbmQgdGhlIG91dHB1dCB6aXAgZmlsZQpTT1VSQ0VfRElSPSIuIiAgIyBVc2UgdGhlIHRvcCBsZXZlbCBvZiB0aGUgcmVwb3NpdG9yeQpPVVRQVVRfRklMRT0iZnJvbnRlbmQuemlwIgoKIyBEZWZpbmUgYSB0ZW1wb3JhcnkgZGlyZWN0b3J5IHRvIGNsb25lIHRoZSByZXBvc2l0b3J5ClRFTVBfRElSPSIvdG1wL3JlcG8iCgojIERldGVybWluZSB0aGUgQXBhY2hlIHdlYiBzZXJ2ZXIgZGlyZWN0b3J5IGZyb20gdGhlIGNvbmZpZ3VyYXRpb24gZmlsZQpBUEFDSEVfRElSPSQoZ3JlcCAtaSAnXkRvY3VtZW50Um9vdCcgL2V0Yy9odHRwZC9jb25mL2h0dHBkLmNvbmYgfCBhd2sgJ3twcmludCAkMn0nIHwgdHIgLWQgJyInKQoKIyBMb2cgdGhlIHZhbHVlIG9mIEFQQUNIRV9ESVIKbG9nICJBUEFDSEVfRElSIGlzICRBUEFDSEVfRElSIgoKIyBDbG9uZSB0aGUgcmVwb3NpdG9yeQpsb2cgIkNsb25pbmcgdGhlIHJlcG9zaXRvcnkuLi4iCmdpdCBjbG9uZSAtLWJyYW5jaCAkQlJBTkNIICRSRVBPX1VSTCAkVEVNUF9ESVIgPj4gJExPR19GSUxFIDI+JjEKCiMgQ2hlY2sgaWYgdGhlIGNsb25lIHdhcyBzdWNjZXNzZnVsCmlmIFsgJD8gLW5lIDAgXTsgdGhlbgogIGxvZyAiRmFpbGVkIHRvIGNsb25lIHRoZSByZXBvc2l0b3J5LiIKICBleGl0IDEKZmkKCiMgTG9nIHRoZSBjb250ZW50cyBvZiB0aGUgY2xvbmVkIHJlcG9zaXRvcnkKbG9nICJDb250ZW50cyBvZiB0aGUgY2xvbmVkIHJlcG9zaXRvcnk6IgpscyAtbCAkVEVNUF9ESVIgPj4gJExPR19GSUxFIDI+JjEKCiMgQ2hlY2sgaWYgdGhlIHNvdXJjZSBkaXJlY3RvcnkgZXhpc3RzIGluIHRoZSBjbG9uZWQgcmVwb3NpdG9yeQppZiBbIC1kICIkVEVNUF9ESVIvJFNPVVJDRV9ESVIiIF07IHRoZW4KICAjIENvbXByZXNzIHRoZSBmaWxlcyBpbiB0aGUgc291cmNlIGRpcmVjdG9yeSBpbnRvIHRoZSBvdXRwdXQgemlwIGZpbGUsIGV4Y2x1ZGluZyAuZ2l0IGFuZCAuRFNfU3RvcmUgZmlsZXMKICBsb2cgIkNvbXByZXNzaW5nIHRoZSBmaWxlcy4uLiIKICB6aXAgLXIgJE9VVFBVVF9GSUxFICRURU1QX0RJUi8kU09VUkNFX0RJUiAteCAiKi5naXQqIiAteCAiKi5EU19TdG9yZSIgPj4gJExPR19GSUxFIDI+JjEKCiAgIyBDaGVjayBpZiB0aGUgemlwIGNvbW1hbmQgd2FzIHN1Y2Nlc3NmdWwKICBpZiBbICQ/IC1lcSAwIF07IHRoZW4KICAgIGxvZyAiU3VjY2Vzc2Z1bGx5IGNvbXByZXNzZWQgJFNPVVJDRV9ESVIgaW50byAkT1VUUFVUX0ZJTEUiCgogICAgIyBEZWNvbXByZXNzIHRoZSB6aXAgZmlsZSBpbiB0aGUgc2FtZSBURU1QX0RJUiBkaXJlY3RvcnkKICAgIGxvZyAiRGVjb21wcmVzc2luZyB0aGUgZmlsZXMgaW4gdGhlIHRlbXBvcmFyeSBkaXJlY3RvcnkuLi4iCiAgICBzdWRvIHVuemlwIC1vICRPVVRQVVRfRklMRSAtZCAkVEVNUF9ESVIgPj4gJExPR19GSUxFIDI+JjEKCiAgICAjIENoZWNrIGlmIHRoZSB1bnppcCBjb21tYW5kIHdhcyBzdWNjZXNzZnVsCiAgICBpZiBbICQ/IC1lcSAwIF07IHRoZW4KICAgICAgbG9nICJTdWNjZXNzZnVsbHkgZGVjb21wcmVzc2VkICRPVVRQVVRfRklMRSBpbiAkVEVNUF9ESVIiCgogICAgICAjIE1vdmUgdGhlIGRlY29tcHJlc3NlZCBmaWxlcyB0byB0aGUgQXBhY2hlIHdlYiBzZXJ2ZXIgZGlyZWN0b3J5CiAgICAgIGxvZyAiTW92aW5nIHRoZSBmaWxlcyB0byB0aGUgQXBhY2hlIHdlYiBzZXJ2ZXIgZGlyZWN0b3J5Li4uIgogICAgICBzdWRvIG12ICRURU1QX0RJUi8kU09VUkNFX0RJUi8qICRBUEFDSEVfRElSID4+ICRMT0dfRklMRSAyPiYxCgogICAgICAjIENoZWNrIGlmIHRoZSBtb3ZlIGNvbW1hbmQgd2FzIHN1Y2Nlc3NmdWwKICAgICAgaWYgWyAkPyAtZXEgMCBdOyB0aGVuCiAgICAgICAgbG9nICJTdWNjZXNzZnVsbHkgbW92ZWQgdGhlIGZpbGVzIHRvICRBUEFDSEVfRElSIgogICAgICBlbHNlCiAgICAgICAgbG9nICJGYWlsZWQgdG8gbW92ZSB0aGUgZmlsZXMgdG8gJEFQQUNIRV9ESVIiCiAgICAgICAgZXhpdCAxCiAgICAgIGZpCiAgICBlbHNlCiAgICAgIGxvZyAiRmFpbGVkIHRvIGRlY29tcHJlc3MgJE9VVFBVVF9GSUxFIgogICAgICBleGl0IDEKICAgIGZpCiAgZWxzZQogICAgbG9nICJGYWlsZWQgdG8gY29tcHJlc3MgJFNPVVJDRV9ESVIiCiAgICBleGl0IDEKICBmaQplbHNlCiAgbG9nICJTb3VyY2UgZGlyZWN0b3J5ICRTT1VSQ0VfRElSIGRvZXMgbm90IGV4aXN0IGluIHRoZSByZXBvc2l0b3J5LiIKICBleGl0IDEKZmkKCiMgQ2xlYW4gdXAgdGhlIHRlbXBvcmFyeSBkaXJlY3RvcnkKbG9nICJDbGVhbmluZyB1cCB0aGUgdGVtcG9yYXJ5IGRpcmVjdG9yeS4uLiIKcm0gLXJmICRURU1QX0RJUgoKIyBDbGVhbiB1cCB0aGUgemlwIGZpbGUKbG9nICJDbGVhbmluZyB1cCB0aGUgemlwIGZpbGUuLi4iCnJtIC1mICRPVVRQVVRfRklMRQoKbG9nICJXZWIgc2l0ZSBpcyByZWFkeSIKbG9nICJCeWUgQnllIg==",
            "vpc_security_group_ids": []
          },
          "sensitive_attributes": [],
          "private": "bnVsbA==",
          "dependencies": [
            "aws_security_group.alb-security-group",
            "aws_security_group.webserver-security-group",
            "aws_subnet.public-web-subnet-1",
            "aws_vpc.vpc_alumno04",
            "data.aws_ami.amazon_linux"
          ]
        }
      ]
    },
    {
      "mode": "managed",
      "type": "aws_lb",
      "name": "application-load-balancer",
      "provider": "provider[\"registry.terraform.io/hashicorp/aws\"]",
      "instances": [
        {
          "schema_version": 0,
          "attributes": {
            "access_logs": [
              {
                "bucket": "",
                "enabled": false,
                "prefix": ""
              }
            ],
            "arn": "arn:aws:elasticloadbalancing:us-east-1:340341089363:loadbalancer/app/web-external-load-balancer/28a561c06fc3950a",
            "arn_suffix": "app/web-external-load-balancer/28a561c06fc3950a",
            "client_keep_alive": 3600,
            "connection_logs": [
              {
                "bucket": "",
                "enabled": false,
                "prefix": ""
              }
            ],
            "customer_owned_ipv4_pool": "",
            "desync_mitigation_mode": "defensive",
            "dns_name": "web-external-load-balancer-2120319912.us-east-1.elb.amazonaws.com",
            "dns_record_client_routing_policy": null,
            "drop_invalid_header_fields": false,
            "enable_cross_zone_load_balancing": true,
            "enable_deletion_protection": false,
            "enable_http2": true,
            "enable_tls_version_and_cipher_suite_headers": false,
            "enable_waf_fail_open": false,
            "enable_xff_client_port": false,
            "enable_zonal_shift": false,
            "enforce_security_group_inbound_rules_on_private_link_traffic": "",
            "id": "arn:aws:elasticloadbalancing:us-east-1:340341089363:loadbalancer/app/web-external-load-balancer/28a561c06fc3950a",
            "idle_timeout": 60,
            "internal": false,
            "ip_address_type": "ipv4",
            "load_balancer_type": "application",
            "name": "web-external-load-balancer",
            "name_prefix": "",
            "preserve_host_header": false,
            "security_groups": [
              "sg-0d0f83f94f3217f08"
            ],
            "subnet_mapping": [
              {
                "allocation_id": "",
                "ipv6_address": "",
                "outpost_id": "",
                "private_ipv4_address": "",
                "subnet_id": "subnet-017d4573444152c8a"
              },
              {
                "allocation_id": "",
                "ipv6_address": "",
                "outpost_id": "",
                "private_ipv4_address": "",
                "subnet_id": "subnet-020ba89bdb2826cae"
              }
            ],
            "subnets": [
              "subnet-017d4573444152c8a",
              "subnet-020ba89bdb2826cae"
            ],
            "tags": {
              "Name": "App load balancer"
            },
            "tags_all": {
              "Name": "App load balancer"
            },
            "timeouts": null,
            "vpc_id": "vpc-072525fd6ff35e6b6",
            "xff_header_processing_mode": "append",
            "zone_id": "Z35SXDOTRQ7X7K"
          },
          "sensitive_attributes": [],
          "private": "eyJlMmJmYjczMC1lY2FhLTExZTYtOGY4OC0zNDM2M2JjN2M0YzAiOnsiY3JlYXRlIjo2MDAwMDAwMDAwMDAsImRlbGV0ZSI6NjAwMDAwMDAwMDAwLCJ1cGRhdGUiOjYwMDAwMDAwMDAwMH19",
          "dependencies": [
            "aws_security_group.alb-security-group",
            "aws_subnet.public-web-subnet-1",
            "aws_subnet.public-web-subnet-2",
            "aws_vpc.vpc_alumno04"
          ]
        }
      ]
    },
    {
      "mode": "managed",
      "type": "aws_lb_listener",
      "name": "alb_http_listener",
      "provider": "provider[\"registry.terraform.io/hashicorp/aws\"]",
      "instances": [
        {
          "schema_version": 0,
          "attributes": {
            "alpn_policy": null,
            "arn": "arn:aws:elasticloadbalancing:us-east-1:340341089363:listener/app/web-external-load-balancer/28a561c06fc3950a/e1b97aab5ae7de96",
            "certificate_arn": null,
            "default_action": [
              {
                "authenticate_cognito": [],
                "authenticate_oidc": [],
                "fixed_response": [],
                "forward": [
                  {
                    "stickiness": [
                      {
                        "duration": 1,
                        "enabled": false
                      }
                    ],
                    "target_group": [
                      {
                        "arn": "arn:aws:elasticloadbalancing:us-east-1:340341089363:targetgroup/blue-tg-moral-insect-http-lb/9f8e2c227a7eb605",
                        "weight": 100
                      },
                      {
                        "arn": "arn:aws:elasticloadbalancing:us-east-1:340341089363:targetgroup/green-tg-moral-insect-lb/b1f0fb90034f5f89",
                        "weight": 0
                      }
                    ]
                  }
                ],
                "order": 1,
                "redirect": [],
                "target_group_arn": "",
                "type": "forward"
              }
            ],
            "id": "arn:aws:elasticloadbalancing:us-east-1:340341089363:listener/app/web-external-load-balancer/28a561c06fc3950a/e1b97aab5ae7de96",
            "load_balancer_arn": "arn:aws:elasticloadbalancing:us-east-1:340341089363:loadbalancer/app/web-external-load-balancer/28a561c06fc3950a",
            "mutual_authentication": [],
            "port": 80,
            "protocol": "HTTP",
            "ssl_policy": "",
            "tags": {},
            "tags_all": {},
            "tcp_idle_timeout_seconds": null,
            "timeouts": null
          },
          "sensitive_attributes": [],
          "private": "eyJlMmJmYjczMC1lY2FhLTExZTYtOGY4OC0zNDM2M2JjN2M0YzAiOnsiY3JlYXRlIjozMDAwMDAwMDAwMDAsInVwZGF0ZSI6MzAwMDAwMDAwMDAwfX0=",
          "dependencies": [
            "aws_lb.application-load-balancer",
            "aws_lb_target_group.blue_http",
            "aws_lb_target_group.green-http",
            "aws_security_group.alb-security-group",
            "aws_subnet.public-web-subnet-1",
            "aws_subnet.public-web-subnet-2",
            "aws_vpc.vpc_alumno04",
            "random_pet.app"
          ]
        }
      ]
    },
    {
      "mode": "managed",
      "type": "aws_lb_listener",
      "name": "https_listener_subdomain",
      "provider": "provider[\"registry.terraform.io/hashicorp/aws\"]",
      "instances": [
        {
          "schema_version": 0,
          "attributes": {
            "alpn_policy": null,
            "arn": "arn:aws:elasticloadbalancing:us-east-1:340341089363:listener/app/web-external-load-balancer/28a561c06fc3950a/6b0fd5a97b831336",
            "certificate_arn": "arn:aws:acm:us-east-1:340341089363:certificate/9e8dd4db-6fa7-4d40-a2bc-42ca4ae2eaac",
            "default_action": [
              {
                "authenticate_cognito": [],
                "authenticate_oidc": [],
                "fixed_response": [],
                "forward": [],
                "order": 1,
                "redirect": [],
                "target_group_arn": "arn:aws:elasticloadbalancing:us-east-1:340341089363:targetgroup/appbalancertgp/7ca48cfc97664fbe",
                "type": "forward"
              }
            ],
            "id": "arn:aws:elasticloadbalancing:us-east-1:340341089363:listener/app/web-external-load-balancer/28a561c06fc3950a/6b0fd5a97b831336",
            "load_balancer_arn": "arn:aws:elasticloadbalancing:us-east-1:340341089363:loadbalancer/app/web-external-load-balancer/28a561c06fc3950a",
            "mutual_authentication": [
              {
                "ignore_client_certificate_expiry": false,
                "mode": "off",
                "trust_store_arn": ""
              }
            ],
            "port": 443,
            "protocol": "HTTPS",
            "ssl_policy": "ELBSecurityPolicy-2016-08",
            "tags": {},
            "tags_all": {},
            "tcp_idle_timeout_seconds": null,
            "timeouts": null
          },
          "sensitive_attributes": [],
          "private": "eyJlMmJmYjczMC1lY2FhLTExZTYtOGY4OC0zNDM2M2JjN2M0YzAiOnsiY3JlYXRlIjozMDAwMDAwMDAwMDAsInVwZGF0ZSI6MzAwMDAwMDAwMDAwfX0=",
          "dependencies": [
            "aws_acm_certificate.vpn_server",
            "aws_acm_certificate_validation.vpn_server",
            "aws_lb.application-load-balancer",
            "aws_lb_target_group.alb-target-group",
            "aws_route53_record.my_dns_record_vpn_server",
            "aws_route53_zone.alumno04",
            "aws_security_group.alb-security-group",
            "aws_subnet.public-web-subnet-1",
            "aws_subnet.public-web-subnet-2",
            "aws_vpc.vpc_alumno04"
          ]
        }
      ]
    },
    {
      "mode": "managed",
      "type": "aws_lb_target_group",
      "name": "alb-target-group",
      "provider": "provider[\"registry.terraform.io/hashicorp/aws\"]",
      "instances": [
        {
          "schema_version": 0,
          "attributes": {
            "arn": "arn:aws:elasticloadbalancing:us-east-1:340341089363:targetgroup/appbalancertgp/7ca48cfc97664fbe",
            "arn_suffix": "targetgroup/appbalancertgp/7ca48cfc97664fbe",
            "connection_termination": null,
            "deregistration_delay": "300",
            "health_check": [
              {
                "enabled": true,
                "healthy_threshold": 2,
                "interval": 30,
                "matcher": "200",
                "path": "/",
                "port": "traffic-port",
                "protocol": "HTTP",
                "timeout": 5,
                "unhealthy_threshold": 2
              }
            ],
            "id": "arn:aws:elasticloadbalancing:us-east-1:340341089363:targetgroup/appbalancertgp/7ca48cfc97664fbe",
            "ip_address_type": "ipv4",
            "lambda_multi_value_headers_enabled": false,
            "load_balancer_arns": [
              "arn:aws:elasticloadbalancing:us-east-1:340341089363:loadbalancer/app/web-external-load-balancer/28a561c06fc3950a"
            ],
            "load_balancing_algorithm_type": "round_robin",
            "load_balancing_anomaly_mitigation": "off",
            "load_balancing_cross_zone_enabled": "use_load_balancer_configuration",
            "name": "appbalancertgp",
            "name_prefix": "",
            "port": 80,
            "preserve_client_ip": null,
            "protocol": "HTTP",
            "protocol_version": "HTTP1",
            "proxy_protocol_v2": false,
            "slow_start": 0,
            "stickiness": [
              {
                "cookie_duration": 86400,
                "cookie_name": "",
                "enabled": false,
                "type": "lb_cookie"
              }
            ],
            "tags": {
              "Name": "appbalancertgp"
            },
            "tags_all": {
              "Name": "appbalancertgp"
            },
            "target_failover": [
              {
                "on_deregistration": null,
                "on_unhealthy": null
              }
            ],
            "target_group_health": [
              {
                "dns_failover": [
                  {
                    "minimum_healthy_targets_count": "1",
                    "minimum_healthy_targets_percentage": "off"
                  }
                ],
                "unhealthy_state_routing": [
                  {
                    "minimum_healthy_targets_count": 1,
                    "minimum_healthy_targets_percentage": "off"
                  }
                ]
              }
            ],
            "target_health_state": [
              {
                "enable_unhealthy_connection_termination": null,
                "unhealthy_draining_interval": null
              }
            ],
            "target_type": "instance",
            "vpc_id": "vpc-072525fd6ff35e6b6"
          },
          "sensitive_attributes": [],
          "private": "bnVsbA==",
          "dependencies": [
            "aws_vpc.vpc_alumno04"
          ]
        }
      ]
    },
    {
      "mode": "managed",
      "type": "aws_lb_target_group",
      "name": "blue_http",
      "provider": "provider[\"registry.terraform.io/hashicorp/aws\"]",
      "instances": [
        {
          "schema_version": 0,
          "attributes": {
            "arn": "arn:aws:elasticloadbalancing:us-east-1:340341089363:targetgroup/blue-tg-moral-insect-http-lb/9f8e2c227a7eb605",
            "arn_suffix": "targetgroup/blue-tg-moral-insect-http-lb/9f8e2c227a7eb605",
            "connection_termination": null,
            "deregistration_delay": "300",
            "health_check": [
              {
                "enabled": true,
                "healthy_threshold": 3,
                "interval": 10,
                "matcher": "200",
                "path": "/",
                "port": "80",
                "protocol": "HTTP",
                "timeout": 5,
                "unhealthy_threshold": 3
              }
            ],
            "id": "arn:aws:elasticloadbalancing:us-east-1:340341089363:targetgroup/blue-tg-moral-insect-http-lb/9f8e2c227a7eb605",
            "ip_address_type": "ipv4",
            "lambda_multi_value_headers_enabled": false,
            "load_balancer_arns": [
              "arn:aws:elasticloadbalancing:us-east-1:340341089363:loadbalancer/app/web-external-load-balancer/28a561c06fc3950a"
            ],
            "load_balancing_algorithm_type": "round_robin",
            "load_balancing_anomaly_mitigation": "off",
            "load_balancing_cross_zone_enabled": "use_load_balancer_configuration",
            "name": "blue-tg-moral-insect-http-lb",
            "name_prefix": "",
            "port": 80,
            "preserve_client_ip": null,
            "protocol": "HTTP",
            "protocol_version": "HTTP1",
            "proxy_protocol_v2": false,
            "slow_start": 0,
            "stickiness": [
              {
                "cookie_duration": 86400,
                "cookie_name": "",
                "enabled": false,
                "type": "lb_cookie"
              }
            ],
            "tags": {},
            "tags_all": {},
            "target_failover": [
              {
                "on_deregistration": null,
                "on_unhealthy": null
              }
            ],
            "target_group_health": [
              {
                "dns_failover": [
                  {
                    "minimum_healthy_targets_count": "1",
                    "minimum_healthy_targets_percentage": "off"
                  }
                ],
                "unhealthy_state_routing": [
                  {
                    "minimum_healthy_targets_count": 1,
                    "minimum_healthy_targets_percentage": "off"
                  }
                ]
              }
            ],
            "target_health_state": [
              {
                "enable_unhealthy_connection_termination": null,
                "unhealthy_draining_interval": null
              }
            ],
            "target_type": "instance",
            "vpc_id": "vpc-072525fd6ff35e6b6"
          },
          "sensitive_attributes": [],
          "private": "bnVsbA==",
          "dependencies": [
            "aws_vpc.vpc_alumno04",
            "random_pet.app"
          ]
        }
      ]
    },
    {
      "mode": "managed",
      "type": "aws_lb_target_group",
      "name": "green-http",
      "provider": "provider[\"registry.terraform.io/hashicorp/aws\"]",
      "instances": [
        {
          "schema_version": 0,
          "attributes": {
            "arn": "arn:aws:elasticloadbalancing:us-east-1:340341089363:targetgroup/green-tg-moral-insect-lb/b1f0fb90034f5f89",
            "arn_suffix": "targetgroup/green-tg-moral-insect-lb/b1f0fb90034f5f89",
            "connection_termination": null,
            "deregistration_delay": "300",
            "health_check": [
              {
                "enabled": true,
                "healthy_threshold": 3,
                "interval": 10,
                "matcher": "200",
                "path": "/",
                "port": "80",
                "protocol": "HTTP",
                "timeout": 5,
                "unhealthy_threshold": 3
              }
            ],
            "id": "arn:aws:elasticloadbalancing:us-east-1:340341089363:targetgroup/green-tg-moral-insect-lb/b1f0fb90034f5f89",
            "ip_address_type": "ipv4",
            "lambda_multi_value_headers_enabled": false,
            "load_balancer_arns": [
              "arn:aws:elasticloadbalancing:us-east-1:340341089363:loadbalancer/app/web-external-load-balancer/28a561c06fc3950a"
            ],
            "load_balancing_algorithm_type": "round_robin",
            "load_balancing_anomaly_mitigation": "off",
            "load_balancing_cross_zone_enabled": "use_load_balancer_configuration",
            "name": "green-tg-moral-insect-lb",
            "name_prefix": "",
            "port": 80,
            "preserve_client_ip": null,
            "protocol": "HTTP",
            "protocol_version": "HTTP1",
            "proxy_protocol_v2": false,
            "slow_start": 0,
            "stickiness": [
              {
                "cookie_duration": 86400,
                "cookie_name": "",
                "enabled": false,
                "type": "lb_cookie"
              }
            ],
            "tags": {},
            "tags_all": {},
            "target_failover": [
              {
                "on_deregistration": null,
                "on_unhealthy": null
              }
            ],
            "target_group_health": [
              {
                "dns_failover": [
                  {
                    "minimum_healthy_targets_count": "1",
                    "minimum_healthy_targets_percentage": "off"
                  }
                ],
                "unhealthy_state_routing": [
                  {
                    "minimum_healthy_targets_count": 1,
                    "minimum_healthy_targets_percentage": "off"
                  }
                ]
              }
            ],
            "target_health_state": [
              {
                "enable_unhealthy_connection_termination": null,
                "unhealthy_draining_interval": null
              }
            ],
            "target_type": "instance",
            "vpc_id": "vpc-072525fd6ff35e6b6"
          },
          "sensitive_attributes": [],
          "private": "bnVsbA==",
          "dependencies": [
            "aws_vpc.vpc_alumno04",
            "random_pet.app"
          ]
        }
      ]
    },
    {
      "mode": "managed",
      "type": "aws_lb_target_group_attachment",
      "name": "web-attachment",
      "provider": "provider[\"registry.terraform.io/hashicorp/aws\"]",
      "instances": [
        {
          "index_key": 0,
          "schema_version": 0,
          "attributes": {
            "availability_zone": null,
            "id": "arn:aws:elasticloadbalancing:us-east-1:340341089363:targetgroup/appbalancertgp/7ca48cfc97664fbe-20241209144208531100000010",
            "port": 80,
            "target_group_arn": "arn:aws:elasticloadbalancing:us-east-1:340341089363:targetgroup/appbalancertgp/7ca48cfc97664fbe",
            "target_id": "i-0d5f341e07a85310b"
          },
          "sensitive_attributes": [],
          "private": "bnVsbA==",
          "dependencies": [
            "aws_instance.PublicWebTemplate",
            "aws_lb_target_group.alb-target-group",
            "aws_security_group.alb-security-group",
            "aws_security_group.webserver-security-group",
            "aws_subnet.public-web-subnet-1",
            "aws_vpc.vpc_alumno04",
            "data.aws_ami.amazon_linux_2"
          ]
        }
      ]
    },
    {
      "mode": "managed",
      "type": "aws_nat_gateway",
      "name": "nat_1",
      "provider": "provider[\"registry.terraform.io/hashicorp/aws\"]",
      "instances": [
        {
          "schema_version": 0,
          "attributes": {
            "allocation_id": "eipalloc-0cb76dd3cbd74aaed",
            "association_id": "eipassoc-09f7578e0c971c584",
            "connectivity_type": "public",
            "id": "nat-04ffb177e86e08a0e",
            "network_interface_id": "eni-0b78d2808a3d6d08f",
            "private_ip": "10.0.2.253",
            "public_ip": "44.215.245.157",
            "secondary_allocation_ids": [],
            "secondary_private_ip_address_count": 0,
            "secondary_private_ip_addresses": [],
            "subnet_id": "subnet-017d4573444152c8a",
            "tags": {
              "Name": "NAT Gateway 1"
            },
            "tags_all": {
              "Name": "NAT Gateway 1"
            },
            "timeouts": null
          },
          "sensitive_attributes": [],
          "private": "eyJlMmJmYjczMC1lY2FhLTExZTYtOGY4OC0zNDM2M2JjN2M0YzAiOnsiY3JlYXRlIjo2MDAwMDAwMDAwMDAsImRlbGV0ZSI6MTgwMDAwMDAwMDAwMCwidXBkYXRlIjo2MDAwMDAwMDAwMDB9fQ==",
          "dependencies": [
            "aws_eip.eip_nat",
            "aws_subnet.public-web-subnet-2",
            "aws_vpc.vpc_alumno04"
          ]
        }
      ]
    },
    {
      "mode": "managed",
      "type": "aws_route53_record",
      "name": "dev_ns",
      "provider": "provider[\"registry.terraform.io/hashicorp/aws\"]",
      "instances": [
        {
          "schema_version": 2,
          "attributes": {
            "alias": [],
            "allow_overwrite": null,
            "cidr_routing_policy": [],
            "failover_routing_policy": [],
            "fqdn": "alumno04.pelucornio.link",
            "geolocation_routing_policy": [],
            "geoproximity_routing_policy": [],
            "health_check_id": "",
            "id": "Z05983222KUPAWIB1E71T_alumno04_NS",
            "latency_routing_policy": [],
            "multivalue_answer_routing_policy": false,
            "name": "alumno04",
            "records": [
              "ns-1504.awsdns-60.org",
              "ns-1610.awsdns-09.co.uk",
              "ns-579.awsdns-08.net",
              "ns-82.awsdns-10.com"
            ],
            "set_identifier": "",
            "ttl": 300,
            "type": "NS",
            "weighted_routing_policy": [],
            "zone_id": "Z05983222KUPAWIB1E71T"
          },
          "sensitive_attributes": [],
          "private": "eyJzY2hlbWFfdmVyc2lvbiI6IjIifQ==",
          "dependencies": [
            "aws_route53_zone.alumno04",
            "data.aws_route53_zone.primary"
          ]
        }
      ]
    },
    {
      "mode": "managed",
      "type": "aws_route53_record",
      "name": "lb_alias",
      "provider": "provider[\"registry.terraform.io/hashicorp/aws\"]",
      "instances": [
        {
          "schema_version": 2,
          "attributes": {
            "alias": [
              {
                "evaluate_target_health": true,
                "name": "web-external-load-balancer-2120319912.us-east-1.elb.amazonaws.com",
                "zone_id": "Z35SXDOTRQ7X7K"
              }
            ],
            "allow_overwrite": null,
            "cidr_routing_policy": [],
            "failover_routing_policy": [],
            "fqdn": "alumno04.pelucornio.link",
            "geolocation_routing_policy": [],
            "geoproximity_routing_policy": [],
            "health_check_id": "",
            "id": "Z04132651K8FW2197UT4T_alumno04.pelucornio.link_A",
            "latency_routing_policy": [],
            "multivalue_answer_routing_policy": false,
            "name": "alumno04.pelucornio.link",
            "records": [],
            "set_identifier": "",
            "ttl": 0,
            "type": "A",
            "weighted_routing_policy": [],
            "zone_id": "Z04132651K8FW2197UT4T"
          },
          "sensitive_attributes": [],
          "private": "eyJzY2hlbWFfdmVyc2lvbiI6IjIifQ==",
          "dependencies": [
            "aws_lb.application-load-balancer",
            "aws_route53_zone.alumno04",
            "aws_security_group.alb-security-group",
            "aws_subnet.public-web-subnet-1",
            "aws_subnet.public-web-subnet-2",
            "aws_vpc.vpc_alumno04"
          ]
        }
      ]
    },
    {
      "mode": "managed",
      "type": "aws_route53_record",
      "name": "my_dns_record_primary",
      "provider": "provider[\"registry.terraform.io/hashicorp/aws\"]",
      "instances": [
        {
          "index_key": "*.pelucornio.link",
          "schema_version": 2,
          "attributes": {
            "alias": [],
            "allow_overwrite": null,
            "cidr_routing_policy": [],
            "failover_routing_policy": [],
            "fqdn": "_deae7a2811451fd26a1b1d388139ce56.pelucornio.link",
            "geolocation_routing_policy": [],
            "geoproximity_routing_policy": [],
            "health_check_id": "",
            "id": "Z05983222KUPAWIB1E71T__deae7a2811451fd26a1b1d388139ce56.pelucornio.link._CNAME",
            "latency_routing_policy": [],
            "multivalue_answer_routing_policy": false,
            "name": "_deae7a2811451fd26a1b1d388139ce56.pelucornio.link",
            "records": [
              "_2af0797b8f36111fe196c3cf6ec4c0b0.zfyfvmchrl.acm-validations.aws."
            ],
            "set_identifier": "",
            "ttl": 60,
            "type": "CNAME",
            "weighted_routing_policy": [],
            "zone_id": "Z05983222KUPAWIB1E71T"
          },
          "sensitive_attributes": [],
          "private": "eyJzY2hlbWFfdmVyc2lvbiI6IjIifQ==",
          "dependencies": [
            "aws_acm_certificate.primary_hosted_zone",
            "data.aws_route53_zone.primary"
          ]
        }
      ]
    },
    {
      "mode": "managed",
      "type": "aws_route53_record",
      "name": "my_dns_record_vpn_server",
      "provider": "provider[\"registry.terraform.io/hashicorp/aws\"]",
      "instances": [
        {
          "index_key": "alumno04.pelucornio.link",
          "schema_version": 2,
          "attributes": {
            "alias": [],
            "allow_overwrite": null,
            "cidr_routing_policy": [],
            "failover_routing_policy": [],
            "fqdn": "_f1a26c196ca2301eaf904ed6e8df9569.alumno04.pelucornio.link",
            "geolocation_routing_policy": [],
            "geoproximity_routing_policy": [],
            "health_check_id": "",
            "id": "Z04132651K8FW2197UT4T__f1a26c196ca2301eaf904ed6e8df9569.alumno04.pelucornio.link._CNAME",
            "latency_routing_policy": [],
            "multivalue_answer_routing_policy": false,
            "name": "_f1a26c196ca2301eaf904ed6e8df9569.alumno04.pelucornio.link",
            "records": [
              "_0cc0016bc154c4552079eb45d1a53f7b.zfyfvmchrl.acm-validations.aws."
            ],
            "set_identifier": "",
            "ttl": 60,
            "type": "CNAME",
            "weighted_routing_policy": [],
            "zone_id": "Z04132651K8FW2197UT4T"
          },
          "sensitive_attributes": [],
          "private": "eyJzY2hlbWFfdmVyc2lvbiI6IjIifQ==",
          "dependencies": [
            "aws_acm_certificate.vpn_server",
            "aws_route53_zone.alumno04"
          ]
        }
      ]
    },
    {
      "mode": "managed",
      "type": "aws_route53_record",
      "name": "primary_to_alumno_cname",
      "provider": "provider[\"registry.terraform.io/hashicorp/aws\"]",
      "instances": [
        {
          "schema_version": 2,
          "attributes": {
            "alias": [],
            "allow_overwrite": null,
            "cidr_routing_policy": [],
            "failover_routing_policy": [],
            "fqdn": "www.pelucornio.link",
            "geolocation_routing_policy": [],
            "geoproximity_routing_policy": [],
            "health_check_id": "",
            "id": "Z05983222KUPAWIB1E71T_www.pelucornio.link_CNAME",
            "latency_routing_policy": [],
            "multivalue_answer_routing_policy": false,
            "name": "www.pelucornio.link",
            "records": [
              "alumno04.pelucornio.link"
            ],
            "set_identifier": "",
            "ttl": 300,
            "type": "CNAME",
            "weighted_routing_policy": [],
            "zone_id": "Z05983222KUPAWIB1E71T"
          },
          "sensitive_attributes": [],
          "private": "eyJzY2hlbWFfdmVyc2lvbiI6IjIifQ==",
          "dependencies": [
            "data.aws_route53_zone.primary"
          ]
        }
      ]
    },
    {
      "mode": "managed",
      "type": "aws_route53_zone",
      "name": "alumno04",
      "provider": "provider[\"registry.terraform.io/hashicorp/aws\"]",
      "instances": [
        {
          "schema_version": 0,
          "attributes": {
            "arn": "arn:aws:route53:::hostedzone/Z04132651K8FW2197UT4T",
            "comment": "Managed by Terraform",
            "delegation_set_id": "",
            "force_destroy": false,
            "id": "Z04132651K8FW2197UT4T",
            "name": "alumno04.pelucornio.link",
            "name_servers": [
              "ns-1504.awsdns-60.org",
              "ns-1610.awsdns-09.co.uk",
              "ns-579.awsdns-08.net",
              "ns-82.awsdns-10.com"
            ],
            "primary_name_server": "ns-1504.awsdns-60.org",
            "tags": {
              "name": "development_dns_zone"
            },
            "tags_all": {
              "name": "development_dns_zone"
            },
            "vpc": [],
            "zone_id": "Z04132651K8FW2197UT4T"
          },
          "sensitive_attributes": [],
          "private": "bnVsbA=="
        }
      ]
    },
    {
      "mode": "managed",
      "type": "aws_route_table",
      "name": "private-route-table",
      "provider": "provider[\"registry.terraform.io/hashicorp/aws\"]",
      "instances": [
        {
          "schema_version": 0,
          "attributes": {
            "arn": "arn:aws:ec2:us-east-1:340341089363:route-table/rtb-06daaf6154dfb746f",
            "id": "rtb-06daaf6154dfb746f",
            "owner_id": "340341089363",
            "propagating_vgws": [],
            "route": [
              {
                "carrier_gateway_id": "",
                "cidr_block": "0.0.0.0/0",
                "core_network_arn": "",
                "destination_prefix_list_id": "",
                "egress_only_gateway_id": "",
                "gateway_id": "",
                "ipv6_cidr_block": "",
                "local_gateway_id": "",
                "nat_gateway_id": "nat-04ffb177e86e08a0e",
                "network_interface_id": "",
                "transit_gateway_id": "",
                "vpc_endpoint_id": "",
                "vpc_peering_connection_id": ""
              }
            ],
            "tags": {
              "Name": " Private Route Table"
            },
            "tags_all": {
              "Name": " Private Route Table"
            },
            "timeouts": null,
            "vpc_id": "vpc-072525fd6ff35e6b6"
          },
          "sensitive_attributes": [],
          "private": "eyJlMmJmYjczMC1lY2FhLTExZTYtOGY4OC0zNDM2M2JjN2M0YzAiOnsiY3JlYXRlIjozMDAwMDAwMDAwMDAsImRlbGV0ZSI6MzAwMDAwMDAwMDAwLCJ1cGRhdGUiOjEyMDAwMDAwMDAwMH19",
          "dependencies": [
            "aws_eip.eip_nat",
            "aws_nat_gateway.nat_1",
            "aws_subnet.public-web-subnet-2",
            "aws_vpc.vpc_alumno04"
          ]
        }
      ]
    },
    {
      "mode": "managed",
      "type": "aws_route_table",
      "name": "public-route-table",
      "provider": "provider[\"registry.terraform.io/hashicorp/aws\"]",
      "instances": [
        {
          "schema_version": 0,
          "attributes": {
            "arn": "arn:aws:ec2:us-east-1:340341089363:route-table/rtb-0593d0c0a5be24855",
            "id": "rtb-0593d0c0a5be24855",
            "owner_id": "340341089363",
            "propagating_vgws": [],
            "route": [
              {
                "carrier_gateway_id": "",
                "cidr_block": "0.0.0.0/0",
                "core_network_arn": "",
                "destination_prefix_list_id": "",
                "egress_only_gateway_id": "",
                "gateway_id": "igw-0a2bc3e4dd21275cf",
                "ipv6_cidr_block": "",
                "local_gateway_id": "",
                "nat_gateway_id": "",
                "network_interface_id": "",
                "transit_gateway_id": "",
                "vpc_endpoint_id": "",
                "vpc_peering_connection_id": ""
              }
            ],
            "tags": {
              "Name": "Public route table"
            },
            "tags_all": {
              "Name": "Public route table"
            },
            "timeouts": null,
            "vpc_id": "vpc-072525fd6ff35e6b6"
          },
          "sensitive_attributes": [],
          "private": "eyJlMmJmYjczMC1lY2FhLTExZTYtOGY4OC0zNDM2M2JjN2M0YzAiOnsiY3JlYXRlIjozMDAwMDAwMDAwMDAsImRlbGV0ZSI6MzAwMDAwMDAwMDAwLCJ1cGRhdGUiOjEyMDAwMDAwMDAwMH19",
          "dependencies": [
            "aws_internet_gateway.igw_alumno04",
            "aws_vpc.vpc_alumno04"
          ]
        }
      ]
    },
    {
      "mode": "managed",
      "type": "aws_route_table_association",
      "name": "nat_route_1",
      "provider": "provider[\"registry.terraform.io/hashicorp/aws\"]",
      "instances": [
        {
          "schema_version": 0,
          "attributes": {
            "gateway_id": "",
            "id": "rtbassoc-0627946801f12fbab",
            "route_table_id": "rtb-06daaf6154dfb746f",
            "subnet_id": "subnet-00cbd515ff53c4d7e",
            "timeouts": null
          },
          "sensitive_attributes": [],
          "private": "eyJlMmJmYjczMC1lY2FhLTExZTYtOGY4OC0zNDM2M2JjN2M0YzAiOnsiY3JlYXRlIjozMDAwMDAwMDAwMDAsImRlbGV0ZSI6MzAwMDAwMDAwMDAwLCJ1cGRhdGUiOjEyMDAwMDAwMDAwMH19",
          "dependencies": [
            "aws_eip.eip_nat",
            "aws_nat_gateway.nat_1",
            "aws_route_table.private-route-table",
            "aws_subnet.private-app-subnet-1",
            "aws_subnet.public-web-subnet-2",
            "aws_vpc.vpc_alumno04"
          ]
        }
      ]
    },
    {
      "mode": "managed",
      "type": "aws_route_table_association",
      "name": "nat_route_2",
      "provider": "provider[\"registry.terraform.io/hashicorp/aws\"]",
      "instances": [
        {
          "schema_version": 0,
          "attributes": {
            "gateway_id": "",
            "id": "rtbassoc-0312eaf14a6fdf7ce",
            "route_table_id": "rtb-06daaf6154dfb746f",
            "subnet_id": "subnet-0436e6fdcbd547b69",
            "timeouts": null
          },
          "sensitive_attributes": [],
          "private": "eyJlMmJmYjczMC1lY2FhLTExZTYtOGY4OC0zNDM2M2JjN2M0YzAiOnsiY3JlYXRlIjozMDAwMDAwMDAwMDAsImRlbGV0ZSI6MzAwMDAwMDAwMDAwLCJ1cGRhdGUiOjEyMDAwMDAwMDAwMH19",
          "dependencies": [
            "aws_eip.eip_nat",
            "aws_nat_gateway.nat_1",
            "aws_route_table.private-route-table",
            "aws_subnet.private-app-subnet-2",
            "aws_subnet.public-web-subnet-2",
            "aws_vpc.vpc_alumno04"
          ]
        }
      ]
    },
    {
      "mode": "managed",
      "type": "aws_route_table_association",
      "name": "public-subnet-1-route-table-association",
      "provider": "provider[\"registry.terraform.io/hashicorp/aws\"]",
      "instances": [
        {
          "schema_version": 0,
          "attributes": {
            "gateway_id": "",
            "id": "rtbassoc-07b990c2c419ee329",
            "route_table_id": "rtb-0593d0c0a5be24855",
            "subnet_id": "subnet-020ba89bdb2826cae",
            "timeouts": null
          },
          "sensitive_attributes": [],
          "private": "eyJlMmJmYjczMC1lY2FhLTExZTYtOGY4OC0zNDM2M2JjN2M0YzAiOnsiY3JlYXRlIjozMDAwMDAwMDAwMDAsImRlbGV0ZSI6MzAwMDAwMDAwMDAwLCJ1cGRhdGUiOjEyMDAwMDAwMDAwMH19",
          "dependencies": [
            "aws_internet_gateway.igw_alumno04",
            "aws_route_table.public-route-table",
            "aws_subnet.public-web-subnet-1",
            "aws_vpc.vpc_alumno04"
          ]
        }
      ]
    },
    {
      "mode": "managed",
      "type": "aws_route_table_association",
      "name": "public-subnet-2-route-table-association",
      "provider": "provider[\"registry.terraform.io/hashicorp/aws\"]",
      "instances": [
        {
          "schema_version": 0,
          "attributes": {
            "gateway_id": "",
            "id": "rtbassoc-07179e566a4121b8e",
            "route_table_id": "rtb-0593d0c0a5be24855",
            "subnet_id": "subnet-017d4573444152c8a",
            "timeouts": null
          },
          "sensitive_attributes": [],
          "private": "eyJlMmJmYjczMC1lY2FhLTExZTYtOGY4OC0zNDM2M2JjN2M0YzAiOnsiY3JlYXRlIjozMDAwMDAwMDAwMDAsImRlbGV0ZSI6MzAwMDAwMDAwMDAwLCJ1cGRhdGUiOjEyMDAwMDAwMDAwMH19",
          "dependencies": [
            "aws_internet_gateway.igw_alumno04",
            "aws_route_table.public-route-table",
            "aws_subnet.public-web-subnet-2",
            "aws_vpc.vpc_alumno04"
          ]
        }
      ]
    },
    {
      "mode": "managed",
      "type": "aws_security_group",
      "name": "alb-security-group",
      "provider": "provider[\"registry.terraform.io/hashicorp/aws\"]",
      "instances": [
        {
          "schema_version": 1,
          "attributes": {
            "arn": "arn:aws:ec2:us-east-1:340341089363:security-group/sg-0d0f83f94f3217f08",
            "description": "Allow HTTP and HTTPS access on port 80/443",
            "egress": [
              {
                "cidr_blocks": [
                  "0.0.0.0/0"
                ],
                "description": "",
                "from_port": 0,
                "ipv6_cidr_blocks": [],
                "prefix_list_ids": [],
                "protocol": "-1",
                "security_groups": [],
                "self": false,
                "to_port": 0
              }
            ],
            "id": "sg-0d0f83f94f3217f08",
            "ingress": [
              {
                "cidr_blocks": [
                  "0.0.0.0/0"
                ],
                "description": "http access",
                "from_port": 80,
                "ipv6_cidr_blocks": [],
                "prefix_list_ids": [],
                "protocol": "tcp",
                "security_groups": [],
                "self": false,
                "to_port": 80
              },
              {
                "cidr_blocks": [
                  "0.0.0.0/0"
                ],
                "description": "https access",
                "from_port": 443,
                "ipv6_cidr_blocks": [],
                "prefix_list_ids": [],
                "protocol": "tcp",
                "security_groups": [],
                "self": false,
                "to_port": 443
              }
            ],
            "name": "ALB Security group",
            "name_prefix": "",
            "owner_id": "340341089363",
            "revoke_rules_on_delete": false,
            "tags": {
              "Name": "ALB Security group"
            },
            "tags_all": {
              "Name": "ALB Security group"
            },
            "timeouts": null,
            "vpc_id": "vpc-072525fd6ff35e6b6"
          },
          "sensitive_attributes": [],
          "private": "eyJlMmJmYjczMC1lY2FhLTExZTYtOGY4OC0zNDM2M2JjN2M0YzAiOnsiY3JlYXRlIjo2MDAwMDAwMDAwMDAsImRlbGV0ZSI6OTAwMDAwMDAwMDAwfSwic2NoZW1hX3ZlcnNpb24iOiIxIn0=",
          "dependencies": [
            "aws_vpc.vpc_alumno04"
          ]
        }
      ]
    },
    {
      "mode": "managed",
      "type": "aws_security_group",
      "name": "database_security_group",
      "provider": "provider[\"registry.terraform.io/hashicorp/aws\"]",
      "instances": [
        {
          "schema_version": 1,
          "attributes": {
            "arn": "arn:aws:ec2:us-east-1:340341089363:security-group/sg-061659f8cd3b14c60",
            "description": "Enable MYSQL access on port 3306",
            "egress": [
              {
                "cidr_blocks": [
                  "0.0.0.0/0"
                ],
                "description": "",
                "from_port": 0,
                "ipv6_cidr_blocks": [],
                "prefix_list_ids": [],
                "protocol": "-1",
                "security_groups": [],
                "self": false,
                "to_port": 0
              }
            ],
            "id": "sg-061659f8cd3b14c60",
            "ingress": [
              {
                "cidr_blocks": [],
                "description": "MYSQL access",
                "from_port": 3306,
                "ipv6_cidr_blocks": [],
                "prefix_list_ids": [],
                "protocol": "tcp",
                "security_groups": [
                  "sg-0a5efaf2559aaa663"
                ],
                "self": false,
                "to_port": 3306
              }
            ],
            "name": "Database server Security group",
            "name_prefix": "",
            "owner_id": "340341089363",
            "revoke_rules_on_delete": false,
            "tags": {
              "Name": "Database security group"
            },
            "tags_all": {
              "Name": "Database security group"
            },
            "timeouts": null,
            "vpc_id": "vpc-072525fd6ff35e6b6"
          },
          "sensitive_attributes": [],
          "private": "eyJlMmJmYjczMC1lY2FhLTExZTYtOGY4OC0zNDM2M2JjN2M0YzAiOnsiY3JlYXRlIjo2MDAwMDAwMDAwMDAsImRlbGV0ZSI6OTAwMDAwMDAwMDAwfSwic2NoZW1hX3ZlcnNpb24iOiIxIn0=",
          "dependencies": [
            "aws_security_group.alb-security-group",
            "aws_security_group.webserver-security-group",
            "aws_vpc.vpc_alumno04"
          ]
        }
      ]
    },
    {
      "mode": "managed",
      "type": "aws_security_group",
      "name": "ssh-aws-security-group",
      "provider": "provider[\"registry.terraform.io/hashicorp/aws\"]",
      "instances": [
        {
          "schema_version": 1,
          "attributes": {
            "arn": "arn:aws:ec2:us-east-1:340341089363:security-group/sg-06690cab4e06b075f",
            "description": "Enable ssh access on port 22c",
            "egress": [
              {
                "cidr_blocks": [
                  "0.0.0.0/0"
                ],
                "description": "",
                "from_port": 0,
                "ipv6_cidr_blocks": [],
                "prefix_list_ids": [],
                "protocol": "-1",
                "security_groups": [],
                "self": false,
                "to_port": 0
              }
            ],
            "id": "sg-06690cab4e06b075f",
            "ingress": [
              {
                "cidr_blocks": [
                  "0.0.0.0/0"
                ],
                "description": "",
                "from_port": 22,
                "ipv6_cidr_blocks": [],
                "prefix_list_ids": [],
                "protocol": "tcp",
                "security_groups": [],
                "self": false,
                "to_port": 22
              }
            ],
            "name": "SSH Acess",
            "name_prefix": "",
            "owner_id": "340341089363",
            "revoke_rules_on_delete": false,
            "tags": {
              "Name": "SSH security group"
            },
            "tags_all": {
              "Name": "SSH security group"
            },
            "timeouts": null,
            "vpc_id": "vpc-072525fd6ff35e6b6"
          },
          "sensitive_attributes": [],
          "private": "eyJlMmJmYjczMC1lY2FhLTExZTYtOGY4OC0zNDM2M2JjN2M0YzAiOnsiY3JlYXRlIjo2MDAwMDAwMDAwMDAsImRlbGV0ZSI6OTAwMDAwMDAwMDAwfSwic2NoZW1hX3ZlcnNpb24iOiIxIn0=",
          "dependencies": [
            "aws_vpc.vpc_alumno04"
          ]
        }
      ]
    },
    {
      "mode": "managed",
      "type": "aws_security_group",
      "name": "webserver-security-group",
      "provider": "provider[\"registry.terraform.io/hashicorp/aws\"]",
      "instances": [
        {
          "schema_version": 1,
          "attributes": {
            "arn": "arn:aws:ec2:us-east-1:340341089363:security-group/sg-0a5efaf2559aaa663",
            "description": "Allow HTTP and HTTPS inbound traffic on port 80/443",
            "egress": [
              {
                "cidr_blocks": [
                  "0.0.0.0/0"
                ],
                "description": "",
                "from_port": 0,
                "ipv6_cidr_blocks": [],
                "prefix_list_ids": [],
                "protocol": "-1",
                "security_groups": [],
                "self": false,
                "to_port": 0
              }
            ],
            "id": "sg-0a5efaf2559aaa663",
            "ingress": [
              {
                "cidr_blocks": [
                  "0.0.0.0/0"
                ],
                "description": "ssh access",
                "from_port": 22,
                "ipv6_cidr_blocks": [],
                "prefix_list_ids": [],
                "protocol": "tcp",
                "security_groups": [],
                "self": false,
                "to_port": 22
              },
              {
                "cidr_blocks": [],
                "description": "http access",
                "from_port": 80,
                "ipv6_cidr_blocks": [],
                "prefix_list_ids": [],
                "protocol": "tcp",
                "security_groups": [
                  "sg-0d0f83f94f3217f08"
                ],
                "self": false,
                "to_port": 80
              },
              {
                "cidr_blocks": [],
                "description": "https access",
                "from_port": 443,
                "ipv6_cidr_blocks": [],
                "prefix_list_ids": [],
                "protocol": "tcp",
                "security_groups": [
                  "sg-0d0f83f94f3217f08"
                ],
                "self": false,
                "to_port": 443
              }
            ],
            "name": "Web Server security group",
            "name_prefix": "",
            "owner_id": "340341089363",
            "revoke_rules_on_delete": false,
            "tags": {
              "Name": "Web Server security group"
            },
            "tags_all": {
              "Name": "Web Server security group"
            },
            "timeouts": null,
            "vpc_id": "vpc-072525fd6ff35e6b6"
          },
          "sensitive_attributes": [],
          "private": "eyJlMmJmYjczMC1lY2FhLTExZTYtOGY4OC0zNDM2M2JjN2M0YzAiOnsiY3JlYXRlIjo2MDAwMDAwMDAwMDAsImRlbGV0ZSI6OTAwMDAwMDAwMDAwfSwic2NoZW1hX3ZlcnNpb24iOiIxIn0=",
          "dependencies": [
            "aws_security_group.alb-security-group",
            "aws_vpc.vpc_alumno04"
          ]
        }
      ]
    },
    {
      "mode": "managed",
      "type": "aws_subnet",
      "name": "private-app-subnet-1",
      "provider": "provider[\"registry.terraform.io/hashicorp/aws\"]",
      "instances": [
        {
          "schema_version": 1,
          "attributes": {
            "arn": "arn:aws:ec2:us-east-1:340341089363:subnet/subnet-00cbd515ff53c4d7e",
            "assign_ipv6_address_on_creation": false,
            "availability_zone": "us-east-1a",
            "availability_zone_id": "use1-az1",
            "cidr_block": "10.0.3.0/24",
            "customer_owned_ipv4_pool": "",
            "enable_dns64": false,
            "enable_lni_at_device_index": 0,
            "enable_resource_name_dns_a_record_on_launch": false,
            "enable_resource_name_dns_aaaa_record_on_launch": false,
            "id": "subnet-00cbd515ff53c4d7e",
            "ipv6_cidr_block": "",
            "ipv6_cidr_block_association_id": "",
            "ipv6_native": false,
            "map_customer_owned_ip_on_launch": false,
            "map_public_ip_on_launch": false,
            "outpost_arn": "",
            "owner_id": "340341089363",
            "private_dns_hostname_type_on_launch": "ip-name",
            "tags": {
              "Name": "Private subnet 1 - App Tier"
            },
            "tags_all": {
              "Name": "Private subnet 1 - App Tier"
            },
            "timeouts": null,
            "vpc_id": "vpc-072525fd6ff35e6b6"
          },
          "sensitive_attributes": [],
          "private": "eyJlMmJmYjczMC1lY2FhLTExZTYtOGY4OC0zNDM2M2JjN2M0YzAiOnsiY3JlYXRlIjo2MDAwMDAwMDAwMDAsImRlbGV0ZSI6MTIwMDAwMDAwMDAwMH0sInNjaGVtYV92ZXJzaW9uIjoiMSJ9",
          "dependencies": [
            "aws_vpc.vpc_alumno04"
          ]
        }
      ]
    },
    {
      "mode": "managed",
      "type": "aws_subnet",
      "name": "private-app-subnet-2",
      "provider": "provider[\"registry.terraform.io/hashicorp/aws\"]",
      "instances": [
        {
          "schema_version": 1,
          "attributes": {
            "arn": "arn:aws:ec2:us-east-1:340341089363:subnet/subnet-0436e6fdcbd547b69",
            "assign_ipv6_address_on_creation": false,
            "availability_zone": "us-east-1b",
            "availability_zone_id": "use1-az2",
            "cidr_block": "10.0.4.0/24",
            "customer_owned_ipv4_pool": "",
            "enable_dns64": false,
            "enable_lni_at_device_index": 0,
            "enable_resource_name_dns_a_record_on_launch": false,
            "enable_resource_name_dns_aaaa_record_on_launch": false,
            "id": "subnet-0436e6fdcbd547b69",
            "ipv6_cidr_block": "",
            "ipv6_cidr_block_association_id": "",
            "ipv6_native": false,
            "map_customer_owned_ip_on_launch": false,
            "map_public_ip_on_launch": false,
            "outpost_arn": "",
            "owner_id": "340341089363",
            "private_dns_hostname_type_on_launch": "ip-name",
            "tags": {
              "Name": "Private subnet 2 - App Tier"
            },
            "tags_all": {
              "Name": "Private subnet 2 - App Tier"
            },
            "timeouts": null,
            "vpc_id": "vpc-072525fd6ff35e6b6"
          },
          "sensitive_attributes": [],
          "private": "eyJlMmJmYjczMC1lY2FhLTExZTYtOGY4OC0zNDM2M2JjN2M0YzAiOnsiY3JlYXRlIjo2MDAwMDAwMDAwMDAsImRlbGV0ZSI6MTIwMDAwMDAwMDAwMH0sInNjaGVtYV92ZXJzaW9uIjoiMSJ9",
          "dependencies": [
            "aws_vpc.vpc_alumno04"
          ]
        }
      ]
    },
    {
      "mode": "managed",
      "type": "aws_subnet",
      "name": "private-db-subnet-1",
      "provider": "provider[\"registry.terraform.io/hashicorp/aws\"]",
      "instances": [
        {
          "schema_version": 1,
          "attributes": {
            "arn": "arn:aws:ec2:us-east-1:340341089363:subnet/subnet-0f9d08c7aeb024a87",
            "assign_ipv6_address_on_creation": false,
            "availability_zone": "us-east-1a",
            "availability_zone_id": "use1-az1",
            "cidr_block": "10.0.5.0/24",
            "customer_owned_ipv4_pool": "",
            "enable_dns64": false,
            "enable_lni_at_device_index": 0,
            "enable_resource_name_dns_a_record_on_launch": false,
            "enable_resource_name_dns_aaaa_record_on_launch": false,
            "id": "subnet-0f9d08c7aeb024a87",
            "ipv6_cidr_block": "",
            "ipv6_cidr_block_association_id": "",
            "ipv6_native": false,
            "map_customer_owned_ip_on_launch": false,
            "map_public_ip_on_launch": false,
            "outpost_arn": "",
            "owner_id": "340341089363",
            "private_dns_hostname_type_on_launch": "ip-name",
            "tags": {
              "Name": "Private subnet 1  - DB Tier"
            },
            "tags_all": {
              "Name": "Private subnet 1  - DB Tier"
            },
            "timeouts": null,
            "vpc_id": "vpc-072525fd6ff35e6b6"
          },
          "sensitive_attributes": [],
          "private": "eyJlMmJmYjczMC1lY2FhLTExZTYtOGY4OC0zNDM2M2JjN2M0YzAiOnsiY3JlYXRlIjo2MDAwMDAwMDAwMDAsImRlbGV0ZSI6MTIwMDAwMDAwMDAwMH0sInNjaGVtYV92ZXJzaW9uIjoiMSJ9",
          "dependencies": [
            "aws_vpc.vpc_alumno04"
          ]
        }
      ]
    },
    {
      "mode": "managed",
      "type": "aws_subnet",
      "name": "private-db-subnet-2",
      "provider": "provider[\"registry.terraform.io/hashicorp/aws\"]",
      "instances": [
        {
          "schema_version": 1,
          "attributes": {
            "arn": "arn:aws:ec2:us-east-1:340341089363:subnet/subnet-096572c9c6dce08a3",
            "assign_ipv6_address_on_creation": false,
            "availability_zone": "us-east-1b",
            "availability_zone_id": "use1-az2",
            "cidr_block": "10.0.6.0/24",
            "customer_owned_ipv4_pool": "",
            "enable_dns64": false,
            "enable_lni_at_device_index": 0,
            "enable_resource_name_dns_a_record_on_launch": false,
            "enable_resource_name_dns_aaaa_record_on_launch": false,
            "id": "subnet-096572c9c6dce08a3",
            "ipv6_cidr_block": "",
            "ipv6_cidr_block_association_id": "",
            "ipv6_native": false,
            "map_customer_owned_ip_on_launch": false,
            "map_public_ip_on_launch": false,
            "outpost_arn": "",
            "owner_id": "340341089363",
            "private_dns_hostname_type_on_launch": "ip-name",
            "tags": {
              "Name": "Private subnet 2 - DB Tier"
            },
            "tags_all": {
              "Name": "Private subnet 2 - DB Tier"
            },
            "timeouts": null,
            "vpc_id": "vpc-072525fd6ff35e6b6"
          },
          "sensitive_attributes": [],
          "private": "eyJlMmJmYjczMC1lY2FhLTExZTYtOGY4OC0zNDM2M2JjN2M0YzAiOnsiY3JlYXRlIjo2MDAwMDAwMDAwMDAsImRlbGV0ZSI6MTIwMDAwMDAwMDAwMH0sInNjaGVtYV92ZXJzaW9uIjoiMSJ9",
          "dependencies": [
            "aws_vpc.vpc_alumno04"
          ]
        }
      ]
    },
    {
      "mode": "managed",
      "type": "aws_subnet",
      "name": "public-web-subnet-1",
      "provider": "provider[\"registry.terraform.io/hashicorp/aws\"]",
      "instances": [
        {
          "schema_version": 1,
          "attributes": {
            "arn": "arn:aws:ec2:us-east-1:340341089363:subnet/subnet-020ba89bdb2826cae",
            "assign_ipv6_address_on_creation": false,
            "availability_zone": "us-east-1a",
            "availability_zone_id": "use1-az1",
            "cidr_block": "10.0.1.0/24",
            "customer_owned_ipv4_pool": "",
            "enable_dns64": false,
            "enable_lni_at_device_index": 0,
            "enable_resource_name_dns_a_record_on_launch": false,
            "enable_resource_name_dns_aaaa_record_on_launch": false,
            "id": "subnet-020ba89bdb2826cae",
            "ipv6_cidr_block": "",
            "ipv6_cidr_block_association_id": "",
            "ipv6_native": false,
            "map_customer_owned_ip_on_launch": false,
            "map_public_ip_on_launch": true,
            "outpost_arn": "",
            "owner_id": "340341089363",
            "private_dns_hostname_type_on_launch": "ip-name",
            "tags": {
              "Name": "Public subnet 1"
            },
            "tags_all": {
              "Name": "Public subnet 1"
            },
            "timeouts": null,
            "vpc_id": "vpc-072525fd6ff35e6b6"
          },
          "sensitive_attributes": [],
          "private": "eyJlMmJmYjczMC1lY2FhLTExZTYtOGY4OC0zNDM2M2JjN2M0YzAiOnsiY3JlYXRlIjo2MDAwMDAwMDAwMDAsImRlbGV0ZSI6MTIwMDAwMDAwMDAwMH0sInNjaGVtYV92ZXJzaW9uIjoiMSJ9",
          "dependencies": [
            "aws_vpc.vpc_alumno04"
          ]
        }
      ]
    },
    {
      "mode": "managed",
      "type": "aws_subnet",
      "name": "public-web-subnet-2",
      "provider": "provider[\"registry.terraform.io/hashicorp/aws\"]",
      "instances": [
        {
          "schema_version": 1,
          "attributes": {
            "arn": "arn:aws:ec2:us-east-1:340341089363:subnet/subnet-017d4573444152c8a",
            "assign_ipv6_address_on_creation": false,
            "availability_zone": "us-east-1b",
            "availability_zone_id": "use1-az2",
            "cidr_block": "10.0.2.0/24",
            "customer_owned_ipv4_pool": "",
            "enable_dns64": false,
            "enable_lni_at_device_index": 0,
            "enable_resource_name_dns_a_record_on_launch": false,
            "enable_resource_name_dns_aaaa_record_on_launch": false,
            "id": "subnet-017d4573444152c8a",
            "ipv6_cidr_block": "",
            "ipv6_cidr_block_association_id": "",
            "ipv6_native": false,
            "map_customer_owned_ip_on_launch": false,
            "map_public_ip_on_launch": true,
            "outpost_arn": "",
            "owner_id": "340341089363",
            "private_dns_hostname_type_on_launch": "ip-name",
            "tags": {
              "Name": "Public subnet 2"
            },
            "tags_all": {
              "Name": "Public subnet 2"
            },
            "timeouts": null,
            "vpc_id": "vpc-072525fd6ff35e6b6"
          },
          "sensitive_attributes": [],
          "private": "eyJlMmJmYjczMC1lY2FhLTExZTYtOGY4OC0zNDM2M2JjN2M0YzAiOnsiY3JlYXRlIjo2MDAwMDAwMDAwMDAsImRlbGV0ZSI6MTIwMDAwMDAwMDAwMH0sInNjaGVtYV92ZXJzaW9uIjoiMSJ9",
          "dependencies": [
            "aws_vpc.vpc_alumno04"
          ]
        }
      ]
    },
    {
      "mode": "managed",
      "type": "aws_vpc",
      "name": "vpc_alumno04",
      "provider": "provider[\"registry.terraform.io/hashicorp/aws\"]",
      "instances": [
        {
          "schema_version": 1,
          "attributes": {
            "arn": "arn:aws:ec2:us-east-1:340341089363:vpc/vpc-072525fd6ff35e6b6",
            "assign_generated_ipv6_cidr_block": false,
            "cidr_block": "10.0.0.0/16",
            "default_network_acl_id": "acl-000588caee55a8e7f",
            "default_route_table_id": "rtb-0b3afe3dd256d46b1",
            "default_security_group_id": "sg-0817eb65aae65bf5e",
            "dhcp_options_id": "dopt-074c31c85c089f9d1",
            "enable_dns_hostnames": false,
            "enable_dns_support": true,
            "enable_network_address_usage_metrics": false,
            "id": "vpc-072525fd6ff35e6b6",
            "instance_tenancy": "default",
            "ipv4_ipam_pool_id": null,
            "ipv4_netmask_length": null,
            "ipv6_association_id": "",
            "ipv6_cidr_block": "",
            "ipv6_cidr_block_network_border_group": "",
            "ipv6_ipam_pool_id": "",
            "ipv6_netmask_length": 0,
            "main_route_table_id": "rtb-0b3afe3dd256d46b1",
            "owner_id": "340341089363",
            "tags": {
              "Name": "central-network"
            },
            "tags_all": {
              "Name": "central-network"
            }
          },
          "sensitive_attributes": [],
          "private": "eyJzY2hlbWFfdmVyc2lvbiI6IjEifQ=="
        }
      ]
    },
    {
      "mode": "managed",
      "type": "aws_wafv2_web_acl",
      "name": "web_acl",
      "provider": "provider[\"registry.terraform.io/hashicorp/aws\"]",
      "instances": [
        {
          "schema_version": 0,
          "attributes": {
            "application_integration_url": "",
            "arn": "arn:aws:wafv2:us-east-1:340341089363:regional/webacl/web-acl/4f275c46-283c-433b-9fed-749c7577977e",
            "association_config": [],
            "capacity": 700,
            "captcha_config": [],
            "challenge_config": [],
            "custom_response_body": [],
            "default_action": [
              {
                "allow": [
                  {
                    "custom_request_handling": []
                  }
                ],
                "block": []
              }
            ],
            "description": "Web ACL to protect the load balancer",
            "id": "4f275c46-283c-433b-9fed-749c7577977e",
            "lock_token": "8ae04ac5-861b-4c10-8b4e-894d3c327240",
            "name": "web-acl",
            "rule": [
              {
                "action": [],
                "captcha_config": [],
                "name": "AWS-AWSManagedRulesCommonRuleSet",
                "override_action": [
                  {
                    "count": [],
                    "none": [
                      {}
                    ]
                  }
                ],
                "priority": 1,
                "rule_label": [],
                "statement": [
                  {
                    "and_statement": [],
                    "byte_match_statement": [],
                    "geo_match_statement": [],
                    "ip_set_reference_statement": [],
                    "label_match_statement": [],
                    "managed_rule_group_statement": [
                      {
                        "managed_rule_group_configs": [],
                        "name": "AWSManagedRulesCommonRuleSet",
                        "rule_action_override": [],
                        "scope_down_statement": [],
                        "vendor_name": "AWS",
                        "version": ""
                      }
                    ],
                    "not_statement": [],
                    "or_statement": [],
                    "rate_based_statement": [],
                    "regex_match_statement": [],
                    "regex_pattern_set_reference_statement": [],
                    "rule_group_reference_statement": [],
                    "size_constraint_statement": [],
                    "sqli_match_statement": [],
                    "xss_match_statement": []
                  }
                ],
                "visibility_config": [
                  {
                    "cloudwatch_metrics_enabled": true,
                    "metric_name": "AWSManagedRulesCommonRuleSet",
                    "sampled_requests_enabled": true
                  }
                ]
              }
            ],
            "rule_json": "",
            "scope": "REGIONAL",
            "tags": {},
            "tags_all": {},
            "token_domains": [],
            "visibility_config": [
              {
                "cloudwatch_metrics_enabled": true,
                "metric_name": "web-acl",
                "sampled_requests_enabled": true
              }
            ]
          },
          "sensitive_attributes": [],
          "private": "bnVsbA=="
        }
      ]
    },
    {
      "mode": "managed",
      "type": "aws_wafv2_web_acl_association",
      "name": "web_acl_association",
      "provider": "provider[\"registry.terraform.io/hashicorp/aws\"]",
      "instances": [
        {
          "schema_version": 0,
          "attributes": {
            "id": "arn:aws:wafv2:us-east-1:340341089363:regional/webacl/web-acl/4f275c46-283c-433b-9fed-749c7577977e,arn:aws:elasticloadbalancing:us-east-1:340341089363:loadbalancer/app/web-external-load-balancer/28a561c06fc3950a",
            "resource_arn": "arn:aws:elasticloadbalancing:us-east-1:340341089363:loadbalancer/app/web-external-load-balancer/28a561c06fc3950a",
            "timeouts": null,
            "web_acl_arn": "arn:aws:wafv2:us-east-1:340341089363:regional/webacl/web-acl/4f275c46-283c-433b-9fed-749c7577977e"
          },
          "sensitive_attributes": [],
          "private": "eyJlMmJmYjczMC1lY2FhLTExZTYtOGY4OC0zNDM2M2JjN2M0YzAiOnsiY3JlYXRlIjo2MDAwMDAwMDAwMDB9fQ==",
          "dependencies": [
            "aws_lb.application-load-balancer",
            "aws_security_group.alb-security-group",
            "aws_subnet.public-web-subnet-1",
            "aws_subnet.public-web-subnet-2",
            "aws_vpc.vpc_alumno04",
            "aws_wafv2_web_acl.web_acl"
          ]
        }
      ]
    },
    {
      "mode": "managed",
      "type": "null_resource",
      "name": "check_orcreate_key_file",
      "provider": "provider[\"registry.terraform.io/hashicorp/null\"]",
      "instances": [
        {
          "schema_version": 0,
          "attributes": {
            "id": "8829365752537134627",
            "triggers": null
          },
          "sensitive_attributes": []
        }
      ]
    },
    {
      "mode": "managed",
      "type": "null_resource",
      "name": "read_public_key",
      "provider": "provider[\"registry.terraform.io/hashicorp/null\"]",
      "instances": [
        {
          "schema_version": 0,
          "attributes": {
            "id": "4030581119675992313",
            "triggers": null
          },
          "sensitive_attributes": [],
          "dependencies": [
            "null_resource.check_orcreate_key_file"
          ]
        }
      ]
    },
    {
      "mode": "managed",
      "type": "random_pet",
      "name": "app",
      "provider": "provider[\"registry.terraform.io/hashicorp/random\"]",
      "instances": [
        {
          "schema_version": 0,
          "attributes": {
            "id": "moral-insect",
            "keepers": null,
            "length": 2,
            "prefix": null,
            "separator": "-"
          },
          "sensitive_attributes": []
        }
      ]
    }
  ],
  "check_results": null
}
